{
  "version": 4,
  "terraform_version": "1.13.5",
  "serial": 456,
  "lineage": "9a1a5ede-3859-32cc-97e3-cafc78438ae8",
  "outputs": {
    "alb_dns_name": {
      "value": "",
      "type": "string"
    },
    "driverdb_address": {
      "value": "",
      "type": "string"
    },
    "namespace_domain": {
      "value": "local",
      "type": "string"
    },
    "rabbitmq_amqp": {
      "value": "",
      "type": "string"
    },
    "rabbitmq_console": {
      "value": "",
      "type": "string"
    },
    "redis_endpoint": {
      "value": "",
      "type": "string"
    },
    "tripdb_address": {
      "value": "",
      "type": "string"
    },
    "userdb_address": {
      "value": "",
      "type": "string"
    }
  },
  "resources": [
    {
      "mode": "data",
      "type": "aws_availability_zones",
      "name": "available",
      "provider": "provider[\"registry.terraform.io/hashicorp/aws\"]",
      "instances": [
        {
          "schema_version": 0,
          "attributes": {
            "all_availability_zones": null,
            "exclude_names": null,
            "exclude_zone_ids": null,
            "filter": null,
            "group_names": [
              "ap-southeast-1-zg-1"
            ],
            "id": "ap-southeast-1",
            "names": [
              "ap-southeast-1a",
              "ap-southeast-1b",
              "ap-southeast-1c"
            ],
            "state": null,
            "timeouts": null,
            "zone_ids": [
              "apse1-az2",
              "apse1-az1",
              "apse1-az3"
            ]
          },
          "sensitive_attributes": [],
          "identity_schema_version": 0
        }
      ]
    },
    {
      "mode": "data",
      "type": "aws_iam_policy_document",
      "name": "ecs_tasks_assume",
      "provider": "provider[\"registry.terraform.io/hashicorp/aws\"]",
      "instances": [
        {
          "schema_version": 0,
          "attributes": {
            "id": "1077804475",
            "json": "{\n  \"Version\": \"2012-10-17\",\n  \"Statement\": [\n    {\n      \"Effect\": \"Allow\",\n      \"Action\": \"sts:AssumeRole\",\n      \"Principal\": {\n        \"Service\": \"ecs-tasks.amazonaws.com\"\n      }\n    }\n  ]\n}",
            "minified_json": "{\"Version\":\"2012-10-17\",\"Statement\":[{\"Effect\":\"Allow\",\"Action\":\"sts:AssumeRole\",\"Principal\":{\"Service\":\"ecs-tasks.amazonaws.com\"}}]}",
            "override_json": null,
            "override_policy_documents": null,
            "policy_id": null,
            "source_json": null,
            "source_policy_documents": null,
            "statement": [
              {
                "actions": [
                  "sts:AssumeRole"
                ],
                "condition": [],
                "effect": "Allow",
                "not_actions": [],
                "not_principals": [],
                "not_resources": [],
                "principals": [
                  {
                    "identifiers": [
                      "ecs-tasks.amazonaws.com"
                    ],
                    "type": "Service"
                  }
                ],
                "resources": [],
                "sid": ""
              }
            ],
            "version": "2012-10-17"
          },
          "sensitive_attributes": [],
          "identity_schema_version": 0
        }
      ]
    },
    {
      "mode": "managed",
      "type": "aws_appautoscaling_policy",
      "name": "ecs_cpu",
      "provider": "provider[\"registry.terraform.io/hashicorp/aws\"]",
      "instances": [
        {
          "index_key": "api-gateway",
          "schema_version": 0,
          "attributes": {
            "alarm_arns": [
              "arn:aws:cloudwatch:ap-southeast-1:851725589148:alarm:TargetTracking-service/uit-go-dev-ecs/uit-go-dev-api-gateway-AlarmHigh-0dccb71c-b3c3-4547-a19e-fef95fd1fc65",
              "arn:aws:cloudwatch:ap-southeast-1:851725589148:alarm:TargetTracking-service/uit-go-dev-ecs/uit-go-dev-api-gateway-AlarmLow-6b07ac8a-a6ca-4032-90d6-2e2d4c0bd5de"
            ],
            "arn": "arn:aws:autoscaling:ap-southeast-1:851725589148:scalingPolicy:c78ee01b-1ce9-4a01-a459-c975348a7be2:resource/ecs/service/uit-go-dev-ecs/uit-go-dev-api-gateway:policyName/api-gateway-cpu-scaling",
            "id": "api-gateway-cpu-scaling",
            "name": "api-gateway-cpu-scaling",
            "policy_type": "TargetTrackingScaling",
            "resource_id": "service/uit-go-dev-ecs/uit-go-dev-api-gateway",
            "scalable_dimension": "ecs:service:DesiredCount",
            "service_namespace": "ecs",
            "step_scaling_policy_configuration": [],
            "target_tracking_scaling_policy_configuration": [
              {
                "customized_metric_specification": [],
                "disable_scale_in": false,
                "predefined_metric_specification": [
                  {
                    "predefined_metric_type": "ECSServiceAverageCPUUtilization",
                    "resource_label": ""
                  }
                ],
                "scale_in_cooldown": 60,
                "scale_out_cooldown": 60,
                "target_value": 70
              }
            ]
          },
          "sensitive_attributes": [],
          "identity_schema_version": 0,
          "private": "bnVsbA==",
          "dependencies": [
            "aws_appautoscaling_target.ecs_service",
            "aws_cloudwatch_log_group.svc",
            "aws_ecs_service.svc",
            "aws_ecs_task_definition.td",
            "aws_elasticache_replication_group.redis",
            "aws_elasticache_subnet_group.redis",
            "aws_iam_role.task_exec",
            "aws_lb_target_group.api",
            "aws_mq_broker.rabbit",
            "aws_security_group.alb",
            "aws_security_group.db",
            "aws_security_group.ecs_tasks",
            "aws_security_group.mq",
            "aws_security_group.redis",
            "aws_service_discovery_private_dns_namespace.ns",
            "aws_service_discovery_service.sd",
            "data.aws_availability_zones.available",
            "data.aws_iam_policy_document.ecs_tasks_assume",
            "module.ecs.module.cluster.aws_cloudwatch_log_group.this",
            "module.ecs.module.cluster.aws_ecs_cluster.this",
            "module.rds_driver.module.db_instance.aws_cloudwatch_log_group.this",
            "module.rds_driver.module.db_instance.aws_db_instance.this",
            "module.rds_driver.module.db_instance.aws_iam_role.enhanced_monitoring",
            "module.rds_driver.module.db_instance.aws_iam_role_policy_attachment.enhanced_monitoring",
            "module.rds_driver.module.db_instance.aws_secretsmanager_secret_rotation.this",
            "module.rds_driver.module.db_instance.data.aws_iam_policy_document.enhanced_monitoring",
            "module.rds_driver.module.db_instance.data.aws_partition.current",
            "module.rds_driver.module.db_instance.random_id.snapshot_identifier",
            "module.rds_driver.module.db_instance_role_association.aws_db_instance_role_association.this",
            "module.rds_driver.module.db_option_group.aws_db_option_group.this",
            "module.rds_driver.module.db_parameter_group.aws_db_parameter_group.this",
            "module.rds_driver.module.db_subnet_group.aws_db_subnet_group.this",
            "module.rds_trip.module.db_instance.aws_cloudwatch_log_group.this",
            "module.rds_trip.module.db_instance.aws_db_instance.this",
            "module.rds_trip.module.db_instance.aws_iam_role.enhanced_monitoring",
            "module.rds_trip.module.db_instance.aws_iam_role_policy_attachment.enhanced_monitoring",
            "module.rds_trip.module.db_instance.aws_secretsmanager_secret_rotation.this",
            "module.rds_trip.module.db_instance.data.aws_iam_policy_document.enhanced_monitoring",
            "module.rds_trip.module.db_instance.data.aws_partition.current",
            "module.rds_trip.module.db_instance.random_id.snapshot_identifier",
            "module.rds_trip.module.db_instance_role_association.aws_db_instance_role_association.this",
            "module.rds_trip.module.db_option_group.aws_db_option_group.this",
            "module.rds_trip.module.db_parameter_group.aws_db_parameter_group.this",
            "module.rds_trip.module.db_subnet_group.aws_db_subnet_group.this",
            "module.rds_user.module.db_instance.aws_cloudwatch_log_group.this",
            "module.rds_user.module.db_instance.aws_db_instance.this",
            "module.rds_user.module.db_instance.aws_iam_role.enhanced_monitoring",
            "module.rds_user.module.db_instance.aws_iam_role_policy_attachment.enhanced_monitoring",
            "module.rds_user.module.db_instance.aws_secretsmanager_secret_rotation.this",
            "module.rds_user.module.db_instance.data.aws_iam_policy_document.enhanced_monitoring",
            "module.rds_user.module.db_instance.data.aws_partition.current",
            "module.rds_user.module.db_instance.random_id.snapshot_identifier",
            "module.rds_user.module.db_instance_role_association.aws_db_instance_role_association.this",
            "module.rds_user.module.db_option_group.aws_db_option_group.this",
            "module.rds_user.module.db_parameter_group.aws_db_parameter_group.this",
            "module.rds_user.module.db_subnet_group.aws_db_subnet_group.this",
            "module.vpc.aws_subnet.private",
            "module.vpc.aws_vpc.this",
            "module.vpc.aws_vpc_ipv4_cidr_block_association.this",
            "random_password.db",
            "random_password.mq"
          ]
        },
        {
          "index_key": "auth-service",
          "schema_version": 0,
          "attributes": {
            "alarm_arns": [
              "arn:aws:cloudwatch:ap-southeast-1:851725589148:alarm:TargetTracking-service/uit-go-dev-ecs/uit-go-dev-auth-service-AlarmHigh-79fd536e-5cdc-4c0a-b49e-f91d124a8b06",
              "arn:aws:cloudwatch:ap-southeast-1:851725589148:alarm:TargetTracking-service/uit-go-dev-ecs/uit-go-dev-auth-service-AlarmLow-cd59a682-e7df-4071-83e6-7f197d8a2d48"
            ],
            "arn": "arn:aws:autoscaling:ap-southeast-1:851725589148:scalingPolicy:027cf240-3c41-4a0b-b46d-ed6065bb47a0:resource/ecs/service/uit-go-dev-ecs/uit-go-dev-auth-service:policyName/auth-service-cpu-scaling",
            "id": "auth-service-cpu-scaling",
            "name": "auth-service-cpu-scaling",
            "policy_type": "TargetTrackingScaling",
            "resource_id": "service/uit-go-dev-ecs/uit-go-dev-auth-service",
            "scalable_dimension": "ecs:service:DesiredCount",
            "service_namespace": "ecs",
            "step_scaling_policy_configuration": [],
            "target_tracking_scaling_policy_configuration": [
              {
                "customized_metric_specification": [],
                "disable_scale_in": false,
                "predefined_metric_specification": [
                  {
                    "predefined_metric_type": "ECSServiceAverageCPUUtilization",
                    "resource_label": ""
                  }
                ],
                "scale_in_cooldown": 60,
                "scale_out_cooldown": 60,
                "target_value": 70
              }
            ]
          },
          "sensitive_attributes": [],
          "identity_schema_version": 0,
          "private": "bnVsbA==",
          "dependencies": [
            "aws_appautoscaling_target.ecs_service",
            "aws_cloudwatch_log_group.svc",
            "aws_ecs_service.svc",
            "aws_ecs_task_definition.td",
            "aws_elasticache_replication_group.redis",
            "aws_elasticache_subnet_group.redis",
            "aws_iam_role.task_exec",
            "aws_lb_target_group.api",
            "aws_mq_broker.rabbit",
            "aws_security_group.alb",
            "aws_security_group.db",
            "aws_security_group.ecs_tasks",
            "aws_security_group.mq",
            "aws_security_group.redis",
            "aws_service_discovery_private_dns_namespace.ns",
            "aws_service_discovery_service.sd",
            "data.aws_availability_zones.available",
            "data.aws_iam_policy_document.ecs_tasks_assume",
            "module.ecs.module.cluster.aws_cloudwatch_log_group.this",
            "module.ecs.module.cluster.aws_ecs_cluster.this",
            "module.rds_driver.module.db_instance.aws_cloudwatch_log_group.this",
            "module.rds_driver.module.db_instance.aws_db_instance.this",
            "module.rds_driver.module.db_instance.aws_iam_role.enhanced_monitoring",
            "module.rds_driver.module.db_instance.aws_iam_role_policy_attachment.enhanced_monitoring",
            "module.rds_driver.module.db_instance.aws_secretsmanager_secret_rotation.this",
            "module.rds_driver.module.db_instance.data.aws_iam_policy_document.enhanced_monitoring",
            "module.rds_driver.module.db_instance.data.aws_partition.current",
            "module.rds_driver.module.db_instance.random_id.snapshot_identifier",
            "module.rds_driver.module.db_instance_role_association.aws_db_instance_role_association.this",
            "module.rds_driver.module.db_option_group.aws_db_option_group.this",
            "module.rds_driver.module.db_parameter_group.aws_db_parameter_group.this",
            "module.rds_driver.module.db_subnet_group.aws_db_subnet_group.this",
            "module.rds_trip.module.db_instance.aws_cloudwatch_log_group.this",
            "module.rds_trip.module.db_instance.aws_db_instance.this",
            "module.rds_trip.module.db_instance.aws_iam_role.enhanced_monitoring",
            "module.rds_trip.module.db_instance.aws_iam_role_policy_attachment.enhanced_monitoring",
            "module.rds_trip.module.db_instance.aws_secretsmanager_secret_rotation.this",
            "module.rds_trip.module.db_instance.data.aws_iam_policy_document.enhanced_monitoring",
            "module.rds_trip.module.db_instance.data.aws_partition.current",
            "module.rds_trip.module.db_instance.random_id.snapshot_identifier",
            "module.rds_trip.module.db_instance_role_association.aws_db_instance_role_association.this",
            "module.rds_trip.module.db_option_group.aws_db_option_group.this",
            "module.rds_trip.module.db_parameter_group.aws_db_parameter_group.this",
            "module.rds_trip.module.db_subnet_group.aws_db_subnet_group.this",
            "module.rds_user.module.db_instance.aws_cloudwatch_log_group.this",
            "module.rds_user.module.db_instance.aws_db_instance.this",
            "module.rds_user.module.db_instance.aws_iam_role.enhanced_monitoring",
            "module.rds_user.module.db_instance.aws_iam_role_policy_attachment.enhanced_monitoring",
            "module.rds_user.module.db_instance.aws_secretsmanager_secret_rotation.this",
            "module.rds_user.module.db_instance.data.aws_iam_policy_document.enhanced_monitoring",
            "module.rds_user.module.db_instance.data.aws_partition.current",
            "module.rds_user.module.db_instance.random_id.snapshot_identifier",
            "module.rds_user.module.db_instance_role_association.aws_db_instance_role_association.this",
            "module.rds_user.module.db_option_group.aws_db_option_group.this",
            "module.rds_user.module.db_parameter_group.aws_db_parameter_group.this",
            "module.rds_user.module.db_subnet_group.aws_db_subnet_group.this",
            "module.vpc.aws_subnet.private",
            "module.vpc.aws_vpc.this",
            "module.vpc.aws_vpc_ipv4_cidr_block_association.this",
            "random_password.db",
            "random_password.mq"
          ]
        },
        {
          "index_key": "driver-service",
          "schema_version": 0,
          "attributes": {
            "alarm_arns": [
              "arn:aws:cloudwatch:ap-southeast-1:851725589148:alarm:TargetTracking-service/uit-go-dev-ecs/uit-go-dev-driver-service-AlarmHigh-151630a9-d1c3-4f57-9568-eea4ebb3c394",
              "arn:aws:cloudwatch:ap-southeast-1:851725589148:alarm:TargetTracking-service/uit-go-dev-ecs/uit-go-dev-driver-service-AlarmLow-397d470c-6d2f-488c-b823-0e980699ba3d"
            ],
            "arn": "arn:aws:autoscaling:ap-southeast-1:851725589148:scalingPolicy:16ec1001-f766-4b5f-998c-fcce830abf5c:resource/ecs/service/uit-go-dev-ecs/uit-go-dev-driver-service:policyName/driver-service-cpu-scaling",
            "id": "driver-service-cpu-scaling",
            "name": "driver-service-cpu-scaling",
            "policy_type": "TargetTrackingScaling",
            "resource_id": "service/uit-go-dev-ecs/uit-go-dev-driver-service",
            "scalable_dimension": "ecs:service:DesiredCount",
            "service_namespace": "ecs",
            "step_scaling_policy_configuration": [],
            "target_tracking_scaling_policy_configuration": [
              {
                "customized_metric_specification": [],
                "disable_scale_in": false,
                "predefined_metric_specification": [
                  {
                    "predefined_metric_type": "ECSServiceAverageCPUUtilization",
                    "resource_label": ""
                  }
                ],
                "scale_in_cooldown": 60,
                "scale_out_cooldown": 60,
                "target_value": 70
              }
            ]
          },
          "sensitive_attributes": [],
          "identity_schema_version": 0,
          "private": "bnVsbA==",
          "dependencies": [
            "aws_appautoscaling_target.ecs_service",
            "aws_cloudwatch_log_group.svc",
            "aws_ecs_service.svc",
            "aws_ecs_task_definition.td",
            "aws_elasticache_replication_group.redis",
            "aws_elasticache_subnet_group.redis",
            "aws_iam_role.task_exec",
            "aws_lb_target_group.api",
            "aws_mq_broker.rabbit",
            "aws_security_group.alb",
            "aws_security_group.db",
            "aws_security_group.ecs_tasks",
            "aws_security_group.mq",
            "aws_security_group.redis",
            "aws_service_discovery_private_dns_namespace.ns",
            "aws_service_discovery_service.sd",
            "data.aws_availability_zones.available",
            "data.aws_iam_policy_document.ecs_tasks_assume",
            "module.ecs.module.cluster.aws_cloudwatch_log_group.this",
            "module.ecs.module.cluster.aws_ecs_cluster.this",
            "module.rds_driver.module.db_instance.aws_cloudwatch_log_group.this",
            "module.rds_driver.module.db_instance.aws_db_instance.this",
            "module.rds_driver.module.db_instance.aws_iam_role.enhanced_monitoring",
            "module.rds_driver.module.db_instance.aws_iam_role_policy_attachment.enhanced_monitoring",
            "module.rds_driver.module.db_instance.aws_secretsmanager_secret_rotation.this",
            "module.rds_driver.module.db_instance.data.aws_iam_policy_document.enhanced_monitoring",
            "module.rds_driver.module.db_instance.data.aws_partition.current",
            "module.rds_driver.module.db_instance.random_id.snapshot_identifier",
            "module.rds_driver.module.db_instance_role_association.aws_db_instance_role_association.this",
            "module.rds_driver.module.db_option_group.aws_db_option_group.this",
            "module.rds_driver.module.db_parameter_group.aws_db_parameter_group.this",
            "module.rds_driver.module.db_subnet_group.aws_db_subnet_group.this",
            "module.rds_trip.module.db_instance.aws_cloudwatch_log_group.this",
            "module.rds_trip.module.db_instance.aws_db_instance.this",
            "module.rds_trip.module.db_instance.aws_iam_role.enhanced_monitoring",
            "module.rds_trip.module.db_instance.aws_iam_role_policy_attachment.enhanced_monitoring",
            "module.rds_trip.module.db_instance.aws_secretsmanager_secret_rotation.this",
            "module.rds_trip.module.db_instance.data.aws_iam_policy_document.enhanced_monitoring",
            "module.rds_trip.module.db_instance.data.aws_partition.current",
            "module.rds_trip.module.db_instance.random_id.snapshot_identifier",
            "module.rds_trip.module.db_instance_role_association.aws_db_instance_role_association.this",
            "module.rds_trip.module.db_option_group.aws_db_option_group.this",
            "module.rds_trip.module.db_parameter_group.aws_db_parameter_group.this",
            "module.rds_trip.module.db_subnet_group.aws_db_subnet_group.this",
            "module.rds_user.module.db_instance.aws_cloudwatch_log_group.this",
            "module.rds_user.module.db_instance.aws_db_instance.this",
            "module.rds_user.module.db_instance.aws_iam_role.enhanced_monitoring",
            "module.rds_user.module.db_instance.aws_iam_role_policy_attachment.enhanced_monitoring",
            "module.rds_user.module.db_instance.aws_secretsmanager_secret_rotation.this",
            "module.rds_user.module.db_instance.data.aws_iam_policy_document.enhanced_monitoring",
            "module.rds_user.module.db_instance.data.aws_partition.current",
            "module.rds_user.module.db_instance.random_id.snapshot_identifier",
            "module.rds_user.module.db_instance_role_association.aws_db_instance_role_association.this",
            "module.rds_user.module.db_option_group.aws_db_option_group.this",
            "module.rds_user.module.db_parameter_group.aws_db_parameter_group.this",
            "module.rds_user.module.db_subnet_group.aws_db_subnet_group.this",
            "module.vpc.aws_subnet.private",
            "module.vpc.aws_vpc.this",
            "module.vpc.aws_vpc_ipv4_cidr_block_association.this",
            "random_password.db",
            "random_password.mq"
          ]
        },
        {
          "index_key": "notification-service",
          "schema_version": 0,
          "attributes": {
            "alarm_arns": [
              "arn:aws:cloudwatch:ap-southeast-1:851725589148:alarm:TargetTracking-service/uit-go-dev-ecs/uit-go-dev-notification-service-AlarmHigh-d9868e14-a12c-460a-8b91-10601fc49e33",
              "arn:aws:cloudwatch:ap-southeast-1:851725589148:alarm:TargetTracking-service/uit-go-dev-ecs/uit-go-dev-notification-service-AlarmLow-8a9467ef-6293-4e88-9b11-4ab55be6f4a9"
            ],
            "arn": "arn:aws:autoscaling:ap-southeast-1:851725589148:scalingPolicy:23f3b69b-6d55-4545-9c9f-70a46c6ff0cc:resource/ecs/service/uit-go-dev-ecs/uit-go-dev-notification-service:policyName/notification-service-cpu-scaling",
            "id": "notification-service-cpu-scaling",
            "name": "notification-service-cpu-scaling",
            "policy_type": "TargetTrackingScaling",
            "resource_id": "service/uit-go-dev-ecs/uit-go-dev-notification-service",
            "scalable_dimension": "ecs:service:DesiredCount",
            "service_namespace": "ecs",
            "step_scaling_policy_configuration": [],
            "target_tracking_scaling_policy_configuration": [
              {
                "customized_metric_specification": [],
                "disable_scale_in": false,
                "predefined_metric_specification": [
                  {
                    "predefined_metric_type": "ECSServiceAverageCPUUtilization",
                    "resource_label": ""
                  }
                ],
                "scale_in_cooldown": 60,
                "scale_out_cooldown": 60,
                "target_value": 70
              }
            ]
          },
          "sensitive_attributes": [],
          "identity_schema_version": 0,
          "private": "bnVsbA==",
          "dependencies": [
            "aws_appautoscaling_target.ecs_service",
            "aws_cloudwatch_log_group.svc",
            "aws_ecs_service.svc",
            "aws_ecs_task_definition.td",
            "aws_elasticache_replication_group.redis",
            "aws_elasticache_subnet_group.redis",
            "aws_iam_role.task_exec",
            "aws_lb_target_group.api",
            "aws_mq_broker.rabbit",
            "aws_security_group.alb",
            "aws_security_group.db",
            "aws_security_group.ecs_tasks",
            "aws_security_group.mq",
            "aws_security_group.redis",
            "aws_service_discovery_private_dns_namespace.ns",
            "aws_service_discovery_service.sd",
            "data.aws_availability_zones.available",
            "data.aws_iam_policy_document.ecs_tasks_assume",
            "module.ecs.module.cluster.aws_cloudwatch_log_group.this",
            "module.ecs.module.cluster.aws_ecs_cluster.this",
            "module.rds_driver.module.db_instance.aws_cloudwatch_log_group.this",
            "module.rds_driver.module.db_instance.aws_db_instance.this",
            "module.rds_driver.module.db_instance.aws_iam_role.enhanced_monitoring",
            "module.rds_driver.module.db_instance.aws_iam_role_policy_attachment.enhanced_monitoring",
            "module.rds_driver.module.db_instance.aws_secretsmanager_secret_rotation.this",
            "module.rds_driver.module.db_instance.data.aws_iam_policy_document.enhanced_monitoring",
            "module.rds_driver.module.db_instance.data.aws_partition.current",
            "module.rds_driver.module.db_instance.random_id.snapshot_identifier",
            "module.rds_driver.module.db_instance_role_association.aws_db_instance_role_association.this",
            "module.rds_driver.module.db_option_group.aws_db_option_group.this",
            "module.rds_driver.module.db_parameter_group.aws_db_parameter_group.this",
            "module.rds_driver.module.db_subnet_group.aws_db_subnet_group.this",
            "module.rds_trip.module.db_instance.aws_cloudwatch_log_group.this",
            "module.rds_trip.module.db_instance.aws_db_instance.this",
            "module.rds_trip.module.db_instance.aws_iam_role.enhanced_monitoring",
            "module.rds_trip.module.db_instance.aws_iam_role_policy_attachment.enhanced_monitoring",
            "module.rds_trip.module.db_instance.aws_secretsmanager_secret_rotation.this",
            "module.rds_trip.module.db_instance.data.aws_iam_policy_document.enhanced_monitoring",
            "module.rds_trip.module.db_instance.data.aws_partition.current",
            "module.rds_trip.module.db_instance.random_id.snapshot_identifier",
            "module.rds_trip.module.db_instance_role_association.aws_db_instance_role_association.this",
            "module.rds_trip.module.db_option_group.aws_db_option_group.this",
            "module.rds_trip.module.db_parameter_group.aws_db_parameter_group.this",
            "module.rds_trip.module.db_subnet_group.aws_db_subnet_group.this",
            "module.rds_user.module.db_instance.aws_cloudwatch_log_group.this",
            "module.rds_user.module.db_instance.aws_db_instance.this",
            "module.rds_user.module.db_instance.aws_iam_role.enhanced_monitoring",
            "module.rds_user.module.db_instance.aws_iam_role_policy_attachment.enhanced_monitoring",
            "module.rds_user.module.db_instance.aws_secretsmanager_secret_rotation.this",
            "module.rds_user.module.db_instance.data.aws_iam_policy_document.enhanced_monitoring",
            "module.rds_user.module.db_instance.data.aws_partition.current",
            "module.rds_user.module.db_instance.random_id.snapshot_identifier",
            "module.rds_user.module.db_instance_role_association.aws_db_instance_role_association.this",
            "module.rds_user.module.db_option_group.aws_db_option_group.this",
            "module.rds_user.module.db_parameter_group.aws_db_parameter_group.this",
            "module.rds_user.module.db_subnet_group.aws_db_subnet_group.this",
            "module.vpc.aws_subnet.private",
            "module.vpc.aws_vpc.this",
            "module.vpc.aws_vpc_ipv4_cidr_block_association.this",
            "random_password.db",
            "random_password.mq"
          ]
        },
        {
          "index_key": "trip-service",
          "schema_version": 0,
          "attributes": {
            "alarm_arns": [
              "arn:aws:cloudwatch:ap-southeast-1:851725589148:alarm:TargetTracking-service/uit-go-dev-ecs/uit-go-dev-trip-service-AlarmHigh-236d0655-cc25-4223-b997-714826365dbd",
              "arn:aws:cloudwatch:ap-southeast-1:851725589148:alarm:TargetTracking-service/uit-go-dev-ecs/uit-go-dev-trip-service-AlarmLow-47129ee6-4d9d-462f-9ea5-a27c49941231"
            ],
            "arn": "arn:aws:autoscaling:ap-southeast-1:851725589148:scalingPolicy:6aeb5df2-cb2d-452b-9154-4e429962179b:resource/ecs/service/uit-go-dev-ecs/uit-go-dev-trip-service:policyName/trip-service-cpu-scaling",
            "id": "trip-service-cpu-scaling",
            "name": "trip-service-cpu-scaling",
            "policy_type": "TargetTrackingScaling",
            "resource_id": "service/uit-go-dev-ecs/uit-go-dev-trip-service",
            "scalable_dimension": "ecs:service:DesiredCount",
            "service_namespace": "ecs",
            "step_scaling_policy_configuration": [],
            "target_tracking_scaling_policy_configuration": [
              {
                "customized_metric_specification": [],
                "disable_scale_in": false,
                "predefined_metric_specification": [
                  {
                    "predefined_metric_type": "ECSServiceAverageCPUUtilization",
                    "resource_label": ""
                  }
                ],
                "scale_in_cooldown": 60,
                "scale_out_cooldown": 60,
                "target_value": 70
              }
            ]
          },
          "sensitive_attributes": [],
          "identity_schema_version": 0,
          "private": "bnVsbA==",
          "dependencies": [
            "aws_appautoscaling_target.ecs_service",
            "aws_cloudwatch_log_group.svc",
            "aws_ecs_service.svc",
            "aws_ecs_task_definition.td",
            "aws_elasticache_replication_group.redis",
            "aws_elasticache_subnet_group.redis",
            "aws_iam_role.task_exec",
            "aws_lb_target_group.api",
            "aws_mq_broker.rabbit",
            "aws_security_group.alb",
            "aws_security_group.db",
            "aws_security_group.ecs_tasks",
            "aws_security_group.mq",
            "aws_security_group.redis",
            "aws_service_discovery_private_dns_namespace.ns",
            "aws_service_discovery_service.sd",
            "data.aws_availability_zones.available",
            "data.aws_iam_policy_document.ecs_tasks_assume",
            "module.ecs.module.cluster.aws_cloudwatch_log_group.this",
            "module.ecs.module.cluster.aws_ecs_cluster.this",
            "module.rds_driver.module.db_instance.aws_cloudwatch_log_group.this",
            "module.rds_driver.module.db_instance.aws_db_instance.this",
            "module.rds_driver.module.db_instance.aws_iam_role.enhanced_monitoring",
            "module.rds_driver.module.db_instance.aws_iam_role_policy_attachment.enhanced_monitoring",
            "module.rds_driver.module.db_instance.aws_secretsmanager_secret_rotation.this",
            "module.rds_driver.module.db_instance.data.aws_iam_policy_document.enhanced_monitoring",
            "module.rds_driver.module.db_instance.data.aws_partition.current",
            "module.rds_driver.module.db_instance.random_id.snapshot_identifier",
            "module.rds_driver.module.db_instance_role_association.aws_db_instance_role_association.this",
            "module.rds_driver.module.db_option_group.aws_db_option_group.this",
            "module.rds_driver.module.db_parameter_group.aws_db_parameter_group.this",
            "module.rds_driver.module.db_subnet_group.aws_db_subnet_group.this",
            "module.rds_trip.module.db_instance.aws_cloudwatch_log_group.this",
            "module.rds_trip.module.db_instance.aws_db_instance.this",
            "module.rds_trip.module.db_instance.aws_iam_role.enhanced_monitoring",
            "module.rds_trip.module.db_instance.aws_iam_role_policy_attachment.enhanced_monitoring",
            "module.rds_trip.module.db_instance.aws_secretsmanager_secret_rotation.this",
            "module.rds_trip.module.db_instance.data.aws_iam_policy_document.enhanced_monitoring",
            "module.rds_trip.module.db_instance.data.aws_partition.current",
            "module.rds_trip.module.db_instance.random_id.snapshot_identifier",
            "module.rds_trip.module.db_instance_role_association.aws_db_instance_role_association.this",
            "module.rds_trip.module.db_option_group.aws_db_option_group.this",
            "module.rds_trip.module.db_parameter_group.aws_db_parameter_group.this",
            "module.rds_trip.module.db_subnet_group.aws_db_subnet_group.this",
            "module.rds_user.module.db_instance.aws_cloudwatch_log_group.this",
            "module.rds_user.module.db_instance.aws_db_instance.this",
            "module.rds_user.module.db_instance.aws_iam_role.enhanced_monitoring",
            "module.rds_user.module.db_instance.aws_iam_role_policy_attachment.enhanced_monitoring",
            "module.rds_user.module.db_instance.aws_secretsmanager_secret_rotation.this",
            "module.rds_user.module.db_instance.data.aws_iam_policy_document.enhanced_monitoring",
            "module.rds_user.module.db_instance.data.aws_partition.current",
            "module.rds_user.module.db_instance.random_id.snapshot_identifier",
            "module.rds_user.module.db_instance_role_association.aws_db_instance_role_association.this",
            "module.rds_user.module.db_option_group.aws_db_option_group.this",
            "module.rds_user.module.db_parameter_group.aws_db_parameter_group.this",
            "module.rds_user.module.db_subnet_group.aws_db_subnet_group.this",
            "module.vpc.aws_subnet.private",
            "module.vpc.aws_vpc.this",
            "module.vpc.aws_vpc_ipv4_cidr_block_association.this",
            "random_password.db",
            "random_password.mq"
          ]
        },
        {
          "index_key": "user-service",
          "schema_version": 0,
          "attributes": {
            "alarm_arns": [
              "arn:aws:cloudwatch:ap-southeast-1:851725589148:alarm:TargetTracking-service/uit-go-dev-ecs/uit-go-dev-user-service-AlarmHigh-9fdd6fe4-6d5d-41ef-a3bc-53210e195b54",
              "arn:aws:cloudwatch:ap-southeast-1:851725589148:alarm:TargetTracking-service/uit-go-dev-ecs/uit-go-dev-user-service-AlarmLow-4d2131b9-cfd8-43e9-aff0-3efb79ea4d12"
            ],
            "arn": "arn:aws:autoscaling:ap-southeast-1:851725589148:scalingPolicy:bae7e3c8-f580-4514-b97a-6c371b05398e:resource/ecs/service/uit-go-dev-ecs/uit-go-dev-user-service:policyName/user-service-cpu-scaling",
            "id": "user-service-cpu-scaling",
            "name": "user-service-cpu-scaling",
            "policy_type": "TargetTrackingScaling",
            "resource_id": "service/uit-go-dev-ecs/uit-go-dev-user-service",
            "scalable_dimension": "ecs:service:DesiredCount",
            "service_namespace": "ecs",
            "step_scaling_policy_configuration": [],
            "target_tracking_scaling_policy_configuration": [
              {
                "customized_metric_specification": [],
                "disable_scale_in": false,
                "predefined_metric_specification": [
                  {
                    "predefined_metric_type": "ECSServiceAverageCPUUtilization",
                    "resource_label": ""
                  }
                ],
                "scale_in_cooldown": 60,
                "scale_out_cooldown": 60,
                "target_value": 70
              }
            ]
          },
          "sensitive_attributes": [],
          "identity_schema_version": 0,
          "private": "bnVsbA==",
          "dependencies": [
            "aws_appautoscaling_target.ecs_service",
            "aws_cloudwatch_log_group.svc",
            "aws_ecs_service.svc",
            "aws_ecs_task_definition.td",
            "aws_elasticache_replication_group.redis",
            "aws_elasticache_subnet_group.redis",
            "aws_iam_role.task_exec",
            "aws_lb_target_group.api",
            "aws_mq_broker.rabbit",
            "aws_security_group.alb",
            "aws_security_group.db",
            "aws_security_group.ecs_tasks",
            "aws_security_group.mq",
            "aws_security_group.redis",
            "aws_service_discovery_private_dns_namespace.ns",
            "aws_service_discovery_service.sd",
            "data.aws_availability_zones.available",
            "data.aws_iam_policy_document.ecs_tasks_assume",
            "module.ecs.module.cluster.aws_cloudwatch_log_group.this",
            "module.ecs.module.cluster.aws_ecs_cluster.this",
            "module.rds_driver.module.db_instance.aws_cloudwatch_log_group.this",
            "module.rds_driver.module.db_instance.aws_db_instance.this",
            "module.rds_driver.module.db_instance.aws_iam_role.enhanced_monitoring",
            "module.rds_driver.module.db_instance.aws_iam_role_policy_attachment.enhanced_monitoring",
            "module.rds_driver.module.db_instance.aws_secretsmanager_secret_rotation.this",
            "module.rds_driver.module.db_instance.data.aws_iam_policy_document.enhanced_monitoring",
            "module.rds_driver.module.db_instance.data.aws_partition.current",
            "module.rds_driver.module.db_instance.random_id.snapshot_identifier",
            "module.rds_driver.module.db_instance_role_association.aws_db_instance_role_association.this",
            "module.rds_driver.module.db_option_group.aws_db_option_group.this",
            "module.rds_driver.module.db_parameter_group.aws_db_parameter_group.this",
            "module.rds_driver.module.db_subnet_group.aws_db_subnet_group.this",
            "module.rds_trip.module.db_instance.aws_cloudwatch_log_group.this",
            "module.rds_trip.module.db_instance.aws_db_instance.this",
            "module.rds_trip.module.db_instance.aws_iam_role.enhanced_monitoring",
            "module.rds_trip.module.db_instance.aws_iam_role_policy_attachment.enhanced_monitoring",
            "module.rds_trip.module.db_instance.aws_secretsmanager_secret_rotation.this",
            "module.rds_trip.module.db_instance.data.aws_iam_policy_document.enhanced_monitoring",
            "module.rds_trip.module.db_instance.data.aws_partition.current",
            "module.rds_trip.module.db_instance.random_id.snapshot_identifier",
            "module.rds_trip.module.db_instance_role_association.aws_db_instance_role_association.this",
            "module.rds_trip.module.db_option_group.aws_db_option_group.this",
            "module.rds_trip.module.db_parameter_group.aws_db_parameter_group.this",
            "module.rds_trip.module.db_subnet_group.aws_db_subnet_group.this",
            "module.rds_user.module.db_instance.aws_cloudwatch_log_group.this",
            "module.rds_user.module.db_instance.aws_db_instance.this",
            "module.rds_user.module.db_instance.aws_iam_role.enhanced_monitoring",
            "module.rds_user.module.db_instance.aws_iam_role_policy_attachment.enhanced_monitoring",
            "module.rds_user.module.db_instance.aws_secretsmanager_secret_rotation.this",
            "module.rds_user.module.db_instance.data.aws_iam_policy_document.enhanced_monitoring",
            "module.rds_user.module.db_instance.data.aws_partition.current",
            "module.rds_user.module.db_instance.random_id.snapshot_identifier",
            "module.rds_user.module.db_instance_role_association.aws_db_instance_role_association.this",
            "module.rds_user.module.db_option_group.aws_db_option_group.this",
            "module.rds_user.module.db_parameter_group.aws_db_parameter_group.this",
            "module.rds_user.module.db_subnet_group.aws_db_subnet_group.this",
            "module.vpc.aws_subnet.private",
            "module.vpc.aws_vpc.this",
            "module.vpc.aws_vpc_ipv4_cidr_block_association.this",
            "random_password.db",
            "random_password.mq"
          ]
        }
      ]
    },
    {
      "mode": "managed",
      "type": "aws_appautoscaling_target",
      "name": "ecs_service",
      "provider": "provider[\"registry.terraform.io/hashicorp/aws\"]",
      "instances": [
        {
          "index_key": "api-gateway",
          "schema_version": 0,
          "attributes": {
            "arn": "arn:aws:application-autoscaling:ap-southeast-1:851725589148:scalable-target/0ec5c78ee01b1ce94a01a459c975348a7be2",
            "id": "service/uit-go-dev-ecs/uit-go-dev-api-gateway",
            "max_capacity": 2,
            "min_capacity": 0,
            "resource_id": "service/uit-go-dev-ecs/uit-go-dev-api-gateway",
            "role_arn": "arn:aws:iam::851725589148:role/aws-service-role/ecs.application-autoscaling.amazonaws.com/AWSServiceRoleForApplicationAutoScaling_ECSService",
            "scalable_dimension": "ecs:service:DesiredCount",
            "service_namespace": "ecs",
            "suspended_state": [
              {
                "dynamic_scaling_in_suspended": false,
                "dynamic_scaling_out_suspended": false,
                "scheduled_scaling_suspended": false
              }
            ],
            "tags": null,
            "tags_all": {}
          },
          "sensitive_attributes": [],
          "identity_schema_version": 0,
          "private": "bnVsbA==",
          "dependencies": [
            "aws_cloudwatch_log_group.svc",
            "aws_ecs_service.svc",
            "aws_ecs_task_definition.td",
            "aws_elasticache_replication_group.redis",
            "aws_elasticache_subnet_group.redis",
            "aws_iam_role.task_exec",
            "aws_lb_target_group.api",
            "aws_mq_broker.rabbit",
            "aws_security_group.alb",
            "aws_security_group.db",
            "aws_security_group.ecs_tasks",
            "aws_security_group.mq",
            "aws_security_group.redis",
            "aws_service_discovery_private_dns_namespace.ns",
            "aws_service_discovery_service.sd",
            "data.aws_availability_zones.available",
            "data.aws_iam_policy_document.ecs_tasks_assume",
            "module.ecs.module.cluster.aws_cloudwatch_log_group.this",
            "module.ecs.module.cluster.aws_ecs_cluster.this",
            "module.rds_driver.module.db_instance.aws_cloudwatch_log_group.this",
            "module.rds_driver.module.db_instance.aws_db_instance.this",
            "module.rds_driver.module.db_instance.aws_iam_role.enhanced_monitoring",
            "module.rds_driver.module.db_instance.aws_iam_role_policy_attachment.enhanced_monitoring",
            "module.rds_driver.module.db_instance.aws_secretsmanager_secret_rotation.this",
            "module.rds_driver.module.db_instance.data.aws_iam_policy_document.enhanced_monitoring",
            "module.rds_driver.module.db_instance.data.aws_partition.current",
            "module.rds_driver.module.db_instance.random_id.snapshot_identifier",
            "module.rds_driver.module.db_instance_role_association.aws_db_instance_role_association.this",
            "module.rds_driver.module.db_option_group.aws_db_option_group.this",
            "module.rds_driver.module.db_parameter_group.aws_db_parameter_group.this",
            "module.rds_driver.module.db_subnet_group.aws_db_subnet_group.this",
            "module.rds_trip.module.db_instance.aws_cloudwatch_log_group.this",
            "module.rds_trip.module.db_instance.aws_db_instance.this",
            "module.rds_trip.module.db_instance.aws_iam_role.enhanced_monitoring",
            "module.rds_trip.module.db_instance.aws_iam_role_policy_attachment.enhanced_monitoring",
            "module.rds_trip.module.db_instance.aws_secretsmanager_secret_rotation.this",
            "module.rds_trip.module.db_instance.data.aws_iam_policy_document.enhanced_monitoring",
            "module.rds_trip.module.db_instance.data.aws_partition.current",
            "module.rds_trip.module.db_instance.random_id.snapshot_identifier",
            "module.rds_trip.module.db_instance_role_association.aws_db_instance_role_association.this",
            "module.rds_trip.module.db_option_group.aws_db_option_group.this",
            "module.rds_trip.module.db_parameter_group.aws_db_parameter_group.this",
            "module.rds_trip.module.db_subnet_group.aws_db_subnet_group.this",
            "module.rds_user.module.db_instance.aws_cloudwatch_log_group.this",
            "module.rds_user.module.db_instance.aws_db_instance.this",
            "module.rds_user.module.db_instance.aws_iam_role.enhanced_monitoring",
            "module.rds_user.module.db_instance.aws_iam_role_policy_attachment.enhanced_monitoring",
            "module.rds_user.module.db_instance.aws_secretsmanager_secret_rotation.this",
            "module.rds_user.module.db_instance.data.aws_iam_policy_document.enhanced_monitoring",
            "module.rds_user.module.db_instance.data.aws_partition.current",
            "module.rds_user.module.db_instance.random_id.snapshot_identifier",
            "module.rds_user.module.db_instance_role_association.aws_db_instance_role_association.this",
            "module.rds_user.module.db_option_group.aws_db_option_group.this",
            "module.rds_user.module.db_parameter_group.aws_db_parameter_group.this",
            "module.rds_user.module.db_subnet_group.aws_db_subnet_group.this",
            "module.vpc.aws_subnet.private",
            "module.vpc.aws_vpc.this",
            "module.vpc.aws_vpc_ipv4_cidr_block_association.this",
            "random_password.db",
            "random_password.mq"
          ]
        },
        {
          "index_key": "auth-service",
          "schema_version": 0,
          "attributes": {
            "arn": "arn:aws:application-autoscaling:ap-southeast-1:851725589148:scalable-target/0ec5027cf2403c414a0bb46ded6065bb47a0",
            "id": "service/uit-go-dev-ecs/uit-go-dev-auth-service",
            "max_capacity": 2,
            "min_capacity": 0,
            "resource_id": "service/uit-go-dev-ecs/uit-go-dev-auth-service",
            "role_arn": "arn:aws:iam::851725589148:role/aws-service-role/ecs.application-autoscaling.amazonaws.com/AWSServiceRoleForApplicationAutoScaling_ECSService",
            "scalable_dimension": "ecs:service:DesiredCount",
            "service_namespace": "ecs",
            "suspended_state": [
              {
                "dynamic_scaling_in_suspended": false,
                "dynamic_scaling_out_suspended": false,
                "scheduled_scaling_suspended": false
              }
            ],
            "tags": null,
            "tags_all": {}
          },
          "sensitive_attributes": [],
          "identity_schema_version": 0,
          "private": "bnVsbA==",
          "dependencies": [
            "aws_cloudwatch_log_group.svc",
            "aws_ecs_service.svc",
            "aws_ecs_task_definition.td",
            "aws_elasticache_replication_group.redis",
            "aws_elasticache_subnet_group.redis",
            "aws_iam_role.task_exec",
            "aws_lb_target_group.api",
            "aws_mq_broker.rabbit",
            "aws_security_group.alb",
            "aws_security_group.db",
            "aws_security_group.ecs_tasks",
            "aws_security_group.mq",
            "aws_security_group.redis",
            "aws_service_discovery_private_dns_namespace.ns",
            "aws_service_discovery_service.sd",
            "data.aws_availability_zones.available",
            "data.aws_iam_policy_document.ecs_tasks_assume",
            "module.ecs.module.cluster.aws_cloudwatch_log_group.this",
            "module.ecs.module.cluster.aws_ecs_cluster.this",
            "module.rds_driver.module.db_instance.aws_cloudwatch_log_group.this",
            "module.rds_driver.module.db_instance.aws_db_instance.this",
            "module.rds_driver.module.db_instance.aws_iam_role.enhanced_monitoring",
            "module.rds_driver.module.db_instance.aws_iam_role_policy_attachment.enhanced_monitoring",
            "module.rds_driver.module.db_instance.aws_secretsmanager_secret_rotation.this",
            "module.rds_driver.module.db_instance.data.aws_iam_policy_document.enhanced_monitoring",
            "module.rds_driver.module.db_instance.data.aws_partition.current",
            "module.rds_driver.module.db_instance.random_id.snapshot_identifier",
            "module.rds_driver.module.db_instance_role_association.aws_db_instance_role_association.this",
            "module.rds_driver.module.db_option_group.aws_db_option_group.this",
            "module.rds_driver.module.db_parameter_group.aws_db_parameter_group.this",
            "module.rds_driver.module.db_subnet_group.aws_db_subnet_group.this",
            "module.rds_trip.module.db_instance.aws_cloudwatch_log_group.this",
            "module.rds_trip.module.db_instance.aws_db_instance.this",
            "module.rds_trip.module.db_instance.aws_iam_role.enhanced_monitoring",
            "module.rds_trip.module.db_instance.aws_iam_role_policy_attachment.enhanced_monitoring",
            "module.rds_trip.module.db_instance.aws_secretsmanager_secret_rotation.this",
            "module.rds_trip.module.db_instance.data.aws_iam_policy_document.enhanced_monitoring",
            "module.rds_trip.module.db_instance.data.aws_partition.current",
            "module.rds_trip.module.db_instance.random_id.snapshot_identifier",
            "module.rds_trip.module.db_instance_role_association.aws_db_instance_role_association.this",
            "module.rds_trip.module.db_option_group.aws_db_option_group.this",
            "module.rds_trip.module.db_parameter_group.aws_db_parameter_group.this",
            "module.rds_trip.module.db_subnet_group.aws_db_subnet_group.this",
            "module.rds_user.module.db_instance.aws_cloudwatch_log_group.this",
            "module.rds_user.module.db_instance.aws_db_instance.this",
            "module.rds_user.module.db_instance.aws_iam_role.enhanced_monitoring",
            "module.rds_user.module.db_instance.aws_iam_role_policy_attachment.enhanced_monitoring",
            "module.rds_user.module.db_instance.aws_secretsmanager_secret_rotation.this",
            "module.rds_user.module.db_instance.data.aws_iam_policy_document.enhanced_monitoring",
            "module.rds_user.module.db_instance.data.aws_partition.current",
            "module.rds_user.module.db_instance.random_id.snapshot_identifier",
            "module.rds_user.module.db_instance_role_association.aws_db_instance_role_association.this",
            "module.rds_user.module.db_option_group.aws_db_option_group.this",
            "module.rds_user.module.db_parameter_group.aws_db_parameter_group.this",
            "module.rds_user.module.db_subnet_group.aws_db_subnet_group.this",
            "module.vpc.aws_subnet.private",
            "module.vpc.aws_vpc.this",
            "module.vpc.aws_vpc_ipv4_cidr_block_association.this",
            "random_password.db",
            "random_password.mq"
          ]
        },
        {
          "index_key": "driver-service",
          "schema_version": 0,
          "attributes": {
            "arn": "arn:aws:application-autoscaling:ap-southeast-1:851725589148:scalable-target/0ec516ec1001f7664b5f998cfcce830abf5c",
            "id": "service/uit-go-dev-ecs/uit-go-dev-driver-service",
            "max_capacity": 2,
            "min_capacity": 0,
            "resource_id": "service/uit-go-dev-ecs/uit-go-dev-driver-service",
            "role_arn": "arn:aws:iam::851725589148:role/aws-service-role/ecs.application-autoscaling.amazonaws.com/AWSServiceRoleForApplicationAutoScaling_ECSService",
            "scalable_dimension": "ecs:service:DesiredCount",
            "service_namespace": "ecs",
            "suspended_state": [
              {
                "dynamic_scaling_in_suspended": false,
                "dynamic_scaling_out_suspended": false,
                "scheduled_scaling_suspended": false
              }
            ],
            "tags": null,
            "tags_all": {}
          },
          "sensitive_attributes": [],
          "identity_schema_version": 0,
          "private": "bnVsbA==",
          "dependencies": [
            "aws_cloudwatch_log_group.svc",
            "aws_ecs_service.svc",
            "aws_ecs_task_definition.td",
            "aws_elasticache_replication_group.redis",
            "aws_elasticache_subnet_group.redis",
            "aws_iam_role.task_exec",
            "aws_lb_target_group.api",
            "aws_mq_broker.rabbit",
            "aws_security_group.alb",
            "aws_security_group.db",
            "aws_security_group.ecs_tasks",
            "aws_security_group.mq",
            "aws_security_group.redis",
            "aws_service_discovery_private_dns_namespace.ns",
            "aws_service_discovery_service.sd",
            "data.aws_availability_zones.available",
            "data.aws_iam_policy_document.ecs_tasks_assume",
            "module.ecs.module.cluster.aws_cloudwatch_log_group.this",
            "module.ecs.module.cluster.aws_ecs_cluster.this",
            "module.rds_driver.module.db_instance.aws_cloudwatch_log_group.this",
            "module.rds_driver.module.db_instance.aws_db_instance.this",
            "module.rds_driver.module.db_instance.aws_iam_role.enhanced_monitoring",
            "module.rds_driver.module.db_instance.aws_iam_role_policy_attachment.enhanced_monitoring",
            "module.rds_driver.module.db_instance.aws_secretsmanager_secret_rotation.this",
            "module.rds_driver.module.db_instance.data.aws_iam_policy_document.enhanced_monitoring",
            "module.rds_driver.module.db_instance.data.aws_partition.current",
            "module.rds_driver.module.db_instance.random_id.snapshot_identifier",
            "module.rds_driver.module.db_instance_role_association.aws_db_instance_role_association.this",
            "module.rds_driver.module.db_option_group.aws_db_option_group.this",
            "module.rds_driver.module.db_parameter_group.aws_db_parameter_group.this",
            "module.rds_driver.module.db_subnet_group.aws_db_subnet_group.this",
            "module.rds_trip.module.db_instance.aws_cloudwatch_log_group.this",
            "module.rds_trip.module.db_instance.aws_db_instance.this",
            "module.rds_trip.module.db_instance.aws_iam_role.enhanced_monitoring",
            "module.rds_trip.module.db_instance.aws_iam_role_policy_attachment.enhanced_monitoring",
            "module.rds_trip.module.db_instance.aws_secretsmanager_secret_rotation.this",
            "module.rds_trip.module.db_instance.data.aws_iam_policy_document.enhanced_monitoring",
            "module.rds_trip.module.db_instance.data.aws_partition.current",
            "module.rds_trip.module.db_instance.random_id.snapshot_identifier",
            "module.rds_trip.module.db_instance_role_association.aws_db_instance_role_association.this",
            "module.rds_trip.module.db_option_group.aws_db_option_group.this",
            "module.rds_trip.module.db_parameter_group.aws_db_parameter_group.this",
            "module.rds_trip.module.db_subnet_group.aws_db_subnet_group.this",
            "module.rds_user.module.db_instance.aws_cloudwatch_log_group.this",
            "module.rds_user.module.db_instance.aws_db_instance.this",
            "module.rds_user.module.db_instance.aws_iam_role.enhanced_monitoring",
            "module.rds_user.module.db_instance.aws_iam_role_policy_attachment.enhanced_monitoring",
            "module.rds_user.module.db_instance.aws_secretsmanager_secret_rotation.this",
            "module.rds_user.module.db_instance.data.aws_iam_policy_document.enhanced_monitoring",
            "module.rds_user.module.db_instance.data.aws_partition.current",
            "module.rds_user.module.db_instance.random_id.snapshot_identifier",
            "module.rds_user.module.db_instance_role_association.aws_db_instance_role_association.this",
            "module.rds_user.module.db_option_group.aws_db_option_group.this",
            "module.rds_user.module.db_parameter_group.aws_db_parameter_group.this",
            "module.rds_user.module.db_subnet_group.aws_db_subnet_group.this",
            "module.vpc.aws_subnet.private",
            "module.vpc.aws_vpc.this",
            "module.vpc.aws_vpc_ipv4_cidr_block_association.this",
            "random_password.db",
            "random_password.mq"
          ]
        },
        {
          "index_key": "notification-service",
          "schema_version": 0,
          "attributes": {
            "arn": "arn:aws:application-autoscaling:ap-southeast-1:851725589148:scalable-target/0ec523f3b69b6d5545459c9f70a46c6ff0cc",
            "id": "service/uit-go-dev-ecs/uit-go-dev-notification-service",
            "max_capacity": 2,
            "min_capacity": 0,
            "resource_id": "service/uit-go-dev-ecs/uit-go-dev-notification-service",
            "role_arn": "arn:aws:iam::851725589148:role/aws-service-role/ecs.application-autoscaling.amazonaws.com/AWSServiceRoleForApplicationAutoScaling_ECSService",
            "scalable_dimension": "ecs:service:DesiredCount",
            "service_namespace": "ecs",
            "suspended_state": [
              {
                "dynamic_scaling_in_suspended": false,
                "dynamic_scaling_out_suspended": false,
                "scheduled_scaling_suspended": false
              }
            ],
            "tags": null,
            "tags_all": {}
          },
          "sensitive_attributes": [],
          "identity_schema_version": 0,
          "private": "bnVsbA==",
          "dependencies": [
            "aws_cloudwatch_log_group.svc",
            "aws_ecs_service.svc",
            "aws_ecs_task_definition.td",
            "aws_elasticache_replication_group.redis",
            "aws_elasticache_subnet_group.redis",
            "aws_iam_role.task_exec",
            "aws_lb_target_group.api",
            "aws_mq_broker.rabbit",
            "aws_security_group.alb",
            "aws_security_group.db",
            "aws_security_group.ecs_tasks",
            "aws_security_group.mq",
            "aws_security_group.redis",
            "aws_service_discovery_private_dns_namespace.ns",
            "aws_service_discovery_service.sd",
            "data.aws_availability_zones.available",
            "data.aws_iam_policy_document.ecs_tasks_assume",
            "module.ecs.module.cluster.aws_cloudwatch_log_group.this",
            "module.ecs.module.cluster.aws_ecs_cluster.this",
            "module.rds_driver.module.db_instance.aws_cloudwatch_log_group.this",
            "module.rds_driver.module.db_instance.aws_db_instance.this",
            "module.rds_driver.module.db_instance.aws_iam_role.enhanced_monitoring",
            "module.rds_driver.module.db_instance.aws_iam_role_policy_attachment.enhanced_monitoring",
            "module.rds_driver.module.db_instance.aws_secretsmanager_secret_rotation.this",
            "module.rds_driver.module.db_instance.data.aws_iam_policy_document.enhanced_monitoring",
            "module.rds_driver.module.db_instance.data.aws_partition.current",
            "module.rds_driver.module.db_instance.random_id.snapshot_identifier",
            "module.rds_driver.module.db_instance_role_association.aws_db_instance_role_association.this",
            "module.rds_driver.module.db_option_group.aws_db_option_group.this",
            "module.rds_driver.module.db_parameter_group.aws_db_parameter_group.this",
            "module.rds_driver.module.db_subnet_group.aws_db_subnet_group.this",
            "module.rds_trip.module.db_instance.aws_cloudwatch_log_group.this",
            "module.rds_trip.module.db_instance.aws_db_instance.this",
            "module.rds_trip.module.db_instance.aws_iam_role.enhanced_monitoring",
            "module.rds_trip.module.db_instance.aws_iam_role_policy_attachment.enhanced_monitoring",
            "module.rds_trip.module.db_instance.aws_secretsmanager_secret_rotation.this",
            "module.rds_trip.module.db_instance.data.aws_iam_policy_document.enhanced_monitoring",
            "module.rds_trip.module.db_instance.data.aws_partition.current",
            "module.rds_trip.module.db_instance.random_id.snapshot_identifier",
            "module.rds_trip.module.db_instance_role_association.aws_db_instance_role_association.this",
            "module.rds_trip.module.db_option_group.aws_db_option_group.this",
            "module.rds_trip.module.db_parameter_group.aws_db_parameter_group.this",
            "module.rds_trip.module.db_subnet_group.aws_db_subnet_group.this",
            "module.rds_user.module.db_instance.aws_cloudwatch_log_group.this",
            "module.rds_user.module.db_instance.aws_db_instance.this",
            "module.rds_user.module.db_instance.aws_iam_role.enhanced_monitoring",
            "module.rds_user.module.db_instance.aws_iam_role_policy_attachment.enhanced_monitoring",
            "module.rds_user.module.db_instance.aws_secretsmanager_secret_rotation.this",
            "module.rds_user.module.db_instance.data.aws_iam_policy_document.enhanced_monitoring",
            "module.rds_user.module.db_instance.data.aws_partition.current",
            "module.rds_user.module.db_instance.random_id.snapshot_identifier",
            "module.rds_user.module.db_instance_role_association.aws_db_instance_role_association.this",
            "module.rds_user.module.db_option_group.aws_db_option_group.this",
            "module.rds_user.module.db_parameter_group.aws_db_parameter_group.this",
            "module.rds_user.module.db_subnet_group.aws_db_subnet_group.this",
            "module.vpc.aws_subnet.private",
            "module.vpc.aws_vpc.this",
            "module.vpc.aws_vpc_ipv4_cidr_block_association.this",
            "random_password.db",
            "random_password.mq"
          ]
        },
        {
          "index_key": "trip-service",
          "schema_version": 0,
          "attributes": {
            "arn": "arn:aws:application-autoscaling:ap-southeast-1:851725589148:scalable-target/0ec56aeb5df2cb2d452b91544e429962179b",
            "id": "service/uit-go-dev-ecs/uit-go-dev-trip-service",
            "max_capacity": 2,
            "min_capacity": 0,
            "resource_id": "service/uit-go-dev-ecs/uit-go-dev-trip-service",
            "role_arn": "arn:aws:iam::851725589148:role/aws-service-role/ecs.application-autoscaling.amazonaws.com/AWSServiceRoleForApplicationAutoScaling_ECSService",
            "scalable_dimension": "ecs:service:DesiredCount",
            "service_namespace": "ecs",
            "suspended_state": [
              {
                "dynamic_scaling_in_suspended": false,
                "dynamic_scaling_out_suspended": false,
                "scheduled_scaling_suspended": false
              }
            ],
            "tags": null,
            "tags_all": {}
          },
          "sensitive_attributes": [],
          "identity_schema_version": 0,
          "private": "bnVsbA==",
          "dependencies": [
            "aws_cloudwatch_log_group.svc",
            "aws_ecs_service.svc",
            "aws_ecs_task_definition.td",
            "aws_elasticache_replication_group.redis",
            "aws_elasticache_subnet_group.redis",
            "aws_iam_role.task_exec",
            "aws_lb_target_group.api",
            "aws_mq_broker.rabbit",
            "aws_security_group.alb",
            "aws_security_group.db",
            "aws_security_group.ecs_tasks",
            "aws_security_group.mq",
            "aws_security_group.redis",
            "aws_service_discovery_private_dns_namespace.ns",
            "aws_service_discovery_service.sd",
            "data.aws_availability_zones.available",
            "data.aws_iam_policy_document.ecs_tasks_assume",
            "module.ecs.module.cluster.aws_cloudwatch_log_group.this",
            "module.ecs.module.cluster.aws_ecs_cluster.this",
            "module.rds_driver.module.db_instance.aws_cloudwatch_log_group.this",
            "module.rds_driver.module.db_instance.aws_db_instance.this",
            "module.rds_driver.module.db_instance.aws_iam_role.enhanced_monitoring",
            "module.rds_driver.module.db_instance.aws_iam_role_policy_attachment.enhanced_monitoring",
            "module.rds_driver.module.db_instance.aws_secretsmanager_secret_rotation.this",
            "module.rds_driver.module.db_instance.data.aws_iam_policy_document.enhanced_monitoring",
            "module.rds_driver.module.db_instance.data.aws_partition.current",
            "module.rds_driver.module.db_instance.random_id.snapshot_identifier",
            "module.rds_driver.module.db_instance_role_association.aws_db_instance_role_association.this",
            "module.rds_driver.module.db_option_group.aws_db_option_group.this",
            "module.rds_driver.module.db_parameter_group.aws_db_parameter_group.this",
            "module.rds_driver.module.db_subnet_group.aws_db_subnet_group.this",
            "module.rds_trip.module.db_instance.aws_cloudwatch_log_group.this",
            "module.rds_trip.module.db_instance.aws_db_instance.this",
            "module.rds_trip.module.db_instance.aws_iam_role.enhanced_monitoring",
            "module.rds_trip.module.db_instance.aws_iam_role_policy_attachment.enhanced_monitoring",
            "module.rds_trip.module.db_instance.aws_secretsmanager_secret_rotation.this",
            "module.rds_trip.module.db_instance.data.aws_iam_policy_document.enhanced_monitoring",
            "module.rds_trip.module.db_instance.data.aws_partition.current",
            "module.rds_trip.module.db_instance.random_id.snapshot_identifier",
            "module.rds_trip.module.db_instance_role_association.aws_db_instance_role_association.this",
            "module.rds_trip.module.db_option_group.aws_db_option_group.this",
            "module.rds_trip.module.db_parameter_group.aws_db_parameter_group.this",
            "module.rds_trip.module.db_subnet_group.aws_db_subnet_group.this",
            "module.rds_user.module.db_instance.aws_cloudwatch_log_group.this",
            "module.rds_user.module.db_instance.aws_db_instance.this",
            "module.rds_user.module.db_instance.aws_iam_role.enhanced_monitoring",
            "module.rds_user.module.db_instance.aws_iam_role_policy_attachment.enhanced_monitoring",
            "module.rds_user.module.db_instance.aws_secretsmanager_secret_rotation.this",
            "module.rds_user.module.db_instance.data.aws_iam_policy_document.enhanced_monitoring",
            "module.rds_user.module.db_instance.data.aws_partition.current",
            "module.rds_user.module.db_instance.random_id.snapshot_identifier",
            "module.rds_user.module.db_instance_role_association.aws_db_instance_role_association.this",
            "module.rds_user.module.db_option_group.aws_db_option_group.this",
            "module.rds_user.module.db_parameter_group.aws_db_parameter_group.this",
            "module.rds_user.module.db_subnet_group.aws_db_subnet_group.this",
            "module.vpc.aws_subnet.private",
            "module.vpc.aws_vpc.this",
            "module.vpc.aws_vpc_ipv4_cidr_block_association.this",
            "random_password.db",
            "random_password.mq"
          ]
        },
        {
          "index_key": "user-service",
          "schema_version": 0,
          "attributes": {
            "arn": "arn:aws:application-autoscaling:ap-southeast-1:851725589148:scalable-target/0ec5bae7e3c8f5804514b97a6c371b05398e",
            "id": "service/uit-go-dev-ecs/uit-go-dev-user-service",
            "max_capacity": 2,
            "min_capacity": 0,
            "resource_id": "service/uit-go-dev-ecs/uit-go-dev-user-service",
            "role_arn": "arn:aws:iam::851725589148:role/aws-service-role/ecs.application-autoscaling.amazonaws.com/AWSServiceRoleForApplicationAutoScaling_ECSService",
            "scalable_dimension": "ecs:service:DesiredCount",
            "service_namespace": "ecs",
            "suspended_state": [
              {
                "dynamic_scaling_in_suspended": false,
                "dynamic_scaling_out_suspended": false,
                "scheduled_scaling_suspended": false
              }
            ],
            "tags": null,
            "tags_all": {}
          },
          "sensitive_attributes": [],
          "identity_schema_version": 0,
          "private": "bnVsbA==",
          "dependencies": [
            "aws_cloudwatch_log_group.svc",
            "aws_ecs_service.svc",
            "aws_ecs_task_definition.td",
            "aws_elasticache_replication_group.redis",
            "aws_elasticache_subnet_group.redis",
            "aws_iam_role.task_exec",
            "aws_lb_target_group.api",
            "aws_mq_broker.rabbit",
            "aws_security_group.alb",
            "aws_security_group.db",
            "aws_security_group.ecs_tasks",
            "aws_security_group.mq",
            "aws_security_group.redis",
            "aws_service_discovery_private_dns_namespace.ns",
            "aws_service_discovery_service.sd",
            "data.aws_availability_zones.available",
            "data.aws_iam_policy_document.ecs_tasks_assume",
            "module.ecs.module.cluster.aws_cloudwatch_log_group.this",
            "module.ecs.module.cluster.aws_ecs_cluster.this",
            "module.rds_driver.module.db_instance.aws_cloudwatch_log_group.this",
            "module.rds_driver.module.db_instance.aws_db_instance.this",
            "module.rds_driver.module.db_instance.aws_iam_role.enhanced_monitoring",
            "module.rds_driver.module.db_instance.aws_iam_role_policy_attachment.enhanced_monitoring",
            "module.rds_driver.module.db_instance.aws_secretsmanager_secret_rotation.this",
            "module.rds_driver.module.db_instance.data.aws_iam_policy_document.enhanced_monitoring",
            "module.rds_driver.module.db_instance.data.aws_partition.current",
            "module.rds_driver.module.db_instance.random_id.snapshot_identifier",
            "module.rds_driver.module.db_instance_role_association.aws_db_instance_role_association.this",
            "module.rds_driver.module.db_option_group.aws_db_option_group.this",
            "module.rds_driver.module.db_parameter_group.aws_db_parameter_group.this",
            "module.rds_driver.module.db_subnet_group.aws_db_subnet_group.this",
            "module.rds_trip.module.db_instance.aws_cloudwatch_log_group.this",
            "module.rds_trip.module.db_instance.aws_db_instance.this",
            "module.rds_trip.module.db_instance.aws_iam_role.enhanced_monitoring",
            "module.rds_trip.module.db_instance.aws_iam_role_policy_attachment.enhanced_monitoring",
            "module.rds_trip.module.db_instance.aws_secretsmanager_secret_rotation.this",
            "module.rds_trip.module.db_instance.data.aws_iam_policy_document.enhanced_monitoring",
            "module.rds_trip.module.db_instance.data.aws_partition.current",
            "module.rds_trip.module.db_instance.random_id.snapshot_identifier",
            "module.rds_trip.module.db_instance_role_association.aws_db_instance_role_association.this",
            "module.rds_trip.module.db_option_group.aws_db_option_group.this",
            "module.rds_trip.module.db_parameter_group.aws_db_parameter_group.this",
            "module.rds_trip.module.db_subnet_group.aws_db_subnet_group.this",
            "module.rds_user.module.db_instance.aws_cloudwatch_log_group.this",
            "module.rds_user.module.db_instance.aws_db_instance.this",
            "module.rds_user.module.db_instance.aws_iam_role.enhanced_monitoring",
            "module.rds_user.module.db_instance.aws_iam_role_policy_attachment.enhanced_monitoring",
            "module.rds_user.module.db_instance.aws_secretsmanager_secret_rotation.this",
            "module.rds_user.module.db_instance.data.aws_iam_policy_document.enhanced_monitoring",
            "module.rds_user.module.db_instance.data.aws_partition.current",
            "module.rds_user.module.db_instance.random_id.snapshot_identifier",
            "module.rds_user.module.db_instance_role_association.aws_db_instance_role_association.this",
            "module.rds_user.module.db_option_group.aws_db_option_group.this",
            "module.rds_user.module.db_parameter_group.aws_db_parameter_group.this",
            "module.rds_user.module.db_subnet_group.aws_db_subnet_group.this",
            "module.vpc.aws_subnet.private",
            "module.vpc.aws_vpc.this",
            "module.vpc.aws_vpc_ipv4_cidr_block_association.this",
            "random_password.db",
            "random_password.mq"
          ]
        }
      ]
    },
    {
      "mode": "managed",
      "type": "aws_ce_cost_category",
      "name": "project_category",
      "provider": "provider[\"registry.terraform.io/hashicorp/aws\"]",
      "instances": [
        {
          "schema_version": 0,
          "attributes": {
            "arn": "arn:aws:ce::851725589148:costcategory/05f5db15-a9f0-4bbb-8256-74d458b3cbce",
            "default_value": "",
            "effective_end": "",
            "effective_start": "2025-11-01T00:00:00Z",
            "id": "arn:aws:ce::851725589148:costcategory/05f5db15-a9f0-4bbb-8256-74d458b3cbce",
            "name": "UIT-Go-Project-Category",
            "rule": [
              {
                "inherited_value": [],
                "rule": [
                  {
                    "and": [],
                    "cost_category": [],
                    "dimension": [],
                    "not": [],
                    "or": [],
                    "tags": [
                      {
                        "key": "Service",
                        "match_options": [],
                        "values": [
                          "api-gateway"
                        ]
                      }
                    ]
                  }
                ],
                "type": "REGULAR",
                "value": "api-gateway"
              },
              {
                "inherited_value": [],
                "rule": [
                  {
                    "and": [],
                    "cost_category": [],
                    "dimension": [],
                    "not": [],
                    "or": [],
                    "tags": [
                      {
                        "key": "Service",
                        "match_options": [],
                        "values": [
                          "user-service"
                        ]
                      }
                    ]
                  }
                ],
                "type": "REGULAR",
                "value": "user-service"
              },
              {
                "inherited_value": [],
                "rule": [
                  {
                    "and": [],
                    "cost_category": [],
                    "dimension": [],
                    "not": [],
                    "or": [],
                    "tags": [
                      {
                        "key": "Service",
                        "match_options": [],
                        "values": [
                          "trip-service"
                        ]
                      }
                    ]
                  }
                ],
                "type": "REGULAR",
                "value": "trip-service"
              },
              {
                "inherited_value": [],
                "rule": [
                  {
                    "and": [],
                    "cost_category": [],
                    "dimension": [],
                    "not": [],
                    "or": [],
                    "tags": [
                      {
                        "key": "Service",
                        "match_options": [],
                        "values": [
                          "driver-service"
                        ]
                      }
                    ]
                  }
                ],
                "type": "REGULAR",
                "value": "driver-service"
              },
              {
                "inherited_value": [],
                "rule": [
                  {
                    "and": [],
                    "cost_category": [],
                    "dimension": [],
                    "not": [],
                    "or": [],
                    "tags": [
                      {
                        "key": "Service",
                        "match_options": [],
                        "values": [
                          "notification-service"
                        ]
                      }
                    ]
                  }
                ],
                "type": "REGULAR",
                "value": "notification-service"
              },
              {
                "inherited_value": [],
                "rule": [
                  {
                    "and": [],
                    "cost_category": [],
                    "dimension": [],
                    "not": [],
                    "or": [],
                    "tags": [
                      {
                        "key": "Component",
                        "match_options": [],
                        "values": [
                          "alb",
                          "nat",
                          "vpc"
                        ]
                      }
                    ]
                  }
                ],
                "type": "REGULAR",
                "value": "infrastructure"
              }
            ],
            "rule_version": "CostCategoryExpression.v1",
            "split_charge_rule": [],
            "tags": {
              "Env": "dev",
              "Owner": "se360-uit-go",
              "Project": "uit-go"
            },
            "tags_all": {
              "Env": "dev",
              "Owner": "se360-uit-go",
              "Project": "uit-go"
            }
          },
          "sensitive_attributes": [],
          "identity_schema_version": 0,
          "private": "bnVsbA=="
        }
      ]
    },
    {
      "mode": "managed",
      "type": "aws_cloudwatch_dashboard",
      "name": "finops",
      "provider": "provider[\"registry.terraform.io/hashicorp/aws\"]",
      "instances": [
        {
          "schema_version": 0,
          "attributes": {
            "dashboard_arn": "arn:aws:cloudwatch::851725589148:dashboard/uit-go-dev-finops-dashboard",
            "dashboard_body": "{\"widgets\":[{\"properties\":{\"metrics\":[[\"AWS/ECS\",\"CPUUtilization\",{\"label\":\"ECS CPU Avg\",\"stat\":\"Average\"}],[\".\",\"MemoryUtilization\",{\"label\":\"ECS Memory Avg\",\"stat\":\"Average\"}]],\"period\":300,\"region\":\"ap-southeast-1\",\"title\":\"ECS Resource Utilization\",\"yAxis\":{\"left\":{\"max\":100,\"min\":0}}},\"type\":\"metric\"},{\"properties\":{\"metrics\":[[\"AWS/RDS\",\"DatabaseConnections\",{\"label\":\"RDS Connections\",\"stat\":\"Sum\"}],[\".\",\"CPUUtilization\",{\"label\":\"RDS CPU\",\"stat\":\"Average\"}]],\"period\":300,\"region\":\"ap-southeast-1\",\"title\":\"RDS Performance\"},\"type\":\"metric\"},{\"properties\":{\"metrics\":[[\"AWS/ElastiCache\",\"CacheHits\",{\"label\":\"Redis Hits\",\"stat\":\"Sum\"}],[\".\",\"CacheMisses\",{\"label\":\"Redis Misses\",\"stat\":\"Sum\"}]],\"period\":300,\"region\":\"ap-southeast-1\",\"title\":\"Redis Cache Performance\"},\"type\":\"metric\"},{\"properties\":{\"query\":\"SOURCE '/uit-go-dev/services' | fields @timestamp, @message | filter @message like /ERROR/ | stats count() by bin(5m)\",\"region\":\"ap-southeast-1\",\"title\":\"Error Rate (5min intervals)\"},\"type\":\"log\"}]}",
            "dashboard_name": "uit-go-dev-finops-dashboard",
            "id": "uit-go-dev-finops-dashboard"
          },
          "sensitive_attributes": [],
          "identity_schema_version": 0,
          "private": "bnVsbA==",
          "dependencies": [
            "aws_cloudwatch_log_group.svc"
          ]
        }
      ]
    },
    {
      "mode": "managed",
      "type": "aws_cloudwatch_log_group",
      "name": "svc",
      "provider": "provider[\"registry.terraform.io/hashicorp/aws\"]",
      "instances": [
        {
          "schema_version": 0,
          "attributes": {
            "arn": "arn:aws:logs:ap-southeast-1:851725589148:log-group:/uit-go-dev/services",
            "id": "/uit-go-dev/services",
            "kms_key_id": "",
            "log_group_class": "STANDARD",
            "name": "/uit-go-dev/services",
            "name_prefix": "",
            "retention_in_days": 7,
            "skip_destroy": false,
            "tags": {
              "Env": "dev",
              "Owner": "se360-uit-go",
              "Project": "uit-go"
            },
            "tags_all": {
              "Env": "dev",
              "Owner": "se360-uit-go",
              "Project": "uit-go"
            }
          },
          "sensitive_attributes": [],
          "identity_schema_version": 0,
          "private": "bnVsbA=="
        }
      ]
    },
    {
      "mode": "managed",
      "type": "aws_cloudwatch_metric_alarm",
      "name": "ecs_high_cpu",
      "provider": "provider[\"registry.terraform.io/hashicorp/aws\"]",
      "instances": [
        {
          "schema_version": 1,
          "attributes": {
            "actions_enabled": true,
            "alarm_actions": [],
            "alarm_description": "ECS CPU \u003e 80% - may trigger autoscaling cost increase",
            "alarm_name": "uit-go-dev-ecs-high-cpu",
            "arn": "arn:aws:cloudwatch:ap-southeast-1:851725589148:alarm:uit-go-dev-ecs-high-cpu",
            "comparison_operator": "GreaterThanThreshold",
            "datapoints_to_alarm": 0,
            "dimensions": {
              "ClusterName": "uit-go-dev-ecs"
            },
            "evaluate_low_sample_count_percentiles": "",
            "evaluation_periods": 2,
            "extended_statistic": "",
            "id": "uit-go-dev-ecs-high-cpu",
            "insufficient_data_actions": [],
            "metric_name": "CPUUtilization",
            "metric_query": [],
            "namespace": "AWS/ECS",
            "ok_actions": [],
            "period": 300,
            "statistic": "Average",
            "tags": {
              "Env": "dev",
              "Owner": "se360-uit-go",
              "Project": "uit-go"
            },
            "tags_all": {
              "Env": "dev",
              "Owner": "se360-uit-go",
              "Project": "uit-go"
            },
            "threshold": 80,
            "threshold_metric_id": "",
            "treat_missing_data": "missing",
            "unit": ""
          },
          "sensitive_attributes": [],
          "identity_schema_version": 0,
          "private": "eyJzY2hlbWFfdmVyc2lvbiI6IjEifQ==",
          "dependencies": [
            "module.ecs.module.cluster.aws_cloudwatch_log_group.this",
            "module.ecs.module.cluster.aws_ecs_cluster.this"
          ]
        }
      ]
    },
    {
      "mode": "managed",
      "type": "aws_cloudwatch_metric_alarm",
      "name": "rds_high_connections",
      "provider": "provider[\"registry.terraform.io/hashicorp/aws\"]",
      "instances": [
        {
          "schema_version": 1,
          "attributes": {
            "actions_enabled": true,
            "alarm_actions": [],
            "alarm_description": "RDS connections high - may need instance upgrade",
            "alarm_name": "uit-go-dev-rds-high-connections",
            "arn": "arn:aws:cloudwatch:ap-southeast-1:851725589148:alarm:uit-go-dev-rds-high-connections",
            "comparison_operator": "GreaterThanThreshold",
            "datapoints_to_alarm": 0,
            "dimensions": {},
            "evaluate_low_sample_count_percentiles": "",
            "evaluation_periods": 2,
            "extended_statistic": "",
            "id": "uit-go-dev-rds-high-connections",
            "insufficient_data_actions": [],
            "metric_name": "DatabaseConnections",
            "metric_query": [],
            "namespace": "AWS/RDS",
            "ok_actions": [],
            "period": 300,
            "statistic": "Average",
            "tags": {
              "Env": "dev",
              "Owner": "se360-uit-go",
              "Project": "uit-go"
            },
            "tags_all": {
              "Env": "dev",
              "Owner": "se360-uit-go",
              "Project": "uit-go"
            },
            "threshold": 80,
            "threshold_metric_id": "",
            "treat_missing_data": "missing",
            "unit": ""
          },
          "sensitive_attributes": [],
          "identity_schema_version": 0,
          "private": "eyJzY2hlbWFfdmVyc2lvbiI6IjEifQ=="
        }
      ]
    },
    {
      "mode": "managed",
      "type": "aws_ecs_service",
      "name": "svc",
      "provider": "provider[\"registry.terraform.io/hashicorp/aws\"]",
      "instances": [
        {
          "index_key": "api-gateway",
          "schema_version": 1,
          "attributes": {
            "alarms": [],
            "availability_zone_rebalancing": "DISABLED",
            "capacity_provider_strategy": [
              {
                "base": 0,
                "capacity_provider": "FARGATE",
                "weight": 1
              },
              {
                "base": 0,
                "capacity_provider": "FARGATE_SPOT",
                "weight": 2
              }
            ],
            "cluster": "arn:aws:ecs:ap-southeast-1:851725589148:cluster/uit-go-dev-ecs",
            "deployment_circuit_breaker": [
              {
                "enable": false,
                "rollback": false
              }
            ],
            "deployment_controller": [
              {
                "type": "ECS"
              }
            ],
            "deployment_maximum_percent": 200,
            "deployment_minimum_healthy_percent": 100,
            "desired_count": 1,
            "enable_ecs_managed_tags": false,
            "enable_execute_command": false,
            "force_delete": null,
            "force_new_deployment": null,
            "health_check_grace_period_seconds": 0,
            "iam_role": "/aws-service-role/ecs.amazonaws.com/AWSServiceRoleForECS",
            "id": "arn:aws:ecs:ap-southeast-1:851725589148:service/uit-go-dev-ecs/uit-go-dev-api-gateway",
            "launch_type": "",
            "load_balancer": [],
            "name": "uit-go-dev-api-gateway",
            "network_configuration": [
              {
                "assign_public_ip": false,
                "security_groups": [
                  "sg-0d651b091c390b286"
                ],
                "subnets": [
                  "subnet-04ec9412a3d18a774",
                  "subnet-0b51e2af10937ad3d"
                ]
              }
            ],
            "ordered_placement_strategy": [],
            "placement_constraints": [],
            "platform_version": "LATEST",
            "propagate_tags": "NONE",
            "scheduling_strategy": "REPLICA",
            "service_connect_configuration": [],
            "service_registries": [
              {
                "container_name": "",
                "container_port": 0,
                "port": 0,
                "registry_arn": "arn:aws:servicediscovery:ap-southeast-1:851725589148:service/srv-mqncqtv5kmee2ofw"
              }
            ],
            "tags": {
              "Env": "dev",
              "Owner": "se360-uit-go",
              "Project": "uit-go",
              "Service": "api-gateway"
            },
            "tags_all": {
              "Env": "dev",
              "Owner": "se360-uit-go",
              "Project": "uit-go",
              "Service": "api-gateway"
            },
            "task_definition": "arn:aws:ecs:ap-southeast-1:851725589148:task-definition/uit-go-dev-api-gateway:2",
            "timeouts": null,
            "triggers": {},
            "volume_configuration": [],
            "vpc_lattice_configurations": [],
            "wait_for_steady_state": false
          },
          "sensitive_attributes": [],
          "identity_schema_version": 0,
          "private": "eyJlMmJmYjczMC1lY2FhLTExZTYtOGY4OC0zNDM2M2JjN2M0YzAiOnsiY3JlYXRlIjoxMjAwMDAwMDAwMDAwLCJkZWxldGUiOjEyMDAwMDAwMDAwMDAsInVwZGF0ZSI6MTIwMDAwMDAwMDAwMH0sInNjaGVtYV92ZXJzaW9uIjoiMSJ9",
          "dependencies": [
            "aws_cloudwatch_log_group.svc",
            "aws_ecs_task_definition.td",
            "aws_elasticache_replication_group.redis",
            "aws_elasticache_subnet_group.redis",
            "aws_iam_role.task_exec",
            "aws_lb_target_group.api",
            "aws_mq_broker.rabbit",
            "aws_security_group.alb",
            "aws_security_group.db",
            "aws_security_group.ecs_tasks",
            "aws_security_group.mq",
            "aws_security_group.redis",
            "aws_service_discovery_private_dns_namespace.ns",
            "aws_service_discovery_service.sd",
            "data.aws_availability_zones.available",
            "data.aws_iam_policy_document.ecs_tasks_assume",
            "module.ecs.module.cluster.aws_cloudwatch_log_group.this",
            "module.ecs.module.cluster.aws_ecs_cluster.this",
            "module.rds_driver.module.db_instance.aws_cloudwatch_log_group.this",
            "module.rds_driver.module.db_instance.aws_db_instance.this",
            "module.rds_driver.module.db_instance.aws_iam_role.enhanced_monitoring",
            "module.rds_driver.module.db_instance.aws_iam_role_policy_attachment.enhanced_monitoring",
            "module.rds_driver.module.db_instance.aws_secretsmanager_secret_rotation.this",
            "module.rds_driver.module.db_instance.data.aws_iam_policy_document.enhanced_monitoring",
            "module.rds_driver.module.db_instance.data.aws_partition.current",
            "module.rds_driver.module.db_instance.random_id.snapshot_identifier",
            "module.rds_driver.module.db_instance_role_association.aws_db_instance_role_association.this",
            "module.rds_driver.module.db_option_group.aws_db_option_group.this",
            "module.rds_driver.module.db_parameter_group.aws_db_parameter_group.this",
            "module.rds_driver.module.db_subnet_group.aws_db_subnet_group.this",
            "module.rds_trip.module.db_instance.aws_cloudwatch_log_group.this",
            "module.rds_trip.module.db_instance.aws_db_instance.this",
            "module.rds_trip.module.db_instance.aws_iam_role.enhanced_monitoring",
            "module.rds_trip.module.db_instance.aws_iam_role_policy_attachment.enhanced_monitoring",
            "module.rds_trip.module.db_instance.aws_secretsmanager_secret_rotation.this",
            "module.rds_trip.module.db_instance.data.aws_iam_policy_document.enhanced_monitoring",
            "module.rds_trip.module.db_instance.data.aws_partition.current",
            "module.rds_trip.module.db_instance.random_id.snapshot_identifier",
            "module.rds_trip.module.db_instance_role_association.aws_db_instance_role_association.this",
            "module.rds_trip.module.db_option_group.aws_db_option_group.this",
            "module.rds_trip.module.db_parameter_group.aws_db_parameter_group.this",
            "module.rds_trip.module.db_subnet_group.aws_db_subnet_group.this",
            "module.rds_user.module.db_instance.aws_cloudwatch_log_group.this",
            "module.rds_user.module.db_instance.aws_db_instance.this",
            "module.rds_user.module.db_instance.aws_iam_role.enhanced_monitoring",
            "module.rds_user.module.db_instance.aws_iam_role_policy_attachment.enhanced_monitoring",
            "module.rds_user.module.db_instance.aws_secretsmanager_secret_rotation.this",
            "module.rds_user.module.db_instance.data.aws_iam_policy_document.enhanced_monitoring",
            "module.rds_user.module.db_instance.data.aws_partition.current",
            "module.rds_user.module.db_instance.random_id.snapshot_identifier",
            "module.rds_user.module.db_instance_role_association.aws_db_instance_role_association.this",
            "module.rds_user.module.db_option_group.aws_db_option_group.this",
            "module.rds_user.module.db_parameter_group.aws_db_parameter_group.this",
            "module.rds_user.module.db_subnet_group.aws_db_subnet_group.this",
            "module.vpc.aws_subnet.private",
            "module.vpc.aws_vpc.this",
            "module.vpc.aws_vpc_ipv4_cidr_block_association.this",
            "random_password.db",
            "random_password.mq"
          ]
        },
        {
          "index_key": "auth-service",
          "schema_version": 1,
          "attributes": {
            "alarms": [],
            "availability_zone_rebalancing": "DISABLED",
            "capacity_provider_strategy": [
              {
                "base": 0,
                "capacity_provider": "FARGATE",
                "weight": 1
              },
              {
                "base": 0,
                "capacity_provider": "FARGATE_SPOT",
                "weight": 2
              }
            ],
            "cluster": "arn:aws:ecs:ap-southeast-1:851725589148:cluster/uit-go-dev-ecs",
            "deployment_circuit_breaker": [
              {
                "enable": false,
                "rollback": false
              }
            ],
            "deployment_controller": [
              {
                "type": "ECS"
              }
            ],
            "deployment_maximum_percent": 200,
            "deployment_minimum_healthy_percent": 100,
            "desired_count": 1,
            "enable_ecs_managed_tags": false,
            "enable_execute_command": false,
            "force_delete": null,
            "force_new_deployment": null,
            "health_check_grace_period_seconds": 0,
            "iam_role": "/aws-service-role/ecs.amazonaws.com/AWSServiceRoleForECS",
            "id": "arn:aws:ecs:ap-southeast-1:851725589148:service/uit-go-dev-ecs/uit-go-dev-auth-service",
            "launch_type": "",
            "load_balancer": [],
            "name": "uit-go-dev-auth-service",
            "network_configuration": [
              {
                "assign_public_ip": false,
                "security_groups": [
                  "sg-0d651b091c390b286"
                ],
                "subnets": [
                  "subnet-04ec9412a3d18a774",
                  "subnet-0b51e2af10937ad3d"
                ]
              }
            ],
            "ordered_placement_strategy": [],
            "placement_constraints": [],
            "platform_version": "LATEST",
            "propagate_tags": "NONE",
            "scheduling_strategy": "REPLICA",
            "service_connect_configuration": [],
            "service_registries": [
              {
                "container_name": "",
                "container_port": 0,
                "port": 0,
                "registry_arn": "arn:aws:servicediscovery:ap-southeast-1:851725589148:service/srv-h2wvdz5fxrcbpvga"
              }
            ],
            "tags": {
              "Env": "dev",
              "Owner": "se360-uit-go",
              "Project": "uit-go",
              "Service": "auth-service"
            },
            "tags_all": {
              "Env": "dev",
              "Owner": "se360-uit-go",
              "Project": "uit-go",
              "Service": "auth-service"
            },
            "task_definition": "arn:aws:ecs:ap-southeast-1:851725589148:task-definition/uit-go-dev-auth-service:2",
            "timeouts": null,
            "triggers": {},
            "volume_configuration": [],
            "vpc_lattice_configurations": [],
            "wait_for_steady_state": false
          },
          "sensitive_attributes": [],
          "identity_schema_version": 0,
          "private": "eyJlMmJmYjczMC1lY2FhLTExZTYtOGY4OC0zNDM2M2JjN2M0YzAiOnsiY3JlYXRlIjoxMjAwMDAwMDAwMDAwLCJkZWxldGUiOjEyMDAwMDAwMDAwMDAsInVwZGF0ZSI6MTIwMDAwMDAwMDAwMH0sInNjaGVtYV92ZXJzaW9uIjoiMSJ9",
          "dependencies": [
            "aws_cloudwatch_log_group.svc",
            "aws_ecs_task_definition.td",
            "aws_elasticache_replication_group.redis",
            "aws_elasticache_subnet_group.redis",
            "aws_iam_role.task_exec",
            "aws_lb_target_group.api",
            "aws_mq_broker.rabbit",
            "aws_security_group.alb",
            "aws_security_group.db",
            "aws_security_group.ecs_tasks",
            "aws_security_group.mq",
            "aws_security_group.redis",
            "aws_service_discovery_private_dns_namespace.ns",
            "aws_service_discovery_service.sd",
            "data.aws_availability_zones.available",
            "data.aws_iam_policy_document.ecs_tasks_assume",
            "module.ecs.module.cluster.aws_cloudwatch_log_group.this",
            "module.ecs.module.cluster.aws_ecs_cluster.this",
            "module.rds_driver.module.db_instance.aws_cloudwatch_log_group.this",
            "module.rds_driver.module.db_instance.aws_db_instance.this",
            "module.rds_driver.module.db_instance.aws_iam_role.enhanced_monitoring",
            "module.rds_driver.module.db_instance.aws_iam_role_policy_attachment.enhanced_monitoring",
            "module.rds_driver.module.db_instance.aws_secretsmanager_secret_rotation.this",
            "module.rds_driver.module.db_instance.data.aws_iam_policy_document.enhanced_monitoring",
            "module.rds_driver.module.db_instance.data.aws_partition.current",
            "module.rds_driver.module.db_instance.random_id.snapshot_identifier",
            "module.rds_driver.module.db_instance_role_association.aws_db_instance_role_association.this",
            "module.rds_driver.module.db_option_group.aws_db_option_group.this",
            "module.rds_driver.module.db_parameter_group.aws_db_parameter_group.this",
            "module.rds_driver.module.db_subnet_group.aws_db_subnet_group.this",
            "module.rds_trip.module.db_instance.aws_cloudwatch_log_group.this",
            "module.rds_trip.module.db_instance.aws_db_instance.this",
            "module.rds_trip.module.db_instance.aws_iam_role.enhanced_monitoring",
            "module.rds_trip.module.db_instance.aws_iam_role_policy_attachment.enhanced_monitoring",
            "module.rds_trip.module.db_instance.aws_secretsmanager_secret_rotation.this",
            "module.rds_trip.module.db_instance.data.aws_iam_policy_document.enhanced_monitoring",
            "module.rds_trip.module.db_instance.data.aws_partition.current",
            "module.rds_trip.module.db_instance.random_id.snapshot_identifier",
            "module.rds_trip.module.db_instance_role_association.aws_db_instance_role_association.this",
            "module.rds_trip.module.db_option_group.aws_db_option_group.this",
            "module.rds_trip.module.db_parameter_group.aws_db_parameter_group.this",
            "module.rds_trip.module.db_subnet_group.aws_db_subnet_group.this",
            "module.rds_user.module.db_instance.aws_cloudwatch_log_group.this",
            "module.rds_user.module.db_instance.aws_db_instance.this",
            "module.rds_user.module.db_instance.aws_iam_role.enhanced_monitoring",
            "module.rds_user.module.db_instance.aws_iam_role_policy_attachment.enhanced_monitoring",
            "module.rds_user.module.db_instance.aws_secretsmanager_secret_rotation.this",
            "module.rds_user.module.db_instance.data.aws_iam_policy_document.enhanced_monitoring",
            "module.rds_user.module.db_instance.data.aws_partition.current",
            "module.rds_user.module.db_instance.random_id.snapshot_identifier",
            "module.rds_user.module.db_instance_role_association.aws_db_instance_role_association.this",
            "module.rds_user.module.db_option_group.aws_db_option_group.this",
            "module.rds_user.module.db_parameter_group.aws_db_parameter_group.this",
            "module.rds_user.module.db_subnet_group.aws_db_subnet_group.this",
            "module.vpc.aws_subnet.private",
            "module.vpc.aws_vpc.this",
            "module.vpc.aws_vpc_ipv4_cidr_block_association.this",
            "random_password.db",
            "random_password.mq"
          ]
        },
        {
          "index_key": "driver-service",
          "schema_version": 1,
          "attributes": {
            "alarms": [],
            "availability_zone_rebalancing": "DISABLED",
            "capacity_provider_strategy": [
              {
                "base": 0,
                "capacity_provider": "FARGATE",
                "weight": 1
              },
              {
                "base": 0,
                "capacity_provider": "FARGATE_SPOT",
                "weight": 2
              }
            ],
            "cluster": "arn:aws:ecs:ap-southeast-1:851725589148:cluster/uit-go-dev-ecs",
            "deployment_circuit_breaker": [
              {
                "enable": false,
                "rollback": false
              }
            ],
            "deployment_controller": [
              {
                "type": "ECS"
              }
            ],
            "deployment_maximum_percent": 200,
            "deployment_minimum_healthy_percent": 100,
            "desired_count": 1,
            "enable_ecs_managed_tags": false,
            "enable_execute_command": false,
            "force_delete": null,
            "force_new_deployment": null,
            "health_check_grace_period_seconds": 0,
            "iam_role": "/aws-service-role/ecs.amazonaws.com/AWSServiceRoleForECS",
            "id": "arn:aws:ecs:ap-southeast-1:851725589148:service/uit-go-dev-ecs/uit-go-dev-driver-service",
            "launch_type": "",
            "load_balancer": [],
            "name": "uit-go-dev-driver-service",
            "network_configuration": [
              {
                "assign_public_ip": false,
                "security_groups": [
                  "sg-0d651b091c390b286"
                ],
                "subnets": [
                  "subnet-04ec9412a3d18a774",
                  "subnet-0b51e2af10937ad3d"
                ]
              }
            ],
            "ordered_placement_strategy": [],
            "placement_constraints": [],
            "platform_version": "LATEST",
            "propagate_tags": "NONE",
            "scheduling_strategy": "REPLICA",
            "service_connect_configuration": [],
            "service_registries": [
              {
                "container_name": "",
                "container_port": 0,
                "port": 0,
                "registry_arn": "arn:aws:servicediscovery:ap-southeast-1:851725589148:service/srv-wb24oj7cl4tba5wp"
              }
            ],
            "tags": {
              "Env": "dev",
              "Owner": "se360-uit-go",
              "Project": "uit-go",
              "Service": "driver-service"
            },
            "tags_all": {
              "Env": "dev",
              "Owner": "se360-uit-go",
              "Project": "uit-go",
              "Service": "driver-service"
            },
            "task_definition": "arn:aws:ecs:ap-southeast-1:851725589148:task-definition/uit-go-dev-driver-service:2",
            "timeouts": null,
            "triggers": {},
            "volume_configuration": [],
            "vpc_lattice_configurations": [],
            "wait_for_steady_state": false
          },
          "sensitive_attributes": [],
          "identity_schema_version": 0,
          "private": "eyJlMmJmYjczMC1lY2FhLTExZTYtOGY4OC0zNDM2M2JjN2M0YzAiOnsiY3JlYXRlIjoxMjAwMDAwMDAwMDAwLCJkZWxldGUiOjEyMDAwMDAwMDAwMDAsInVwZGF0ZSI6MTIwMDAwMDAwMDAwMH0sInNjaGVtYV92ZXJzaW9uIjoiMSJ9",
          "dependencies": [
            "aws_cloudwatch_log_group.svc",
            "aws_ecs_task_definition.td",
            "aws_elasticache_replication_group.redis",
            "aws_elasticache_subnet_group.redis",
            "aws_iam_role.task_exec",
            "aws_lb_target_group.api",
            "aws_mq_broker.rabbit",
            "aws_security_group.alb",
            "aws_security_group.db",
            "aws_security_group.ecs_tasks",
            "aws_security_group.mq",
            "aws_security_group.redis",
            "aws_service_discovery_private_dns_namespace.ns",
            "aws_service_discovery_service.sd",
            "data.aws_availability_zones.available",
            "data.aws_iam_policy_document.ecs_tasks_assume",
            "module.ecs.module.cluster.aws_cloudwatch_log_group.this",
            "module.ecs.module.cluster.aws_ecs_cluster.this",
            "module.rds_driver.module.db_instance.aws_cloudwatch_log_group.this",
            "module.rds_driver.module.db_instance.aws_db_instance.this",
            "module.rds_driver.module.db_instance.aws_iam_role.enhanced_monitoring",
            "module.rds_driver.module.db_instance.aws_iam_role_policy_attachment.enhanced_monitoring",
            "module.rds_driver.module.db_instance.aws_secretsmanager_secret_rotation.this",
            "module.rds_driver.module.db_instance.data.aws_iam_policy_document.enhanced_monitoring",
            "module.rds_driver.module.db_instance.data.aws_partition.current",
            "module.rds_driver.module.db_instance.random_id.snapshot_identifier",
            "module.rds_driver.module.db_instance_role_association.aws_db_instance_role_association.this",
            "module.rds_driver.module.db_option_group.aws_db_option_group.this",
            "module.rds_driver.module.db_parameter_group.aws_db_parameter_group.this",
            "module.rds_driver.module.db_subnet_group.aws_db_subnet_group.this",
            "module.rds_trip.module.db_instance.aws_cloudwatch_log_group.this",
            "module.rds_trip.module.db_instance.aws_db_instance.this",
            "module.rds_trip.module.db_instance.aws_iam_role.enhanced_monitoring",
            "module.rds_trip.module.db_instance.aws_iam_role_policy_attachment.enhanced_monitoring",
            "module.rds_trip.module.db_instance.aws_secretsmanager_secret_rotation.this",
            "module.rds_trip.module.db_instance.data.aws_iam_policy_document.enhanced_monitoring",
            "module.rds_trip.module.db_instance.data.aws_partition.current",
            "module.rds_trip.module.db_instance.random_id.snapshot_identifier",
            "module.rds_trip.module.db_instance_role_association.aws_db_instance_role_association.this",
            "module.rds_trip.module.db_option_group.aws_db_option_group.this",
            "module.rds_trip.module.db_parameter_group.aws_db_parameter_group.this",
            "module.rds_trip.module.db_subnet_group.aws_db_subnet_group.this",
            "module.rds_user.module.db_instance.aws_cloudwatch_log_group.this",
            "module.rds_user.module.db_instance.aws_db_instance.this",
            "module.rds_user.module.db_instance.aws_iam_role.enhanced_monitoring",
            "module.rds_user.module.db_instance.aws_iam_role_policy_attachment.enhanced_monitoring",
            "module.rds_user.module.db_instance.aws_secretsmanager_secret_rotation.this",
            "module.rds_user.module.db_instance.data.aws_iam_policy_document.enhanced_monitoring",
            "module.rds_user.module.db_instance.data.aws_partition.current",
            "module.rds_user.module.db_instance.random_id.snapshot_identifier",
            "module.rds_user.module.db_instance_role_association.aws_db_instance_role_association.this",
            "module.rds_user.module.db_option_group.aws_db_option_group.this",
            "module.rds_user.module.db_parameter_group.aws_db_parameter_group.this",
            "module.rds_user.module.db_subnet_group.aws_db_subnet_group.this",
            "module.vpc.aws_subnet.private",
            "module.vpc.aws_vpc.this",
            "module.vpc.aws_vpc_ipv4_cidr_block_association.this",
            "random_password.db",
            "random_password.mq"
          ]
        },
        {
          "index_key": "notification-service",
          "schema_version": 1,
          "attributes": {
            "alarms": [],
            "availability_zone_rebalancing": "DISABLED",
            "capacity_provider_strategy": [
              {
                "base": 0,
                "capacity_provider": "FARGATE",
                "weight": 1
              },
              {
                "base": 0,
                "capacity_provider": "FARGATE_SPOT",
                "weight": 2
              }
            ],
            "cluster": "arn:aws:ecs:ap-southeast-1:851725589148:cluster/uit-go-dev-ecs",
            "deployment_circuit_breaker": [
              {
                "enable": false,
                "rollback": false
              }
            ],
            "deployment_controller": [
              {
                "type": "ECS"
              }
            ],
            "deployment_maximum_percent": 200,
            "deployment_minimum_healthy_percent": 100,
            "desired_count": 1,
            "enable_ecs_managed_tags": false,
            "enable_execute_command": false,
            "force_delete": null,
            "force_new_deployment": null,
            "health_check_grace_period_seconds": 0,
            "iam_role": "/aws-service-role/ecs.amazonaws.com/AWSServiceRoleForECS",
            "id": "arn:aws:ecs:ap-southeast-1:851725589148:service/uit-go-dev-ecs/uit-go-dev-notification-service",
            "launch_type": "",
            "load_balancer": [],
            "name": "uit-go-dev-notification-service",
            "network_configuration": [
              {
                "assign_public_ip": false,
                "security_groups": [
                  "sg-0d651b091c390b286"
                ],
                "subnets": [
                  "subnet-04ec9412a3d18a774",
                  "subnet-0b51e2af10937ad3d"
                ]
              }
            ],
            "ordered_placement_strategy": [],
            "placement_constraints": [],
            "platform_version": "LATEST",
            "propagate_tags": "NONE",
            "scheduling_strategy": "REPLICA",
            "service_connect_configuration": [],
            "service_registries": [
              {
                "container_name": "",
                "container_port": 0,
                "port": 0,
                "registry_arn": "arn:aws:servicediscovery:ap-southeast-1:851725589148:service/srv-2xjab7e6x5g3uphz"
              }
            ],
            "tags": {
              "Env": "dev",
              "Owner": "se360-uit-go",
              "Project": "uit-go",
              "Service": "notification-service"
            },
            "tags_all": {
              "Env": "dev",
              "Owner": "se360-uit-go",
              "Project": "uit-go",
              "Service": "notification-service"
            },
            "task_definition": "arn:aws:ecs:ap-southeast-1:851725589148:task-definition/uit-go-dev-notification-service:2",
            "timeouts": null,
            "triggers": {},
            "volume_configuration": [],
            "vpc_lattice_configurations": [],
            "wait_for_steady_state": false
          },
          "sensitive_attributes": [],
          "identity_schema_version": 0,
          "private": "eyJlMmJmYjczMC1lY2FhLTExZTYtOGY4OC0zNDM2M2JjN2M0YzAiOnsiY3JlYXRlIjoxMjAwMDAwMDAwMDAwLCJkZWxldGUiOjEyMDAwMDAwMDAwMDAsInVwZGF0ZSI6MTIwMDAwMDAwMDAwMH0sInNjaGVtYV92ZXJzaW9uIjoiMSJ9",
          "dependencies": [
            "aws_cloudwatch_log_group.svc",
            "aws_ecs_task_definition.td",
            "aws_elasticache_replication_group.redis",
            "aws_elasticache_subnet_group.redis",
            "aws_iam_role.task_exec",
            "aws_lb_target_group.api",
            "aws_mq_broker.rabbit",
            "aws_security_group.alb",
            "aws_security_group.db",
            "aws_security_group.ecs_tasks",
            "aws_security_group.mq",
            "aws_security_group.redis",
            "aws_service_discovery_private_dns_namespace.ns",
            "aws_service_discovery_service.sd",
            "data.aws_availability_zones.available",
            "data.aws_iam_policy_document.ecs_tasks_assume",
            "module.ecs.module.cluster.aws_cloudwatch_log_group.this",
            "module.ecs.module.cluster.aws_ecs_cluster.this",
            "module.rds_driver.module.db_instance.aws_cloudwatch_log_group.this",
            "module.rds_driver.module.db_instance.aws_db_instance.this",
            "module.rds_driver.module.db_instance.aws_iam_role.enhanced_monitoring",
            "module.rds_driver.module.db_instance.aws_iam_role_policy_attachment.enhanced_monitoring",
            "module.rds_driver.module.db_instance.aws_secretsmanager_secret_rotation.this",
            "module.rds_driver.module.db_instance.data.aws_iam_policy_document.enhanced_monitoring",
            "module.rds_driver.module.db_instance.data.aws_partition.current",
            "module.rds_driver.module.db_instance.random_id.snapshot_identifier",
            "module.rds_driver.module.db_instance_role_association.aws_db_instance_role_association.this",
            "module.rds_driver.module.db_option_group.aws_db_option_group.this",
            "module.rds_driver.module.db_parameter_group.aws_db_parameter_group.this",
            "module.rds_driver.module.db_subnet_group.aws_db_subnet_group.this",
            "module.rds_trip.module.db_instance.aws_cloudwatch_log_group.this",
            "module.rds_trip.module.db_instance.aws_db_instance.this",
            "module.rds_trip.module.db_instance.aws_iam_role.enhanced_monitoring",
            "module.rds_trip.module.db_instance.aws_iam_role_policy_attachment.enhanced_monitoring",
            "module.rds_trip.module.db_instance.aws_secretsmanager_secret_rotation.this",
            "module.rds_trip.module.db_instance.data.aws_iam_policy_document.enhanced_monitoring",
            "module.rds_trip.module.db_instance.data.aws_partition.current",
            "module.rds_trip.module.db_instance.random_id.snapshot_identifier",
            "module.rds_trip.module.db_instance_role_association.aws_db_instance_role_association.this",
            "module.rds_trip.module.db_option_group.aws_db_option_group.this",
            "module.rds_trip.module.db_parameter_group.aws_db_parameter_group.this",
            "module.rds_trip.module.db_subnet_group.aws_db_subnet_group.this",
            "module.rds_user.module.db_instance.aws_cloudwatch_log_group.this",
            "module.rds_user.module.db_instance.aws_db_instance.this",
            "module.rds_user.module.db_instance.aws_iam_role.enhanced_monitoring",
            "module.rds_user.module.db_instance.aws_iam_role_policy_attachment.enhanced_monitoring",
            "module.rds_user.module.db_instance.aws_secretsmanager_secret_rotation.this",
            "module.rds_user.module.db_instance.data.aws_iam_policy_document.enhanced_monitoring",
            "module.rds_user.module.db_instance.data.aws_partition.current",
            "module.rds_user.module.db_instance.random_id.snapshot_identifier",
            "module.rds_user.module.db_instance_role_association.aws_db_instance_role_association.this",
            "module.rds_user.module.db_option_group.aws_db_option_group.this",
            "module.rds_user.module.db_parameter_group.aws_db_parameter_group.this",
            "module.rds_user.module.db_subnet_group.aws_db_subnet_group.this",
            "module.vpc.aws_subnet.private",
            "module.vpc.aws_vpc.this",
            "module.vpc.aws_vpc_ipv4_cidr_block_association.this",
            "random_password.db",
            "random_password.mq"
          ]
        },
        {
          "index_key": "trip-service",
          "schema_version": 1,
          "attributes": {
            "alarms": [],
            "availability_zone_rebalancing": "DISABLED",
            "capacity_provider_strategy": [
              {
                "base": 0,
                "capacity_provider": "FARGATE",
                "weight": 1
              },
              {
                "base": 0,
                "capacity_provider": "FARGATE_SPOT",
                "weight": 2
              }
            ],
            "cluster": "arn:aws:ecs:ap-southeast-1:851725589148:cluster/uit-go-dev-ecs",
            "deployment_circuit_breaker": [
              {
                "enable": false,
                "rollback": false
              }
            ],
            "deployment_controller": [
              {
                "type": "ECS"
              }
            ],
            "deployment_maximum_percent": 200,
            "deployment_minimum_healthy_percent": 100,
            "desired_count": 1,
            "enable_ecs_managed_tags": false,
            "enable_execute_command": false,
            "force_delete": null,
            "force_new_deployment": null,
            "health_check_grace_period_seconds": 0,
            "iam_role": "/aws-service-role/ecs.amazonaws.com/AWSServiceRoleForECS",
            "id": "arn:aws:ecs:ap-southeast-1:851725589148:service/uit-go-dev-ecs/uit-go-dev-trip-service",
            "launch_type": "",
            "load_balancer": [],
            "name": "uit-go-dev-trip-service",
            "network_configuration": [
              {
                "assign_public_ip": false,
                "security_groups": [
                  "sg-0d651b091c390b286"
                ],
                "subnets": [
                  "subnet-04ec9412a3d18a774",
                  "subnet-0b51e2af10937ad3d"
                ]
              }
            ],
            "ordered_placement_strategy": [],
            "placement_constraints": [],
            "platform_version": "LATEST",
            "propagate_tags": "NONE",
            "scheduling_strategy": "REPLICA",
            "service_connect_configuration": [],
            "service_registries": [
              {
                "container_name": "",
                "container_port": 0,
                "port": 0,
                "registry_arn": "arn:aws:servicediscovery:ap-southeast-1:851725589148:service/srv-qkzftdymwvfchvlv"
              }
            ],
            "tags": {
              "Env": "dev",
              "Owner": "se360-uit-go",
              "Project": "uit-go",
              "Service": "trip-service"
            },
            "tags_all": {
              "Env": "dev",
              "Owner": "se360-uit-go",
              "Project": "uit-go",
              "Service": "trip-service"
            },
            "task_definition": "arn:aws:ecs:ap-southeast-1:851725589148:task-definition/uit-go-dev-trip-service:2",
            "timeouts": null,
            "triggers": {},
            "volume_configuration": [],
            "vpc_lattice_configurations": [],
            "wait_for_steady_state": false
          },
          "sensitive_attributes": [],
          "identity_schema_version": 0,
          "private": "eyJlMmJmYjczMC1lY2FhLTExZTYtOGY4OC0zNDM2M2JjN2M0YzAiOnsiY3JlYXRlIjoxMjAwMDAwMDAwMDAwLCJkZWxldGUiOjEyMDAwMDAwMDAwMDAsInVwZGF0ZSI6MTIwMDAwMDAwMDAwMH0sInNjaGVtYV92ZXJzaW9uIjoiMSJ9",
          "dependencies": [
            "aws_cloudwatch_log_group.svc",
            "aws_ecs_task_definition.td",
            "aws_elasticache_replication_group.redis",
            "aws_elasticache_subnet_group.redis",
            "aws_iam_role.task_exec",
            "aws_lb_target_group.api",
            "aws_mq_broker.rabbit",
            "aws_security_group.alb",
            "aws_security_group.db",
            "aws_security_group.ecs_tasks",
            "aws_security_group.mq",
            "aws_security_group.redis",
            "aws_service_discovery_private_dns_namespace.ns",
            "aws_service_discovery_service.sd",
            "data.aws_availability_zones.available",
            "data.aws_iam_policy_document.ecs_tasks_assume",
            "module.ecs.module.cluster.aws_cloudwatch_log_group.this",
            "module.ecs.module.cluster.aws_ecs_cluster.this",
            "module.rds_driver.module.db_instance.aws_cloudwatch_log_group.this",
            "module.rds_driver.module.db_instance.aws_db_instance.this",
            "module.rds_driver.module.db_instance.aws_iam_role.enhanced_monitoring",
            "module.rds_driver.module.db_instance.aws_iam_role_policy_attachment.enhanced_monitoring",
            "module.rds_driver.module.db_instance.aws_secretsmanager_secret_rotation.this",
            "module.rds_driver.module.db_instance.data.aws_iam_policy_document.enhanced_monitoring",
            "module.rds_driver.module.db_instance.data.aws_partition.current",
            "module.rds_driver.module.db_instance.random_id.snapshot_identifier",
            "module.rds_driver.module.db_instance_role_association.aws_db_instance_role_association.this",
            "module.rds_driver.module.db_option_group.aws_db_option_group.this",
            "module.rds_driver.module.db_parameter_group.aws_db_parameter_group.this",
            "module.rds_driver.module.db_subnet_group.aws_db_subnet_group.this",
            "module.rds_trip.module.db_instance.aws_cloudwatch_log_group.this",
            "module.rds_trip.module.db_instance.aws_db_instance.this",
            "module.rds_trip.module.db_instance.aws_iam_role.enhanced_monitoring",
            "module.rds_trip.module.db_instance.aws_iam_role_policy_attachment.enhanced_monitoring",
            "module.rds_trip.module.db_instance.aws_secretsmanager_secret_rotation.this",
            "module.rds_trip.module.db_instance.data.aws_iam_policy_document.enhanced_monitoring",
            "module.rds_trip.module.db_instance.data.aws_partition.current",
            "module.rds_trip.module.db_instance.random_id.snapshot_identifier",
            "module.rds_trip.module.db_instance_role_association.aws_db_instance_role_association.this",
            "module.rds_trip.module.db_option_group.aws_db_option_group.this",
            "module.rds_trip.module.db_parameter_group.aws_db_parameter_group.this",
            "module.rds_trip.module.db_subnet_group.aws_db_subnet_group.this",
            "module.rds_user.module.db_instance.aws_cloudwatch_log_group.this",
            "module.rds_user.module.db_instance.aws_db_instance.this",
            "module.rds_user.module.db_instance.aws_iam_role.enhanced_monitoring",
            "module.rds_user.module.db_instance.aws_iam_role_policy_attachment.enhanced_monitoring",
            "module.rds_user.module.db_instance.aws_secretsmanager_secret_rotation.this",
            "module.rds_user.module.db_instance.data.aws_iam_policy_document.enhanced_monitoring",
            "module.rds_user.module.db_instance.data.aws_partition.current",
            "module.rds_user.module.db_instance.random_id.snapshot_identifier",
            "module.rds_user.module.db_instance_role_association.aws_db_instance_role_association.this",
            "module.rds_user.module.db_option_group.aws_db_option_group.this",
            "module.rds_user.module.db_parameter_group.aws_db_parameter_group.this",
            "module.rds_user.module.db_subnet_group.aws_db_subnet_group.this",
            "module.vpc.aws_subnet.private",
            "module.vpc.aws_vpc.this",
            "module.vpc.aws_vpc_ipv4_cidr_block_association.this",
            "random_password.db",
            "random_password.mq"
          ]
        },
        {
          "index_key": "user-service",
          "schema_version": 1,
          "attributes": {
            "alarms": [],
            "availability_zone_rebalancing": "DISABLED",
            "capacity_provider_strategy": [
              {
                "base": 0,
                "capacity_provider": "FARGATE",
                "weight": 1
              },
              {
                "base": 0,
                "capacity_provider": "FARGATE_SPOT",
                "weight": 2
              }
            ],
            "cluster": "arn:aws:ecs:ap-southeast-1:851725589148:cluster/uit-go-dev-ecs",
            "deployment_circuit_breaker": [
              {
                "enable": false,
                "rollback": false
              }
            ],
            "deployment_controller": [
              {
                "type": "ECS"
              }
            ],
            "deployment_maximum_percent": 200,
            "deployment_minimum_healthy_percent": 100,
            "desired_count": 1,
            "enable_ecs_managed_tags": false,
            "enable_execute_command": false,
            "force_delete": null,
            "force_new_deployment": null,
            "health_check_grace_period_seconds": 0,
            "iam_role": "/aws-service-role/ecs.amazonaws.com/AWSServiceRoleForECS",
            "id": "arn:aws:ecs:ap-southeast-1:851725589148:service/uit-go-dev-ecs/uit-go-dev-user-service",
            "launch_type": "",
            "load_balancer": [],
            "name": "uit-go-dev-user-service",
            "network_configuration": [
              {
                "assign_public_ip": false,
                "security_groups": [
                  "sg-0d651b091c390b286"
                ],
                "subnets": [
                  "subnet-04ec9412a3d18a774",
                  "subnet-0b51e2af10937ad3d"
                ]
              }
            ],
            "ordered_placement_strategy": [],
            "placement_constraints": [],
            "platform_version": "LATEST",
            "propagate_tags": "NONE",
            "scheduling_strategy": "REPLICA",
            "service_connect_configuration": [],
            "service_registries": [
              {
                "container_name": "",
                "container_port": 0,
                "port": 0,
                "registry_arn": "arn:aws:servicediscovery:ap-southeast-1:851725589148:service/srv-5c2qkdme33l532cd"
              }
            ],
            "tags": {
              "Env": "dev",
              "Owner": "se360-uit-go",
              "Project": "uit-go",
              "Service": "user-service"
            },
            "tags_all": {
              "Env": "dev",
              "Owner": "se360-uit-go",
              "Project": "uit-go",
              "Service": "user-service"
            },
            "task_definition": "arn:aws:ecs:ap-southeast-1:851725589148:task-definition/uit-go-dev-user-service:2",
            "timeouts": null,
            "triggers": {},
            "volume_configuration": [],
            "vpc_lattice_configurations": [],
            "wait_for_steady_state": false
          },
          "sensitive_attributes": [],
          "identity_schema_version": 0,
          "private": "eyJlMmJmYjczMC1lY2FhLTExZTYtOGY4OC0zNDM2M2JjN2M0YzAiOnsiY3JlYXRlIjoxMjAwMDAwMDAwMDAwLCJkZWxldGUiOjEyMDAwMDAwMDAwMDAsInVwZGF0ZSI6MTIwMDAwMDAwMDAwMH0sInNjaGVtYV92ZXJzaW9uIjoiMSJ9",
          "dependencies": [
            "aws_cloudwatch_log_group.svc",
            "aws_ecs_task_definition.td",
            "aws_elasticache_replication_group.redis",
            "aws_elasticache_subnet_group.redis",
            "aws_iam_role.task_exec",
            "aws_lb_target_group.api",
            "aws_mq_broker.rabbit",
            "aws_security_group.alb",
            "aws_security_group.db",
            "aws_security_group.ecs_tasks",
            "aws_security_group.mq",
            "aws_security_group.redis",
            "aws_service_discovery_private_dns_namespace.ns",
            "aws_service_discovery_service.sd",
            "data.aws_availability_zones.available",
            "data.aws_iam_policy_document.ecs_tasks_assume",
            "module.ecs.module.cluster.aws_cloudwatch_log_group.this",
            "module.ecs.module.cluster.aws_ecs_cluster.this",
            "module.rds_driver.module.db_instance.aws_cloudwatch_log_group.this",
            "module.rds_driver.module.db_instance.aws_db_instance.this",
            "module.rds_driver.module.db_instance.aws_iam_role.enhanced_monitoring",
            "module.rds_driver.module.db_instance.aws_iam_role_policy_attachment.enhanced_monitoring",
            "module.rds_driver.module.db_instance.aws_secretsmanager_secret_rotation.this",
            "module.rds_driver.module.db_instance.data.aws_iam_policy_document.enhanced_monitoring",
            "module.rds_driver.module.db_instance.data.aws_partition.current",
            "module.rds_driver.module.db_instance.random_id.snapshot_identifier",
            "module.rds_driver.module.db_instance_role_association.aws_db_instance_role_association.this",
            "module.rds_driver.module.db_option_group.aws_db_option_group.this",
            "module.rds_driver.module.db_parameter_group.aws_db_parameter_group.this",
            "module.rds_driver.module.db_subnet_group.aws_db_subnet_group.this",
            "module.rds_trip.module.db_instance.aws_cloudwatch_log_group.this",
            "module.rds_trip.module.db_instance.aws_db_instance.this",
            "module.rds_trip.module.db_instance.aws_iam_role.enhanced_monitoring",
            "module.rds_trip.module.db_instance.aws_iam_role_policy_attachment.enhanced_monitoring",
            "module.rds_trip.module.db_instance.aws_secretsmanager_secret_rotation.this",
            "module.rds_trip.module.db_instance.data.aws_iam_policy_document.enhanced_monitoring",
            "module.rds_trip.module.db_instance.data.aws_partition.current",
            "module.rds_trip.module.db_instance.random_id.snapshot_identifier",
            "module.rds_trip.module.db_instance_role_association.aws_db_instance_role_association.this",
            "module.rds_trip.module.db_option_group.aws_db_option_group.this",
            "module.rds_trip.module.db_parameter_group.aws_db_parameter_group.this",
            "module.rds_trip.module.db_subnet_group.aws_db_subnet_group.this",
            "module.rds_user.module.db_instance.aws_cloudwatch_log_group.this",
            "module.rds_user.module.db_instance.aws_db_instance.this",
            "module.rds_user.module.db_instance.aws_iam_role.enhanced_monitoring",
            "module.rds_user.module.db_instance.aws_iam_role_policy_attachment.enhanced_monitoring",
            "module.rds_user.module.db_instance.aws_secretsmanager_secret_rotation.this",
            "module.rds_user.module.db_instance.data.aws_iam_policy_document.enhanced_monitoring",
            "module.rds_user.module.db_instance.data.aws_partition.current",
            "module.rds_user.module.db_instance.random_id.snapshot_identifier",
            "module.rds_user.module.db_instance_role_association.aws_db_instance_role_association.this",
            "module.rds_user.module.db_option_group.aws_db_option_group.this",
            "module.rds_user.module.db_parameter_group.aws_db_parameter_group.this",
            "module.rds_user.module.db_subnet_group.aws_db_subnet_group.this",
            "module.vpc.aws_subnet.private",
            "module.vpc.aws_vpc.this",
            "module.vpc.aws_vpc_ipv4_cidr_block_association.this",
            "random_password.db",
            "random_password.mq"
          ]
        }
      ]
    },
    {
      "mode": "managed",
      "type": "aws_ecs_task_definition",
      "name": "td",
      "provider": "provider[\"registry.terraform.io/hashicorp/aws\"]",
      "instances": [
        {
          "index_key": "api-gateway",
          "schema_version": 1,
          "attributes": {
            "arn": "arn:aws:ecs:ap-southeast-1:851725589148:task-definition/uit-go-dev-api-gateway:2",
            "arn_without_revision": "arn:aws:ecs:ap-southeast-1:851725589148:task-definition/uit-go-dev-api-gateway",
            "container_definitions": "[{\"environment\":[{\"name\":\"PORT\",\"value\":\"3000\"},{\"name\":\"SUPABASE_JWT_SECRET\",\"value\":\"cNQC78k4McjKWABI/rvIcrfKV/j3TdLJHtLU1vcxDj8uc6zInOJP8oM/fCR3uztegO+E0nJQdN2T6rlqAx+IoQ== \\nqasczjzmpolxwphsvqyp.supabase.co\"},{\"name\":\"SUPABASE_KEY\",\"value\":\"eyJhbGciOiJIUzI1NiIsInR5cCI6IkpXVCJ9.eyJpc3MiOiJzdXBhYmFzZSIsInJlZiI6InFhc2N6anptcG9seHdwaHN2cXlwIiwicm9sZSI6InNlcnZpY2Vfcm9sZSIsImlhdCI6MTc2MTUyOTYyMCwiZXhwIjoyMDc3MTA1NjIwfQ.MiYJA4ejC1QfL4OtwTKj1vI9WKbvSVKBW2cj7L3Nb_o\"},{\"name\":\"SUPABASE_URL\",\"value\":\"https://qasczjzmpolxwphsvqyp.supabase.co\"},{\"name\":\"USER_SERVICE_HOST\",\"value\":\"user.local\"},{\"name\":\"USER_SERVICE_PORT\",\"value\":\"3002\"}],\"essential\":true,\"image\":\"ghcr.io/quangtienngo661/uit-go-api-gateway:latest\",\"logConfiguration\":{\"logDriver\":\"awslogs\",\"options\":{\"awslogs-stream-prefix\":\"api-gateway\",\"awslogs-group\":\"/uit-go-dev/services\",\"awslogs-region\":\"ap-southeast-1\"}},\"mountPoints\":[],\"name\":\"api-gateway\",\"portMappings\":[{\"containerPort\":3000,\"hostPort\":3000,\"protocol\":\"tcp\"}],\"systemControls\":[],\"volumesFrom\":[]}]",
            "cpu": "512",
            "enable_fault_injection": false,
            "ephemeral_storage": [],
            "execution_role_arn": "arn:aws:iam::851725589148:role/uit-go-dev-ecsTaskExec",
            "family": "uit-go-dev-api-gateway",
            "id": "uit-go-dev-api-gateway",
            "inference_accelerator": [],
            "ipc_mode": "",
            "memory": "1024",
            "network_mode": "awsvpc",
            "pid_mode": "",
            "placement_constraints": [],
            "proxy_configuration": [],
            "requires_compatibilities": [
              "FARGATE"
            ],
            "revision": 2,
            "runtime_platform": [],
            "skip_destroy": false,
            "tags": {
              "Env": "dev",
              "Owner": "se360-uit-go",
              "Project": "uit-go",
              "Service": "api-gateway"
            },
            "tags_all": {
              "Env": "dev",
              "Owner": "se360-uit-go",
              "Project": "uit-go",
              "Service": "api-gateway"
            },
            "task_role_arn": "",
            "track_latest": false,
            "volume": []
          },
          "sensitive_attributes": [
            [
              {
                "type": "get_attr",
                "value": "container_definitions"
              }
            ]
          ],
          "identity_schema_version": 0,
          "private": "eyJzY2hlbWFfdmVyc2lvbiI6IjEifQ==",
          "dependencies": [
            "aws_cloudwatch_log_group.svc",
            "aws_elasticache_replication_group.redis",
            "aws_elasticache_subnet_group.redis",
            "aws_iam_role.task_exec",
            "aws_mq_broker.rabbit",
            "aws_security_group.alb",
            "aws_security_group.db",
            "aws_security_group.ecs_tasks",
            "aws_security_group.mq",
            "aws_security_group.redis",
            "data.aws_availability_zones.available",
            "data.aws_iam_policy_document.ecs_tasks_assume",
            "module.rds_driver.module.db_instance.aws_cloudwatch_log_group.this",
            "module.rds_driver.module.db_instance.aws_db_instance.this",
            "module.rds_driver.module.db_instance.aws_iam_role.enhanced_monitoring",
            "module.rds_driver.module.db_instance.aws_iam_role_policy_attachment.enhanced_monitoring",
            "module.rds_driver.module.db_instance.aws_secretsmanager_secret_rotation.this",
            "module.rds_driver.module.db_instance.data.aws_iam_policy_document.enhanced_monitoring",
            "module.rds_driver.module.db_instance.data.aws_partition.current",
            "module.rds_driver.module.db_instance.random_id.snapshot_identifier",
            "module.rds_driver.module.db_instance_role_association.aws_db_instance_role_association.this",
            "module.rds_driver.module.db_option_group.aws_db_option_group.this",
            "module.rds_driver.module.db_parameter_group.aws_db_parameter_group.this",
            "module.rds_driver.module.db_subnet_group.aws_db_subnet_group.this",
            "module.rds_trip.module.db_instance.aws_cloudwatch_log_group.this",
            "module.rds_trip.module.db_instance.aws_db_instance.this",
            "module.rds_trip.module.db_instance.aws_iam_role.enhanced_monitoring",
            "module.rds_trip.module.db_instance.aws_iam_role_policy_attachment.enhanced_monitoring",
            "module.rds_trip.module.db_instance.aws_secretsmanager_secret_rotation.this",
            "module.rds_trip.module.db_instance.data.aws_iam_policy_document.enhanced_monitoring",
            "module.rds_trip.module.db_instance.data.aws_partition.current",
            "module.rds_trip.module.db_instance.random_id.snapshot_identifier",
            "module.rds_trip.module.db_instance_role_association.aws_db_instance_role_association.this",
            "module.rds_trip.module.db_option_group.aws_db_option_group.this",
            "module.rds_trip.module.db_parameter_group.aws_db_parameter_group.this",
            "module.rds_trip.module.db_subnet_group.aws_db_subnet_group.this",
            "module.rds_user.module.db_instance.aws_cloudwatch_log_group.this",
            "module.rds_user.module.db_instance.aws_db_instance.this",
            "module.rds_user.module.db_instance.aws_iam_role.enhanced_monitoring",
            "module.rds_user.module.db_instance.aws_iam_role_policy_attachment.enhanced_monitoring",
            "module.rds_user.module.db_instance.aws_secretsmanager_secret_rotation.this",
            "module.rds_user.module.db_instance.data.aws_iam_policy_document.enhanced_monitoring",
            "module.rds_user.module.db_instance.data.aws_partition.current",
            "module.rds_user.module.db_instance.random_id.snapshot_identifier",
            "module.rds_user.module.db_instance_role_association.aws_db_instance_role_association.this",
            "module.rds_user.module.db_option_group.aws_db_option_group.this",
            "module.rds_user.module.db_parameter_group.aws_db_parameter_group.this",
            "module.rds_user.module.db_subnet_group.aws_db_subnet_group.this",
            "module.vpc.aws_subnet.private",
            "module.vpc.aws_vpc.this",
            "module.vpc.aws_vpc_ipv4_cidr_block_association.this",
            "random_password.db",
            "random_password.mq"
          ]
        },
        {
          "index_key": "auth-service",
          "schema_version": 1,
          "attributes": {
            "arn": "arn:aws:ecs:ap-southeast-1:851725589148:task-definition/uit-go-dev-auth-service:2",
            "arn_without_revision": "arn:aws:ecs:ap-southeast-1:851725589148:task-definition/uit-go-dev-auth-service",
            "container_definitions": "[{\"environment\":[{\"name\":\"PORT\",\"value\":\"3001\"},{\"name\":\"SUPABASE_JWT_SECRET\",\"value\":\"cNQC78k4McjKWABI/rvIcrfKV/j3TdLJHtLU1vcxDj8uc6zInOJP8oM/fCR3uztegO+E0nJQdN2T6rlqAx+IoQ== \\nqasczjzmpolxwphsvqyp.supabase.co\"},{\"name\":\"SUPABASE_KEY\",\"value\":\"eyJhbGciOiJIUzI1NiIsInR5cCI6IkpXVCJ9.eyJpc3MiOiJzdXBhYmFzZSIsInJlZiI6InFhc2N6anptcG9seHdwaHN2cXlwIiwicm9sZSI6InNlcnZpY2Vfcm9sZSIsImlhdCI6MTc2MTUyOTYyMCwiZXhwIjoyMDc3MTA1NjIwfQ.MiYJA4ejC1QfL4OtwTKj1vI9WKbvSVKBW2cj7L3Nb_o\"},{\"name\":\"SUPABASE_URL\",\"value\":\"https://qasczjzmpolxwphsvqyp.supabase.co\"},{\"name\":\"USER_SERVICE_HOST\",\"value\":\"user.local\"},{\"name\":\"USER_SERVICE_PORT\",\"value\":\"3002\"}],\"essential\":true,\"image\":\"ghcr.io/quangtienngo661/uit-go-auth:latest\",\"logConfiguration\":{\"logDriver\":\"awslogs\",\"options\":{\"awslogs-group\":\"/uit-go-dev/services\",\"awslogs-region\":\"ap-southeast-1\",\"awslogs-stream-prefix\":\"auth-service\"}},\"mountPoints\":[],\"name\":\"auth-service\",\"portMappings\":[{\"containerPort\":3001,\"hostPort\":3001,\"protocol\":\"tcp\"}],\"systemControls\":[],\"volumesFrom\":[]}]",
            "cpu": "512",
            "enable_fault_injection": false,
            "ephemeral_storage": [],
            "execution_role_arn": "arn:aws:iam::851725589148:role/uit-go-dev-ecsTaskExec",
            "family": "uit-go-dev-auth-service",
            "id": "uit-go-dev-auth-service",
            "inference_accelerator": [],
            "ipc_mode": "",
            "memory": "1024",
            "network_mode": "awsvpc",
            "pid_mode": "",
            "placement_constraints": [],
            "proxy_configuration": [],
            "requires_compatibilities": [
              "FARGATE"
            ],
            "revision": 2,
            "runtime_platform": [],
            "skip_destroy": false,
            "tags": {
              "Env": "dev",
              "Owner": "se360-uit-go",
              "Project": "uit-go",
              "Service": "auth-service"
            },
            "tags_all": {
              "Env": "dev",
              "Owner": "se360-uit-go",
              "Project": "uit-go",
              "Service": "auth-service"
            },
            "task_role_arn": "",
            "track_latest": false,
            "volume": []
          },
          "sensitive_attributes": [
            [
              {
                "type": "get_attr",
                "value": "container_definitions"
              }
            ]
          ],
          "identity_schema_version": 0,
          "private": "eyJzY2hlbWFfdmVyc2lvbiI6IjEifQ==",
          "dependencies": [
            "aws_cloudwatch_log_group.svc",
            "aws_elasticache_replication_group.redis",
            "aws_elasticache_subnet_group.redis",
            "aws_iam_role.task_exec",
            "aws_mq_broker.rabbit",
            "aws_security_group.alb",
            "aws_security_group.db",
            "aws_security_group.ecs_tasks",
            "aws_security_group.mq",
            "aws_security_group.redis",
            "data.aws_availability_zones.available",
            "data.aws_iam_policy_document.ecs_tasks_assume",
            "module.rds_driver.module.db_instance.aws_cloudwatch_log_group.this",
            "module.rds_driver.module.db_instance.aws_db_instance.this",
            "module.rds_driver.module.db_instance.aws_iam_role.enhanced_monitoring",
            "module.rds_driver.module.db_instance.aws_iam_role_policy_attachment.enhanced_monitoring",
            "module.rds_driver.module.db_instance.aws_secretsmanager_secret_rotation.this",
            "module.rds_driver.module.db_instance.data.aws_iam_policy_document.enhanced_monitoring",
            "module.rds_driver.module.db_instance.data.aws_partition.current",
            "module.rds_driver.module.db_instance.random_id.snapshot_identifier",
            "module.rds_driver.module.db_instance_role_association.aws_db_instance_role_association.this",
            "module.rds_driver.module.db_option_group.aws_db_option_group.this",
            "module.rds_driver.module.db_parameter_group.aws_db_parameter_group.this",
            "module.rds_driver.module.db_subnet_group.aws_db_subnet_group.this",
            "module.rds_trip.module.db_instance.aws_cloudwatch_log_group.this",
            "module.rds_trip.module.db_instance.aws_db_instance.this",
            "module.rds_trip.module.db_instance.aws_iam_role.enhanced_monitoring",
            "module.rds_trip.module.db_instance.aws_iam_role_policy_attachment.enhanced_monitoring",
            "module.rds_trip.module.db_instance.aws_secretsmanager_secret_rotation.this",
            "module.rds_trip.module.db_instance.data.aws_iam_policy_document.enhanced_monitoring",
            "module.rds_trip.module.db_instance.data.aws_partition.current",
            "module.rds_trip.module.db_instance.random_id.snapshot_identifier",
            "module.rds_trip.module.db_instance_role_association.aws_db_instance_role_association.this",
            "module.rds_trip.module.db_option_group.aws_db_option_group.this",
            "module.rds_trip.module.db_parameter_group.aws_db_parameter_group.this",
            "module.rds_trip.module.db_subnet_group.aws_db_subnet_group.this",
            "module.rds_user.module.db_instance.aws_cloudwatch_log_group.this",
            "module.rds_user.module.db_instance.aws_db_instance.this",
            "module.rds_user.module.db_instance.aws_iam_role.enhanced_monitoring",
            "module.rds_user.module.db_instance.aws_iam_role_policy_attachment.enhanced_monitoring",
            "module.rds_user.module.db_instance.aws_secretsmanager_secret_rotation.this",
            "module.rds_user.module.db_instance.data.aws_iam_policy_document.enhanced_monitoring",
            "module.rds_user.module.db_instance.data.aws_partition.current",
            "module.rds_user.module.db_instance.random_id.snapshot_identifier",
            "module.rds_user.module.db_instance_role_association.aws_db_instance_role_association.this",
            "module.rds_user.module.db_option_group.aws_db_option_group.this",
            "module.rds_user.module.db_parameter_group.aws_db_parameter_group.this",
            "module.rds_user.module.db_subnet_group.aws_db_subnet_group.this",
            "module.vpc.aws_subnet.private",
            "module.vpc.aws_vpc.this",
            "module.vpc.aws_vpc_ipv4_cidr_block_association.this",
            "random_password.db",
            "random_password.mq"
          ]
        },
        {
          "index_key": "driver-service",
          "schema_version": 1,
          "attributes": {
            "arn": "arn:aws:ecs:ap-southeast-1:851725589148:task-definition/uit-go-dev-driver-service:2",
            "arn_without_revision": "arn:aws:ecs:ap-southeast-1:851725589148:task-definition/uit-go-dev-driver-service",
            "container_definitions": "[{\"environment\":[{\"name\":\"DRIVERDB_DATABASE\",\"value\":\"\"},{\"name\":\"DRIVERDB_HOST\",\"value\":\"\"},{\"name\":\"DRIVERDB_PASSWORD\",\"value\":\"\"},{\"name\":\"DRIVERDB_PORT\",\"value\":\"\"},{\"name\":\"DRIVERDB_USERNAME\",\"value\":\"\"},{\"name\":\"PORT\",\"value\":\"3004\"},{\"name\":\"REDIS_HOST\",\"value\":\"\"},{\"name\":\"REDIS_PORT\",\"value\":\"\"}],\"essential\":true,\"image\":\"ghcr.io/quangtienngo661/uit-go-driver:latest\",\"logConfiguration\":{\"logDriver\":\"awslogs\",\"options\":{\"awslogs-stream-prefix\":\"driver-service\",\"awslogs-group\":\"/uit-go-dev/services\",\"awslogs-region\":\"ap-southeast-1\"}},\"mountPoints\":[],\"name\":\"driver-service\",\"portMappings\":[{\"containerPort\":3004,\"hostPort\":3004,\"protocol\":\"tcp\"}],\"systemControls\":[],\"volumesFrom\":[]}]",
            "cpu": "512",
            "enable_fault_injection": false,
            "ephemeral_storage": [],
            "execution_role_arn": "arn:aws:iam::851725589148:role/uit-go-dev-ecsTaskExec",
            "family": "uit-go-dev-driver-service",
            "id": "uit-go-dev-driver-service",
            "inference_accelerator": [],
            "ipc_mode": "",
            "memory": "1024",
            "network_mode": "awsvpc",
            "pid_mode": "",
            "placement_constraints": [],
            "proxy_configuration": [],
            "requires_compatibilities": [
              "FARGATE"
            ],
            "revision": 2,
            "runtime_platform": [],
            "skip_destroy": false,
            "tags": {
              "Env": "dev",
              "Owner": "se360-uit-go",
              "Project": "uit-go",
              "Service": "driver-service"
            },
            "tags_all": {
              "Env": "dev",
              "Owner": "se360-uit-go",
              "Project": "uit-go",
              "Service": "driver-service"
            },
            "task_role_arn": "",
            "track_latest": false,
            "volume": []
          },
          "sensitive_attributes": [
            [
              {
                "type": "get_attr",
                "value": "container_definitions"
              }
            ]
          ],
          "identity_schema_version": 0,
          "private": "eyJzY2hlbWFfdmVyc2lvbiI6IjEifQ==",
          "dependencies": [
            "aws_cloudwatch_log_group.svc",
            "aws_elasticache_replication_group.redis",
            "aws_elasticache_subnet_group.redis",
            "aws_iam_role.task_exec",
            "aws_mq_broker.rabbit",
            "aws_security_group.alb",
            "aws_security_group.db",
            "aws_security_group.ecs_tasks",
            "aws_security_group.mq",
            "aws_security_group.redis",
            "data.aws_availability_zones.available",
            "data.aws_iam_policy_document.ecs_tasks_assume",
            "module.rds_driver.module.db_instance.aws_cloudwatch_log_group.this",
            "module.rds_driver.module.db_instance.aws_db_instance.this",
            "module.rds_driver.module.db_instance.aws_iam_role.enhanced_monitoring",
            "module.rds_driver.module.db_instance.aws_iam_role_policy_attachment.enhanced_monitoring",
            "module.rds_driver.module.db_instance.aws_secretsmanager_secret_rotation.this",
            "module.rds_driver.module.db_instance.data.aws_iam_policy_document.enhanced_monitoring",
            "module.rds_driver.module.db_instance.data.aws_partition.current",
            "module.rds_driver.module.db_instance.random_id.snapshot_identifier",
            "module.rds_driver.module.db_instance_role_association.aws_db_instance_role_association.this",
            "module.rds_driver.module.db_option_group.aws_db_option_group.this",
            "module.rds_driver.module.db_parameter_group.aws_db_parameter_group.this",
            "module.rds_driver.module.db_subnet_group.aws_db_subnet_group.this",
            "module.rds_trip.module.db_instance.aws_cloudwatch_log_group.this",
            "module.rds_trip.module.db_instance.aws_db_instance.this",
            "module.rds_trip.module.db_instance.aws_iam_role.enhanced_monitoring",
            "module.rds_trip.module.db_instance.aws_iam_role_policy_attachment.enhanced_monitoring",
            "module.rds_trip.module.db_instance.aws_secretsmanager_secret_rotation.this",
            "module.rds_trip.module.db_instance.data.aws_iam_policy_document.enhanced_monitoring",
            "module.rds_trip.module.db_instance.data.aws_partition.current",
            "module.rds_trip.module.db_instance.random_id.snapshot_identifier",
            "module.rds_trip.module.db_instance_role_association.aws_db_instance_role_association.this",
            "module.rds_trip.module.db_option_group.aws_db_option_group.this",
            "module.rds_trip.module.db_parameter_group.aws_db_parameter_group.this",
            "module.rds_trip.module.db_subnet_group.aws_db_subnet_group.this",
            "module.rds_user.module.db_instance.aws_cloudwatch_log_group.this",
            "module.rds_user.module.db_instance.aws_db_instance.this",
            "module.rds_user.module.db_instance.aws_iam_role.enhanced_monitoring",
            "module.rds_user.module.db_instance.aws_iam_role_policy_attachment.enhanced_monitoring",
            "module.rds_user.module.db_instance.aws_secretsmanager_secret_rotation.this",
            "module.rds_user.module.db_instance.data.aws_iam_policy_document.enhanced_monitoring",
            "module.rds_user.module.db_instance.data.aws_partition.current",
            "module.rds_user.module.db_instance.random_id.snapshot_identifier",
            "module.rds_user.module.db_instance_role_association.aws_db_instance_role_association.this",
            "module.rds_user.module.db_option_group.aws_db_option_group.this",
            "module.rds_user.module.db_parameter_group.aws_db_parameter_group.this",
            "module.rds_user.module.db_subnet_group.aws_db_subnet_group.this",
            "module.vpc.aws_subnet.private",
            "module.vpc.aws_vpc.this",
            "module.vpc.aws_vpc_ipv4_cidr_block_association.this",
            "random_password.db",
            "random_password.mq"
          ]
        },
        {
          "index_key": "notification-service",
          "schema_version": 1,
          "attributes": {
            "arn": "arn:aws:ecs:ap-southeast-1:851725589148:task-definition/uit-go-dev-notification-service:2",
            "arn_without_revision": "arn:aws:ecs:ap-southeast-1:851725589148:task-definition/uit-go-dev-notification-service",
            "container_definitions": "[{\"environment\":[{\"name\":\"FIREBASE_CLIENT_EMAIL\",\"value\":\"firebase-adminsdk-fbsvc@uit-go-f3548.iam.gserviceaccount.com\"},{\"name\":\"FIREBASE_PRIVATE_KEY\",\"value\":\"-----BEGIN PRIVATE KEY-----\\\\nMIIEvwIBADANBgkqhkiG9w0BAQEFAASCBKkwggSlAgEAAoIBAQCojK9RgorjOG94\\\\nCsxdOnS4G0tJS49H4yyMhKAbMOwyvM34OLlUmj81kxFGAWWt0zXVH/VYTXAF3RfN\\\\nNkNwR0K7mB2K5G6UaPfXSbS5M+ER3DaEkrh1SMi3GlVx3+nJxUMklHUfYze+zQ9K\\\\nC2nh64tCasEYHbUt9YIFrHxnzuVKnq2uutg8JaZgorztGsNY6ihnDYQOWIrxniQR\\\\nFv+qmG8kK1P8HxP2/2OHf6O6evDs0sSQTkM9ToU1/qDeCMT9zx1Q5n3kOHj5C4XQ\\\\nSuf/SYFIg2umZpOOlDEzGjI/9UalGzvlTOb6kayH4Xy/p3M492WP2Sgbg1Qv9bSr\\\\n3IeMGnONAgMBAAECggEAAfklq0tfM2JLgckEk/nVeHtPUhQZoRKSiLGbyz2zIjPu\\\\nKGAHoWst3sNyQhLNnS+aE3zsiyRa8aKhPvSJ7RRUfmw9Ok1K0x94eVOCU2G9Wo9s\\\\nrvglwy+/M8+R3QOtUcCmtNStG1k2w5vUeD4yduPiTTyBNrZQUvGrHERk73UvX4R/\\\\nq0PWlPArehAWmNMuEtAlGEV07JGIy2uiBivLgmUNVmSSXDnJ0m9UMTlqqIux2RKT\\\\nqkI1GbM7wPwmJX6PhshiDa6lB2UMSUJRjgoj8q8T8o2/RH469QVDvDuZLuZyd+vf\\\\nrOxi2Bx1uGutdGkL4oUarxYkDTGNwHzYY1yh/pGSkQKBgQDjgdirLH+eIig+P4Tm\\\\n9p/C0/Z/kc4N5KllUG4DH3lM6odd7j7X+05hrBya7zbZPkExUIa6zeJCyOlPsnRE\\\\nnj57RkpM7OG7qfNp8vMS6EV1YjiweI5X8ZgdUyrHK8lN9JGXC5AGJMVHOZ1jV1CD\\\\n3tpVRmYoBT39NKG72nA4QUfKnQKBgQC9qJXRto+fOwlqGoQgnpwsi/uCRIAGHb8g\\\\nvzgQ6rHIZ+Hv8vd9uRN6SkrMv3hYfUutfwzlzqeVLyN0KBdJ9KhLRK8jsKktJi+c\\\\nSYzjaZZ6oWjnTwth+9Y0kv+2UcWU+CkEbZyXQ6M+uXzyQbfZDuCFFl/aMELbA3hh\\\\n2gIA+2PBsQKBgQC1Lza/8/tak7dbA7kzO1w2jBo2tIbWl7G0hx5mDE3NTMYrr06L\\\\nMY/Vx30sgrA6yRKgVJJH+SllqJ3uo59m+mOmR29q3ghULWA2k460ExkmB+g/2nL6\\\\nZOSRDif2YM+77rd4BHRaADTAqYjHkcUEkJlu6lb3Ll2U5rKbabaPhqXHHQKBgQCc\\\\n7C0x/HxvAjjy6oeiObn8fcIW8bh/1wL6BF1OWfHJYHKnx3+RLZ35FBk5ub7IcLs6\\\\nDSJNzqQIIp2SEU3bqivJQ0YqIJSJv8uq44xH6WhRhNW4dUV0yBtfGrWrU5NIg9/k\\\\nQxFKcvNSBcVk6I1GcjHAzFd4v2/BqOhlBi2cRGQwsQKBgQCz7jJIzHZ8/5f6wLT/\\\\nNTZX0R1cLzRehc4fxQtdRHNvRNTyCj6uneTGUv+rRu5yh9BFnB5Gq9DNzbljCa9T\\\\nO+tzM6vbEWJDvaSpebIPSwJuTgFvz6vwVlHuehvAryQ0l6LWEodcH2yghcZ6r7zd\\\\nLbTtcK39eGx2iyko9r4jB+iHPg==\\\\n-----END PRIVATE KEY-----\\\\n\"},{\"name\":\"FIREBASE_PROJECT_ID\",\"value\":\"uit-go-f3548\"},{\"name\":\"MAIL_HOST\",\"value\":\"smtp.gmail.com\"},{\"name\":\"MAIL_PASS\",\"value\":\"teueoejqzygkzpjg\"},{\"name\":\"MAIL_PORT\",\"value\":\"587\"},{\"name\":\"MAIL_USER\",\"value\":\"duyhuu1109@gmail.com\"},{\"name\":\"PORT\",\"value\":\"3005\"},{\"name\":\"RABBITMQ_URL\",\"value\":\"\"},{\"name\":\"RABBITMQ_USER\",\"value\":\"\"}],\"essential\":true,\"image\":\"ghcr.io/quangtienngo661/uit-go-notification:latest\",\"logConfiguration\":{\"logDriver\":\"awslogs\",\"options\":{\"awslogs-stream-prefix\":\"notification-service\",\"awslogs-group\":\"/uit-go-dev/services\",\"awslogs-region\":\"ap-southeast-1\"}},\"mountPoints\":[],\"name\":\"notification-service\",\"portMappings\":[{\"containerPort\":3005,\"hostPort\":3005,\"protocol\":\"tcp\"}],\"systemControls\":[],\"volumesFrom\":[]}]",
            "cpu": "512",
            "enable_fault_injection": false,
            "ephemeral_storage": [],
            "execution_role_arn": "arn:aws:iam::851725589148:role/uit-go-dev-ecsTaskExec",
            "family": "uit-go-dev-notification-service",
            "id": "uit-go-dev-notification-service",
            "inference_accelerator": [],
            "ipc_mode": "",
            "memory": "1024",
            "network_mode": "awsvpc",
            "pid_mode": "",
            "placement_constraints": [],
            "proxy_configuration": [],
            "requires_compatibilities": [
              "FARGATE"
            ],
            "revision": 2,
            "runtime_platform": [],
            "skip_destroy": false,
            "tags": {
              "Env": "dev",
              "Owner": "se360-uit-go",
              "Project": "uit-go",
              "Service": "notification-service"
            },
            "tags_all": {
              "Env": "dev",
              "Owner": "se360-uit-go",
              "Project": "uit-go",
              "Service": "notification-service"
            },
            "task_role_arn": "",
            "track_latest": false,
            "volume": []
          },
          "sensitive_attributes": [
            [
              {
                "type": "get_attr",
                "value": "container_definitions"
              }
            ]
          ],
          "identity_schema_version": 0,
          "private": "eyJzY2hlbWFfdmVyc2lvbiI6IjEifQ==",
          "dependencies": [
            "aws_cloudwatch_log_group.svc",
            "aws_elasticache_replication_group.redis",
            "aws_elasticache_subnet_group.redis",
            "aws_iam_role.task_exec",
            "aws_mq_broker.rabbit",
            "aws_security_group.alb",
            "aws_security_group.db",
            "aws_security_group.ecs_tasks",
            "aws_security_group.mq",
            "aws_security_group.redis",
            "data.aws_availability_zones.available",
            "data.aws_iam_policy_document.ecs_tasks_assume",
            "module.rds_driver.module.db_instance.aws_cloudwatch_log_group.this",
            "module.rds_driver.module.db_instance.aws_db_instance.this",
            "module.rds_driver.module.db_instance.aws_iam_role.enhanced_monitoring",
            "module.rds_driver.module.db_instance.aws_iam_role_policy_attachment.enhanced_monitoring",
            "module.rds_driver.module.db_instance.aws_secretsmanager_secret_rotation.this",
            "module.rds_driver.module.db_instance.data.aws_iam_policy_document.enhanced_monitoring",
            "module.rds_driver.module.db_instance.data.aws_partition.current",
            "module.rds_driver.module.db_instance.random_id.snapshot_identifier",
            "module.rds_driver.module.db_instance_role_association.aws_db_instance_role_association.this",
            "module.rds_driver.module.db_option_group.aws_db_option_group.this",
            "module.rds_driver.module.db_parameter_group.aws_db_parameter_group.this",
            "module.rds_driver.module.db_subnet_group.aws_db_subnet_group.this",
            "module.rds_trip.module.db_instance.aws_cloudwatch_log_group.this",
            "module.rds_trip.module.db_instance.aws_db_instance.this",
            "module.rds_trip.module.db_instance.aws_iam_role.enhanced_monitoring",
            "module.rds_trip.module.db_instance.aws_iam_role_policy_attachment.enhanced_monitoring",
            "module.rds_trip.module.db_instance.aws_secretsmanager_secret_rotation.this",
            "module.rds_trip.module.db_instance.data.aws_iam_policy_document.enhanced_monitoring",
            "module.rds_trip.module.db_instance.data.aws_partition.current",
            "module.rds_trip.module.db_instance.random_id.snapshot_identifier",
            "module.rds_trip.module.db_instance_role_association.aws_db_instance_role_association.this",
            "module.rds_trip.module.db_option_group.aws_db_option_group.this",
            "module.rds_trip.module.db_parameter_group.aws_db_parameter_group.this",
            "module.rds_trip.module.db_subnet_group.aws_db_subnet_group.this",
            "module.rds_user.module.db_instance.aws_cloudwatch_log_group.this",
            "module.rds_user.module.db_instance.aws_db_instance.this",
            "module.rds_user.module.db_instance.aws_iam_role.enhanced_monitoring",
            "module.rds_user.module.db_instance.aws_iam_role_policy_attachment.enhanced_monitoring",
            "module.rds_user.module.db_instance.aws_secretsmanager_secret_rotation.this",
            "module.rds_user.module.db_instance.data.aws_iam_policy_document.enhanced_monitoring",
            "module.rds_user.module.db_instance.data.aws_partition.current",
            "module.rds_user.module.db_instance.random_id.snapshot_identifier",
            "module.rds_user.module.db_instance_role_association.aws_db_instance_role_association.this",
            "module.rds_user.module.db_option_group.aws_db_option_group.this",
            "module.rds_user.module.db_parameter_group.aws_db_parameter_group.this",
            "module.rds_user.module.db_subnet_group.aws_db_subnet_group.this",
            "module.vpc.aws_subnet.private",
            "module.vpc.aws_vpc.this",
            "module.vpc.aws_vpc_ipv4_cidr_block_association.this",
            "random_password.db",
            "random_password.mq"
          ]
        },
        {
          "index_key": "trip-service",
          "schema_version": 1,
          "attributes": {
            "arn": "arn:aws:ecs:ap-southeast-1:851725589148:task-definition/uit-go-dev-trip-service:2",
            "arn_without_revision": "arn:aws:ecs:ap-southeast-1:851725589148:task-definition/uit-go-dev-trip-service",
            "container_definitions": "[{\"environment\":[{\"name\":\"PORT\",\"value\":\"3003\"},{\"name\":\"TRIPDB_DATABASE\",\"value\":\"\"},{\"name\":\"TRIPDB_HOST\",\"value\":\"\"},{\"name\":\"TRIPDB_PASSWORD\",\"value\":\"\"},{\"name\":\"TRIPDB_PORT\",\"value\":\"\"},{\"name\":\"TRIPDB_USERNAME\",\"value\":\"\"}],\"essential\":true,\"image\":\"ghcr.io/quangtienngo661/uit-go-trip:latest\",\"logConfiguration\":{\"logDriver\":\"awslogs\",\"options\":{\"awslogs-stream-prefix\":\"trip-service\",\"awslogs-group\":\"/uit-go-dev/services\",\"awslogs-region\":\"ap-southeast-1\"}},\"mountPoints\":[],\"name\":\"trip-service\",\"portMappings\":[{\"containerPort\":3003,\"hostPort\":3003,\"protocol\":\"tcp\"}],\"systemControls\":[],\"volumesFrom\":[]}]",
            "cpu": "512",
            "enable_fault_injection": false,
            "ephemeral_storage": [],
            "execution_role_arn": "arn:aws:iam::851725589148:role/uit-go-dev-ecsTaskExec",
            "family": "uit-go-dev-trip-service",
            "id": "uit-go-dev-trip-service",
            "inference_accelerator": [],
            "ipc_mode": "",
            "memory": "1024",
            "network_mode": "awsvpc",
            "pid_mode": "",
            "placement_constraints": [],
            "proxy_configuration": [],
            "requires_compatibilities": [
              "FARGATE"
            ],
            "revision": 2,
            "runtime_platform": [],
            "skip_destroy": false,
            "tags": {
              "Env": "dev",
              "Owner": "se360-uit-go",
              "Project": "uit-go",
              "Service": "trip-service"
            },
            "tags_all": {
              "Env": "dev",
              "Owner": "se360-uit-go",
              "Project": "uit-go",
              "Service": "trip-service"
            },
            "task_role_arn": "",
            "track_latest": false,
            "volume": []
          },
          "sensitive_attributes": [
            [
              {
                "type": "get_attr",
                "value": "container_definitions"
              }
            ]
          ],
          "identity_schema_version": 0,
          "private": "eyJzY2hlbWFfdmVyc2lvbiI6IjEifQ==",
          "dependencies": [
            "aws_cloudwatch_log_group.svc",
            "aws_elasticache_replication_group.redis",
            "aws_elasticache_subnet_group.redis",
            "aws_iam_role.task_exec",
            "aws_mq_broker.rabbit",
            "aws_security_group.alb",
            "aws_security_group.db",
            "aws_security_group.ecs_tasks",
            "aws_security_group.mq",
            "aws_security_group.redis",
            "data.aws_availability_zones.available",
            "data.aws_iam_policy_document.ecs_tasks_assume",
            "module.rds_driver.module.db_instance.aws_cloudwatch_log_group.this",
            "module.rds_driver.module.db_instance.aws_db_instance.this",
            "module.rds_driver.module.db_instance.aws_iam_role.enhanced_monitoring",
            "module.rds_driver.module.db_instance.aws_iam_role_policy_attachment.enhanced_monitoring",
            "module.rds_driver.module.db_instance.aws_secretsmanager_secret_rotation.this",
            "module.rds_driver.module.db_instance.data.aws_iam_policy_document.enhanced_monitoring",
            "module.rds_driver.module.db_instance.data.aws_partition.current",
            "module.rds_driver.module.db_instance.random_id.snapshot_identifier",
            "module.rds_driver.module.db_instance_role_association.aws_db_instance_role_association.this",
            "module.rds_driver.module.db_option_group.aws_db_option_group.this",
            "module.rds_driver.module.db_parameter_group.aws_db_parameter_group.this",
            "module.rds_driver.module.db_subnet_group.aws_db_subnet_group.this",
            "module.rds_trip.module.db_instance.aws_cloudwatch_log_group.this",
            "module.rds_trip.module.db_instance.aws_db_instance.this",
            "module.rds_trip.module.db_instance.aws_iam_role.enhanced_monitoring",
            "module.rds_trip.module.db_instance.aws_iam_role_policy_attachment.enhanced_monitoring",
            "module.rds_trip.module.db_instance.aws_secretsmanager_secret_rotation.this",
            "module.rds_trip.module.db_instance.data.aws_iam_policy_document.enhanced_monitoring",
            "module.rds_trip.module.db_instance.data.aws_partition.current",
            "module.rds_trip.module.db_instance.random_id.snapshot_identifier",
            "module.rds_trip.module.db_instance_role_association.aws_db_instance_role_association.this",
            "module.rds_trip.module.db_option_group.aws_db_option_group.this",
            "module.rds_trip.module.db_parameter_group.aws_db_parameter_group.this",
            "module.rds_trip.module.db_subnet_group.aws_db_subnet_group.this",
            "module.rds_user.module.db_instance.aws_cloudwatch_log_group.this",
            "module.rds_user.module.db_instance.aws_db_instance.this",
            "module.rds_user.module.db_instance.aws_iam_role.enhanced_monitoring",
            "module.rds_user.module.db_instance.aws_iam_role_policy_attachment.enhanced_monitoring",
            "module.rds_user.module.db_instance.aws_secretsmanager_secret_rotation.this",
            "module.rds_user.module.db_instance.data.aws_iam_policy_document.enhanced_monitoring",
            "module.rds_user.module.db_instance.data.aws_partition.current",
            "module.rds_user.module.db_instance.random_id.snapshot_identifier",
            "module.rds_user.module.db_instance_role_association.aws_db_instance_role_association.this",
            "module.rds_user.module.db_option_group.aws_db_option_group.this",
            "module.rds_user.module.db_parameter_group.aws_db_parameter_group.this",
            "module.rds_user.module.db_subnet_group.aws_db_subnet_group.this",
            "module.vpc.aws_subnet.private",
            "module.vpc.aws_vpc.this",
            "module.vpc.aws_vpc_ipv4_cidr_block_association.this",
            "random_password.db",
            "random_password.mq"
          ]
        },
        {
          "index_key": "user-service",
          "schema_version": 1,
          "attributes": {
            "arn": "arn:aws:ecs:ap-southeast-1:851725589148:task-definition/uit-go-dev-user-service:2",
            "arn_without_revision": "arn:aws:ecs:ap-southeast-1:851725589148:task-definition/uit-go-dev-user-service",
            "container_definitions": "[{\"environment\":[{\"name\":\"PORT\",\"value\":\"3002\"},{\"name\":\"USERDB_DATABASE\",\"value\":\"\"},{\"name\":\"USERDB_HOST\",\"value\":\"\"},{\"name\":\"USERDB_PASSWORD\",\"value\":\"\"},{\"name\":\"USERDB_PORT\",\"value\":\"\"},{\"name\":\"USERDB_USERNAME\",\"value\":\"\"}],\"essential\":true,\"image\":\"ghcr.io/quangtienngo661/uit-go-user:latest\",\"logConfiguration\":{\"logDriver\":\"awslogs\",\"options\":{\"awslogs-group\":\"/uit-go-dev/services\",\"awslogs-region\":\"ap-southeast-1\",\"awslogs-stream-prefix\":\"user-service\"}},\"mountPoints\":[],\"name\":\"user-service\",\"portMappings\":[{\"containerPort\":3002,\"hostPort\":3002,\"protocol\":\"tcp\"}],\"systemControls\":[],\"volumesFrom\":[]}]",
            "cpu": "512",
            "enable_fault_injection": false,
            "ephemeral_storage": [],
            "execution_role_arn": "arn:aws:iam::851725589148:role/uit-go-dev-ecsTaskExec",
            "family": "uit-go-dev-user-service",
            "id": "uit-go-dev-user-service",
            "inference_accelerator": [],
            "ipc_mode": "",
            "memory": "1024",
            "network_mode": "awsvpc",
            "pid_mode": "",
            "placement_constraints": [],
            "proxy_configuration": [],
            "requires_compatibilities": [
              "FARGATE"
            ],
            "revision": 2,
            "runtime_platform": [],
            "skip_destroy": false,
            "tags": {
              "Env": "dev",
              "Owner": "se360-uit-go",
              "Project": "uit-go",
              "Service": "user-service"
            },
            "tags_all": {
              "Env": "dev",
              "Owner": "se360-uit-go",
              "Project": "uit-go",
              "Service": "user-service"
            },
            "task_role_arn": "",
            "track_latest": false,
            "volume": []
          },
          "sensitive_attributes": [
            [
              {
                "type": "get_attr",
                "value": "container_definitions"
              }
            ]
          ],
          "identity_schema_version": 0,
          "private": "eyJzY2hlbWFfdmVyc2lvbiI6IjEifQ==",
          "dependencies": [
            "aws_cloudwatch_log_group.svc",
            "aws_elasticache_replication_group.redis",
            "aws_elasticache_subnet_group.redis",
            "aws_iam_role.task_exec",
            "aws_mq_broker.rabbit",
            "aws_security_group.alb",
            "aws_security_group.db",
            "aws_security_group.ecs_tasks",
            "aws_security_group.mq",
            "aws_security_group.redis",
            "data.aws_availability_zones.available",
            "data.aws_iam_policy_document.ecs_tasks_assume",
            "module.rds_driver.module.db_instance.aws_cloudwatch_log_group.this",
            "module.rds_driver.module.db_instance.aws_db_instance.this",
            "module.rds_driver.module.db_instance.aws_iam_role.enhanced_monitoring",
            "module.rds_driver.module.db_instance.aws_iam_role_policy_attachment.enhanced_monitoring",
            "module.rds_driver.module.db_instance.aws_secretsmanager_secret_rotation.this",
            "module.rds_driver.module.db_instance.data.aws_iam_policy_document.enhanced_monitoring",
            "module.rds_driver.module.db_instance.data.aws_partition.current",
            "module.rds_driver.module.db_instance.random_id.snapshot_identifier",
            "module.rds_driver.module.db_instance_role_association.aws_db_instance_role_association.this",
            "module.rds_driver.module.db_option_group.aws_db_option_group.this",
            "module.rds_driver.module.db_parameter_group.aws_db_parameter_group.this",
            "module.rds_driver.module.db_subnet_group.aws_db_subnet_group.this",
            "module.rds_trip.module.db_instance.aws_cloudwatch_log_group.this",
            "module.rds_trip.module.db_instance.aws_db_instance.this",
            "module.rds_trip.module.db_instance.aws_iam_role.enhanced_monitoring",
            "module.rds_trip.module.db_instance.aws_iam_role_policy_attachment.enhanced_monitoring",
            "module.rds_trip.module.db_instance.aws_secretsmanager_secret_rotation.this",
            "module.rds_trip.module.db_instance.data.aws_iam_policy_document.enhanced_monitoring",
            "module.rds_trip.module.db_instance.data.aws_partition.current",
            "module.rds_trip.module.db_instance.random_id.snapshot_identifier",
            "module.rds_trip.module.db_instance_role_association.aws_db_instance_role_association.this",
            "module.rds_trip.module.db_option_group.aws_db_option_group.this",
            "module.rds_trip.module.db_parameter_group.aws_db_parameter_group.this",
            "module.rds_trip.module.db_subnet_group.aws_db_subnet_group.this",
            "module.rds_user.module.db_instance.aws_cloudwatch_log_group.this",
            "module.rds_user.module.db_instance.aws_db_instance.this",
            "module.rds_user.module.db_instance.aws_iam_role.enhanced_monitoring",
            "module.rds_user.module.db_instance.aws_iam_role_policy_attachment.enhanced_monitoring",
            "module.rds_user.module.db_instance.aws_secretsmanager_secret_rotation.this",
            "module.rds_user.module.db_instance.data.aws_iam_policy_document.enhanced_monitoring",
            "module.rds_user.module.db_instance.data.aws_partition.current",
            "module.rds_user.module.db_instance.random_id.snapshot_identifier",
            "module.rds_user.module.db_instance_role_association.aws_db_instance_role_association.this",
            "module.rds_user.module.db_option_group.aws_db_option_group.this",
            "module.rds_user.module.db_parameter_group.aws_db_parameter_group.this",
            "module.rds_user.module.db_subnet_group.aws_db_subnet_group.this",
            "module.vpc.aws_subnet.private",
            "module.vpc.aws_vpc.this",
            "module.vpc.aws_vpc_ipv4_cidr_block_association.this",
            "random_password.db",
            "random_password.mq"
          ]
        }
      ]
    },
    {
      "mode": "managed",
      "type": "aws_iam_role",
      "name": "task_exec",
      "provider": "provider[\"registry.terraform.io/hashicorp/aws\"]",
      "instances": [
        {
          "schema_version": 0,
          "attributes": {
            "arn": "arn:aws:iam::851725589148:role/uit-go-dev-ecsTaskExec",
            "assume_role_policy": "{\"Statement\":[{\"Action\":\"sts:AssumeRole\",\"Effect\":\"Allow\",\"Principal\":{\"Service\":\"ecs-tasks.amazonaws.com\"}}],\"Version\":\"2012-10-17\"}",
            "create_date": "2025-11-26T14:15:20Z",
            "description": "",
            "force_detach_policies": false,
            "id": "uit-go-dev-ecsTaskExec",
            "inline_policy": [],
            "managed_policy_arns": [
              "arn:aws:iam::aws:policy/service-role/AmazonECSTaskExecutionRolePolicy"
            ],
            "max_session_duration": 3600,
            "name": "uit-go-dev-ecsTaskExec",
            "name_prefix": "",
            "path": "/",
            "permissions_boundary": "",
            "tags": {
              "Env": "dev",
              "Owner": "se360-uit-go",
              "Project": "uit-go"
            },
            "tags_all": {
              "Env": "dev",
              "Owner": "se360-uit-go",
              "Project": "uit-go"
            },
            "unique_id": "AROA4MTWNDKOGNDAHPOK2"
          },
          "sensitive_attributes": [],
          "identity_schema_version": 0,
          "private": "bnVsbA==",
          "dependencies": [
            "data.aws_iam_policy_document.ecs_tasks_assume"
          ]
        }
      ]
    },
    {
      "mode": "managed",
      "type": "aws_iam_role_policy_attachment",
      "name": "exec",
      "provider": "provider[\"registry.terraform.io/hashicorp/aws\"]",
      "instances": [
        {
          "schema_version": 0,
          "attributes": {
            "id": "uit-go-dev-ecsTaskExec-20251126141522916000000004",
            "policy_arn": "arn:aws:iam::aws:policy/service-role/AmazonECSTaskExecutionRolePolicy",
            "role": "uit-go-dev-ecsTaskExec"
          },
          "sensitive_attributes": [],
          "identity_schema_version": 0,
          "private": "bnVsbA==",
          "dependencies": [
            "aws_iam_role.task_exec",
            "data.aws_iam_policy_document.ecs_tasks_assume"
          ]
        }
      ]
    },
    {
      "mode": "managed",
      "type": "aws_security_group",
      "name": "db",
      "provider": "provider[\"registry.terraform.io/hashicorp/aws\"]",
      "instances": [
        {
          "schema_version": 1,
          "attributes": {
            "arn": "arn:aws:ec2:ap-southeast-1:851725589148:security-group/sg-00f71f04dba4d4f75",
            "description": "Managed by Terraform",
            "egress": [
              {
                "cidr_blocks": [
                  "0.0.0.0/0"
                ],
                "description": "",
                "from_port": 0,
                "ipv6_cidr_blocks": [],
                "prefix_list_ids": [],
                "protocol": "-1",
                "security_groups": [],
                "self": false,
                "to_port": 0
              }
            ],
            "id": "sg-00f71f04dba4d4f75",
            "ingress": [
              {
                "cidr_blocks": [],
                "description": "",
                "from_port": 5432,
                "ipv6_cidr_blocks": [],
                "prefix_list_ids": [],
                "protocol": "tcp",
                "security_groups": [
                  "sg-0d651b091c390b286"
                ],
                "self": false,
                "to_port": 5432
              }
            ],
            "name": "uit-go-dev-rds-sg-2",
            "name_prefix": "",
            "owner_id": "851725589148",
            "revoke_rules_on_delete": false,
            "tags": {
              "Env": "dev",
              "Owner": "se360-uit-go",
              "Project": "uit-go"
            },
            "tags_all": {
              "Env": "dev",
              "Owner": "se360-uit-go",
              "Project": "uit-go"
            },
            "timeouts": null,
            "vpc_id": "vpc-0d5369c4050a57dea"
          },
          "sensitive_attributes": [],
          "identity_schema_version": 0,
          "private": "eyJlMmJmYjczMC1lY2FhLTExZTYtOGY4OC0zNDM2M2JjN2M0YzAiOnsiY3JlYXRlIjo2MDAwMDAwMDAwMDAsImRlbGV0ZSI6OTAwMDAwMDAwMDAwfSwic2NoZW1hX3ZlcnNpb24iOiIxIn0=",
          "dependencies": [
            "aws_security_group.alb",
            "aws_security_group.ecs_tasks",
            "module.vpc.aws_vpc.this"
          ]
        }
      ]
    },
    {
      "mode": "managed",
      "type": "aws_security_group",
      "name": "ecs_tasks",
      "provider": "provider[\"registry.terraform.io/hashicorp/aws\"]",
      "instances": [
        {
          "schema_version": 1,
          "attributes": {
            "arn": "arn:aws:ec2:ap-southeast-1:851725589148:security-group/sg-0d651b091c390b286",
            "description": "Managed by Terraform",
            "egress": [
              {
                "cidr_blocks": [
                  "0.0.0.0/0"
                ],
                "description": "",
                "from_port": 0,
                "ipv6_cidr_blocks": [],
                "prefix_list_ids": [],
                "protocol": "-1",
                "security_groups": [],
                "self": false,
                "to_port": 0
              }
            ],
            "id": "sg-0d651b091c390b286",
            "ingress": [
              {
                "cidr_blocks": [],
                "description": "",
                "from_port": 3000,
                "ipv6_cidr_blocks": [],
                "prefix_list_ids": [],
                "protocol": "tcp",
                "security_groups": [
                  "sg-065472784387386fe"
                ],
                "self": false,
                "to_port": 3999
              }
            ],
            "name": "uit-go-dev-ecs-tasks-sg",
            "name_prefix": "",
            "owner_id": "851725589148",
            "revoke_rules_on_delete": false,
            "tags": {
              "Env": "dev",
              "Owner": "se360-uit-go",
              "Project": "uit-go"
            },
            "tags_all": {
              "Env": "dev",
              "Owner": "se360-uit-go",
              "Project": "uit-go"
            },
            "timeouts": null,
            "vpc_id": "vpc-0d5369c4050a57dea"
          },
          "sensitive_attributes": [],
          "identity_schema_version": 0,
          "private": "eyJlMmJmYjczMC1lY2FhLTExZTYtOGY4OC0zNDM2M2JjN2M0YzAiOnsiY3JlYXRlIjo2MDAwMDAwMDAwMDAsImRlbGV0ZSI6OTAwMDAwMDAwMDAwfSwic2NoZW1hX3ZlcnNpb24iOiIxIn0=",
          "dependencies": [
            "aws_security_group.alb",
            "module.vpc.aws_vpc.this"
          ]
        }
      ]
    },
    {
      "mode": "managed",
      "type": "aws_security_group",
      "name": "redis",
      "provider": "provider[\"registry.terraform.io/hashicorp/aws\"]",
      "instances": [
        {
          "schema_version": 1,
          "attributes": {
            "arn": "arn:aws:ec2:ap-southeast-1:851725589148:security-group/sg-00c21c9a37dc44510",
            "description": "Managed by Terraform",
            "egress": [
              {
                "cidr_blocks": [
                  "0.0.0.0/0"
                ],
                "description": "",
                "from_port": 0,
                "ipv6_cidr_blocks": [],
                "prefix_list_ids": [],
                "protocol": "-1",
                "security_groups": [],
                "self": false,
                "to_port": 0
              }
            ],
            "id": "sg-00c21c9a37dc44510",
            "ingress": [
              {
                "cidr_blocks": [],
                "description": "",
                "from_port": 6379,
                "ipv6_cidr_blocks": [],
                "prefix_list_ids": [],
                "protocol": "tcp",
                "security_groups": [
                  "sg-0d651b091c390b286"
                ],
                "self": false,
                "to_port": 6379
              }
            ],
            "name": "uit-go-dev-redis-sg",
            "name_prefix": "",
            "owner_id": "851725589148",
            "revoke_rules_on_delete": false,
            "tags": {
              "Env": "dev",
              "Owner": "se360-uit-go",
              "Project": "uit-go"
            },
            "tags_all": {
              "Env": "dev",
              "Owner": "se360-uit-go",
              "Project": "uit-go"
            },
            "timeouts": null,
            "vpc_id": "vpc-0d5369c4050a57dea"
          },
          "sensitive_attributes": [],
          "identity_schema_version": 0,
          "private": "eyJlMmJmYjczMC1lY2FhLTExZTYtOGY4OC0zNDM2M2JjN2M0YzAiOnsiY3JlYXRlIjo2MDAwMDAwMDAwMDAsImRlbGV0ZSI6OTAwMDAwMDAwMDAwfSwic2NoZW1hX3ZlcnNpb24iOiIxIn0=",
          "dependencies": [
            "aws_security_group.alb",
            "aws_security_group.ecs_tasks",
            "module.vpc.aws_vpc.this"
          ]
        }
      ]
    },
    {
      "mode": "managed",
      "type": "aws_service_discovery_private_dns_namespace",
      "name": "ns",
      "provider": "provider[\"registry.terraform.io/hashicorp/aws\"]",
      "instances": [
        {
          "schema_version": 0,
          "attributes": {
            "arn": "arn:aws:servicediscovery:ap-southeast-1:851725589148:namespace/ns-ebncv4vejcqbchhe",
            "description": "UIT-Go internal service namespace",
            "hosted_zone": "Z078619415SPZO33HLJ0B",
            "id": "ns-ebncv4vejcqbchhe",
            "name": "local",
            "tags": {},
            "tags_all": {},
            "vpc": "vpc-0d5369c4050a57dea"
          },
          "sensitive_attributes": [],
          "identity_schema_version": 0,
          "private": "bnVsbA==",
          "dependencies": [
            "module.vpc.aws_vpc.this"
          ]
        }
      ]
    },
    {
      "mode": "managed",
      "type": "aws_service_discovery_service",
      "name": "sd",
      "provider": "provider[\"registry.terraform.io/hashicorp/aws\"]",
      "instances": [
        {
          "index_key": "api-gateway",
          "schema_version": 0,
          "attributes": {
            "arn": "arn:aws:servicediscovery:ap-southeast-1:851725589148:service/srv-mqncqtv5kmee2ofw",
            "description": "",
            "dns_config": [
              {
                "dns_records": [
                  {
                    "ttl": 10,
                    "type": "A"
                  }
                ],
                "namespace_id": "ns-ebncv4vejcqbchhe",
                "routing_policy": "WEIGHTED"
              }
            ],
            "force_destroy": false,
            "health_check_config": [],
            "health_check_custom_config": [
              {
                "failure_threshold": 1
              }
            ],
            "id": "srv-mqncqtv5kmee2ofw",
            "name": "api.gateway",
            "namespace_id": "ns-ebncv4vejcqbchhe",
            "tags": {},
            "tags_all": {},
            "type": "DNS_HTTP"
          },
          "sensitive_attributes": [],
          "identity_schema_version": 0,
          "private": "bnVsbA==",
          "dependencies": [
            "aws_service_discovery_private_dns_namespace.ns",
            "module.vpc.aws_vpc.this"
          ]
        },
        {
          "index_key": "auth-service",
          "schema_version": 0,
          "attributes": {
            "arn": "arn:aws:servicediscovery:ap-southeast-1:851725589148:service/srv-h2wvdz5fxrcbpvga",
            "description": "",
            "dns_config": [
              {
                "dns_records": [
                  {
                    "ttl": 10,
                    "type": "A"
                  }
                ],
                "namespace_id": "ns-ebncv4vejcqbchhe",
                "routing_policy": "WEIGHTED"
              }
            ],
            "force_destroy": false,
            "health_check_config": [],
            "health_check_custom_config": [
              {
                "failure_threshold": 1
              }
            ],
            "id": "srv-h2wvdz5fxrcbpvga",
            "name": "auth.service",
            "namespace_id": "ns-ebncv4vejcqbchhe",
            "tags": {},
            "tags_all": {},
            "type": "DNS_HTTP"
          },
          "sensitive_attributes": [],
          "identity_schema_version": 0,
          "private": "bnVsbA==",
          "dependencies": [
            "aws_service_discovery_private_dns_namespace.ns",
            "module.vpc.aws_vpc.this"
          ]
        },
        {
          "index_key": "driver-service",
          "schema_version": 0,
          "attributes": {
            "arn": "arn:aws:servicediscovery:ap-southeast-1:851725589148:service/srv-wb24oj7cl4tba5wp",
            "description": "",
            "dns_config": [
              {
                "dns_records": [
                  {
                    "ttl": 10,
                    "type": "A"
                  }
                ],
                "namespace_id": "ns-ebncv4vejcqbchhe",
                "routing_policy": "WEIGHTED"
              }
            ],
            "force_destroy": false,
            "health_check_config": [],
            "health_check_custom_config": [
              {
                "failure_threshold": 1
              }
            ],
            "id": "srv-wb24oj7cl4tba5wp",
            "name": "driver.service",
            "namespace_id": "ns-ebncv4vejcqbchhe",
            "tags": {},
            "tags_all": {},
            "type": "DNS_HTTP"
          },
          "sensitive_attributes": [],
          "identity_schema_version": 0,
          "private": "bnVsbA==",
          "dependencies": [
            "aws_service_discovery_private_dns_namespace.ns",
            "module.vpc.aws_vpc.this"
          ]
        },
        {
          "index_key": "notification-service",
          "schema_version": 0,
          "attributes": {
            "arn": "arn:aws:servicediscovery:ap-southeast-1:851725589148:service/srv-2xjab7e6x5g3uphz",
            "description": "",
            "dns_config": [
              {
                "dns_records": [
                  {
                    "ttl": 10,
                    "type": "A"
                  }
                ],
                "namespace_id": "ns-ebncv4vejcqbchhe",
                "routing_policy": "WEIGHTED"
              }
            ],
            "force_destroy": false,
            "health_check_config": [],
            "health_check_custom_config": [
              {
                "failure_threshold": 1
              }
            ],
            "id": "srv-2xjab7e6x5g3uphz",
            "name": "notification.service",
            "namespace_id": "ns-ebncv4vejcqbchhe",
            "tags": {},
            "tags_all": {},
            "type": "DNS_HTTP"
          },
          "sensitive_attributes": [],
          "identity_schema_version": 0,
          "private": "bnVsbA==",
          "dependencies": [
            "aws_service_discovery_private_dns_namespace.ns",
            "module.vpc.aws_vpc.this"
          ]
        },
        {
          "index_key": "trip-service",
          "schema_version": 0,
          "attributes": {
            "arn": "arn:aws:servicediscovery:ap-southeast-1:851725589148:service/srv-qkzftdymwvfchvlv",
            "description": "",
            "dns_config": [
              {
                "dns_records": [
                  {
                    "ttl": 10,
                    "type": "A"
                  }
                ],
                "namespace_id": "ns-ebncv4vejcqbchhe",
                "routing_policy": "WEIGHTED"
              }
            ],
            "force_destroy": false,
            "health_check_config": [],
            "health_check_custom_config": [
              {
                "failure_threshold": 1
              }
            ],
            "id": "srv-qkzftdymwvfchvlv",
            "name": "trip.service",
            "namespace_id": "ns-ebncv4vejcqbchhe",
            "tags": {},
            "tags_all": {},
            "type": "DNS_HTTP"
          },
          "sensitive_attributes": [],
          "identity_schema_version": 0,
          "private": "bnVsbA==",
          "dependencies": [
            "aws_service_discovery_private_dns_namespace.ns",
            "module.vpc.aws_vpc.this"
          ]
        },
        {
          "index_key": "user-service",
          "schema_version": 0,
          "attributes": {
            "arn": "arn:aws:servicediscovery:ap-southeast-1:851725589148:service/srv-5c2qkdme33l532cd",
            "description": "",
            "dns_config": [
              {
                "dns_records": [
                  {
                    "ttl": 10,
                    "type": "A"
                  }
                ],
                "namespace_id": "ns-ebncv4vejcqbchhe",
                "routing_policy": "WEIGHTED"
              }
            ],
            "force_destroy": false,
            "health_check_config": [],
            "health_check_custom_config": [
              {
                "failure_threshold": 1
              }
            ],
            "id": "srv-5c2qkdme33l532cd",
            "name": "user.service",
            "namespace_id": "ns-ebncv4vejcqbchhe",
            "tags": {},
            "tags_all": {},
            "type": "DNS_HTTP"
          },
          "sensitive_attributes": [],
          "identity_schema_version": 0,
          "private": "bnVsbA==",
          "dependencies": [
            "aws_service_discovery_private_dns_namespace.ns",
            "module.vpc.aws_vpc.this"
          ]
        }
      ]
    },
    {
      "mode": "managed",
      "type": "random_password",
      "name": "db",
      "provider": "provider[\"registry.terraform.io/hashicorp/random\"]",
      "instances": [
        {
          "schema_version": 3,
          "attributes": {
            "bcrypt_hash": "$2a$10$c1.7Lnmeg2YTBdeCSZjIe.k2Mv/UAKEXQxffm843MRsN897.q9p3a",
            "id": "none",
            "keepers": null,
            "length": 20,
            "lower": true,
            "min_lower": 0,
            "min_numeric": 0,
            "min_special": 0,
            "min_upper": 0,
            "number": true,
            "numeric": true,
            "override_special": null,
            "result": "9Ed0eW\u003e2W_R1F\u0026Z?IX{D",
            "special": true,
            "upper": true
          },
          "sensitive_attributes": [
            [
              {
                "type": "get_attr",
                "value": "bcrypt_hash"
              }
            ],
            [
              {
                "type": "get_attr",
                "value": "result"
              }
            ]
          ],
          "identity_schema_version": 0
        }
      ]
    },
    {
      "mode": "managed",
      "type": "random_password",
      "name": "mq",
      "provider": "provider[\"registry.terraform.io/hashicorp/random\"]",
      "instances": [
        {
          "schema_version": 3,
          "attributes": {
            "bcrypt_hash": "$2a$10$EaGf.1FeMH55krHcZ9TQWe7OSXyYOlMlvMW.vceXV2G.khuO1rf4W",
            "id": "none",
            "keepers": null,
            "length": 20,
            "lower": true,
            "min_lower": 1,
            "min_numeric": 1,
            "min_special": 1,
            "min_upper": 1,
            "number": true,
            "numeric": true,
            "override_special": "!@#$%^\u0026*()-_+[]{}",
            "result": "pHE3!0-*[3\u0026{Z^o@3Tot",
            "special": true,
            "upper": true
          },
          "sensitive_attributes": [
            [
              {
                "type": "get_attr",
                "value": "bcrypt_hash"
              }
            ],
            [
              {
                "type": "get_attr",
                "value": "result"
              }
            ]
          ],
          "identity_schema_version": 0
        }
      ]
    },
    {
      "module": "module.ecs.module.cluster",
      "mode": "managed",
      "type": "aws_cloudwatch_log_group",
      "name": "this",
      "provider": "provider[\"registry.terraform.io/hashicorp/aws\"]",
      "instances": [
        {
          "index_key": 0,
          "schema_version": 0,
          "attributes": {
            "arn": "arn:aws:logs:ap-southeast-1:851725589148:log-group:/aws/ecs/uit-go-dev-ecs",
            "id": "/aws/ecs/uit-go-dev-ecs",
            "kms_key_id": "",
            "log_group_class": "STANDARD",
            "name": "/aws/ecs/uit-go-dev-ecs",
            "name_prefix": "",
            "retention_in_days": 90,
            "skip_destroy": false,
            "tags": {
              "Env": "dev",
              "Owner": "se360-uit-go",
              "Project": "uit-go",
              "Service": "user-service"
            },
            "tags_all": {
              "Env": "dev",
              "Owner": "se360-uit-go",
              "Project": "uit-go",
              "Service": "user-service"
            }
          },
          "sensitive_attributes": [],
          "identity_schema_version": 0,
          "private": "bnVsbA=="
        }
      ]
    },
    {
      "module": "module.ecs.module.cluster",
      "mode": "managed",
      "type": "aws_ecs_cluster",
      "name": "this",
      "provider": "provider[\"registry.terraform.io/hashicorp/aws\"]",
      "instances": [
        {
          "index_key": 0,
          "schema_version": 0,
          "attributes": {
            "arn": "arn:aws:ecs:ap-southeast-1:851725589148:cluster/uit-go-dev-ecs",
            "configuration": [
              {
                "execute_command_configuration": [
                  {
                    "kms_key_id": "",
                    "log_configuration": [],
                    "logging": "DEFAULT"
                  }
                ],
                "managed_storage_configuration": []
              }
            ],
            "id": "arn:aws:ecs:ap-southeast-1:851725589148:cluster/uit-go-dev-ecs",
            "name": "uit-go-dev-ecs",
            "service_connect_defaults": [],
            "setting": [
              {
                "name": "containerInsights",
                "value": "enabled"
              }
            ],
            "tags": {
              "Env": "dev",
              "Owner": "se360-uit-go",
              "Project": "uit-go",
              "Service": "user-service"
            },
            "tags_all": {
              "Env": "dev",
              "Owner": "se360-uit-go",
              "Project": "uit-go",
              "Service": "user-service"
            }
          },
          "sensitive_attributes": [],
          "identity_schema_version": 0,
          "private": "bnVsbA==",
          "dependencies": [
            "module.ecs.module.cluster.aws_cloudwatch_log_group.this"
          ]
        }
      ]
    },
    {
      "module": "module.ecs.module.cluster",
      "mode": "managed",
      "type": "aws_ecs_cluster_capacity_providers",
      "name": "this",
      "provider": "provider[\"registry.terraform.io/hashicorp/aws\"]",
      "instances": [
        {
          "index_key": 0,
          "schema_version": 0,
          "attributes": {
            "capacity_providers": [
              "FARGATE",
              "FARGATE_SPOT"
            ],
            "cluster_name": "uit-go-dev-ecs",
            "default_capacity_provider_strategy": [
              {
                "base": 0,
                "capacity_provider": "FARGATE",
                "weight": 0
              },
              {
                "base": 0,
                "capacity_provider": "FARGATE_SPOT",
                "weight": 0
              }
            ],
            "id": "uit-go-dev-ecs"
          },
          "sensitive_attributes": [],
          "identity_schema_version": 0,
          "private": "bnVsbA==",
          "dependencies": [
            "module.ecs.module.cluster.aws_cloudwatch_log_group.this",
            "module.ecs.module.cluster.aws_ecs_capacity_provider.this",
            "module.ecs.module.cluster.aws_ecs_cluster.this"
          ]
        }
      ]
    },
    {
      "module": "module.vpc",
      "mode": "managed",
      "type": "aws_default_network_acl",
      "name": "this",
      "provider": "provider[\"registry.terraform.io/hashicorp/aws\"]",
      "instances": [
        {
          "index_key": 0,
          "schema_version": 0,
          "attributes": {
            "arn": "arn:aws:ec2:ap-southeast-1:851725589148:network-acl/acl-0b26545a94aa78dad",
            "default_network_acl_id": "acl-0b26545a94aa78dad",
            "egress": [
              {
                "action": "allow",
                "cidr_block": "",
                "from_port": 0,
                "icmp_code": 0,
                "icmp_type": 0,
                "ipv6_cidr_block": "::/0",
                "protocol": "-1",
                "rule_no": 101,
                "to_port": 0
              },
              {
                "action": "allow",
                "cidr_block": "0.0.0.0/0",
                "from_port": 0,
                "icmp_code": 0,
                "icmp_type": 0,
                "ipv6_cidr_block": "",
                "protocol": "-1",
                "rule_no": 100,
                "to_port": 0
              }
            ],
            "id": "acl-0b26545a94aa78dad",
            "ingress": [
              {
                "action": "allow",
                "cidr_block": "",
                "from_port": 0,
                "icmp_code": 0,
                "icmp_type": 0,
                "ipv6_cidr_block": "::/0",
                "protocol": "-1",
                "rule_no": 101,
                "to_port": 0
              },
              {
                "action": "allow",
                "cidr_block": "0.0.0.0/0",
                "from_port": 0,
                "icmp_code": 0,
                "icmp_type": 0,
                "ipv6_cidr_block": "",
                "protocol": "-1",
                "rule_no": 100,
                "to_port": 0
              }
            ],
            "owner_id": "851725589148",
            "subnet_ids": [
              "subnet-028a731185b9bb9ae",
              "subnet-038cd4d89ddd8e81f",
              "subnet-04ec9412a3d18a774",
              "subnet-0b51e2af10937ad3d"
            ],
            "tags": {
              "Env": "dev",
              "Name": "uit-go-dev-vpc-default",
              "Owner": "se360-uit-go",
              "Project": "uit-go"
            },
            "tags_all": {
              "Env": "dev",
              "Name": "uit-go-dev-vpc-default",
              "Owner": "se360-uit-go",
              "Project": "uit-go"
            },
            "vpc_id": "vpc-0d5369c4050a57dea"
          },
          "sensitive_attributes": [],
          "identity_schema_version": 0,
          "private": "bnVsbA==",
          "dependencies": [
            "module.vpc.aws_vpc.this"
          ]
        }
      ]
    },
    {
      "module": "module.vpc",
      "mode": "managed",
      "type": "aws_default_route_table",
      "name": "default",
      "provider": "provider[\"registry.terraform.io/hashicorp/aws\"]",
      "instances": [
        {
          "index_key": 0,
          "schema_version": 0,
          "attributes": {
            "arn": "arn:aws:ec2:ap-southeast-1:851725589148:route-table/rtb-073300a3787940f58",
            "default_route_table_id": "rtb-073300a3787940f58",
            "id": "rtb-073300a3787940f58",
            "owner_id": "851725589148",
            "propagating_vgws": [],
            "route": [],
            "tags": {
              "Env": "dev",
              "Name": "uit-go-dev-vpc-default",
              "Owner": "se360-uit-go",
              "Project": "uit-go"
            },
            "tags_all": {
              "Env": "dev",
              "Name": "uit-go-dev-vpc-default",
              "Owner": "se360-uit-go",
              "Project": "uit-go"
            },
            "timeouts": {
              "create": "5m",
              "update": "5m"
            },
            "vpc_id": "vpc-0d5369c4050a57dea"
          },
          "sensitive_attributes": [],
          "identity_schema_version": 0,
          "private": "eyJlMmJmYjczMC1lY2FhLTExZTYtOGY4OC0zNDM2M2JjN2M0YzAiOnsiY3JlYXRlIjozMDAwMDAwMDAwMDAsInVwZGF0ZSI6MzAwMDAwMDAwMDAwfX0=",
          "dependencies": [
            "module.vpc.aws_vpc.this"
          ]
        }
      ]
    },
    {
      "module": "module.vpc",
      "mode": "managed",
      "type": "aws_default_security_group",
      "name": "this",
      "provider": "provider[\"registry.terraform.io/hashicorp/aws\"]",
      "instances": [
        {
          "index_key": 0,
          "schema_version": 1,
          "attributes": {
            "arn": "arn:aws:ec2:ap-southeast-1:851725589148:security-group/sg-0dafaccd759476b76",
            "description": "default VPC security group",
            "egress": [],
            "id": "sg-0dafaccd759476b76",
            "ingress": [],
            "name": "default",
            "name_prefix": "",
            "owner_id": "851725589148",
            "revoke_rules_on_delete": false,
            "tags": {
              "Env": "dev",
              "Name": "uit-go-dev-vpc-default",
              "Owner": "se360-uit-go",
              "Project": "uit-go"
            },
            "tags_all": {
              "Env": "dev",
              "Name": "uit-go-dev-vpc-default",
              "Owner": "se360-uit-go",
              "Project": "uit-go"
            },
            "vpc_id": "vpc-0d5369c4050a57dea"
          },
          "sensitive_attributes": [],
          "identity_schema_version": 0,
          "private": "eyJzY2hlbWFfdmVyc2lvbiI6IjEifQ==",
          "dependencies": [
            "module.vpc.aws_vpc.this"
          ]
        }
      ]
    },
    {
      "module": "module.vpc",
      "mode": "managed",
      "type": "aws_eip",
      "name": "nat",
      "provider": "provider[\"registry.terraform.io/hashicorp/aws\"]",
      "instances": [
        {
          "index_key": 0,
          "schema_version": 0,
          "attributes": {
            "address": null,
            "allocation_id": "eipalloc-0d311e349f98c5a70",
            "arn": "arn:aws:ec2:ap-southeast-1:851725589148:elastic-ip/eipalloc-0d311e349f98c5a70",
            "associate_with_private_ip": null,
            "association_id": "eipassoc-03c5f9c1b38774b8c",
            "carrier_ip": "",
            "customer_owned_ip": "",
            "customer_owned_ipv4_pool": "",
            "domain": "vpc",
            "id": "eipalloc-0d311e349f98c5a70",
            "instance": "",
            "ipam_pool_id": null,
            "network_border_group": "ap-southeast-1",
            "network_interface": "eni-04ddd7f953dc9502f",
            "private_dns": "ip-10-20-4-62.ap-southeast-1.compute.internal",
            "private_ip": "10.20.4.62",
            "ptr_record": "",
            "public_dns": "ec2-47-130-125-108.ap-southeast-1.compute.amazonaws.com",
            "public_ip": "47.130.125.108",
            "public_ipv4_pool": "amazon",
            "tags": {
              "Env": "dev",
              "Name": "uit-go-dev-vpc-ap-southeast-1a",
              "Owner": "se360-uit-go",
              "Project": "uit-go"
            },
            "tags_all": {
              "Env": "dev",
              "Name": "uit-go-dev-vpc-ap-southeast-1a",
              "Owner": "se360-uit-go",
              "Project": "uit-go"
            },
            "timeouts": null,
            "vpc": true
          },
          "sensitive_attributes": [],
          "identity_schema_version": 0,
          "private": "eyJlMmJmYjczMC1lY2FhLTExZTYtOGY4OC0zNDM2M2JjN2M0YzAiOnsiZGVsZXRlIjoxODAwMDAwMDAwMDAsInJlYWQiOjkwMDAwMDAwMDAwMCwidXBkYXRlIjozMDAwMDAwMDAwMDB9fQ==",
          "dependencies": [
            "data.aws_availability_zones.available",
            "module.vpc.aws_internet_gateway.this",
            "module.vpc.aws_vpc.this",
            "module.vpc.aws_vpc_ipv4_cidr_block_association.this"
          ]
        }
      ]
    },
    {
      "module": "module.vpc",
      "mode": "managed",
      "type": "aws_internet_gateway",
      "name": "this",
      "provider": "provider[\"registry.terraform.io/hashicorp/aws\"]",
      "instances": [
        {
          "index_key": 0,
          "schema_version": 0,
          "attributes": {
            "arn": "arn:aws:ec2:ap-southeast-1:851725589148:internet-gateway/igw-0e4735341170f3e9a",
            "id": "igw-0e4735341170f3e9a",
            "owner_id": "851725589148",
            "tags": {
              "Env": "dev",
              "Name": "uit-go-dev-vpc",
              "Owner": "se360-uit-go",
              "Project": "uit-go"
            },
            "tags_all": {
              "Env": "dev",
              "Name": "uit-go-dev-vpc",
              "Owner": "se360-uit-go",
              "Project": "uit-go"
            },
            "timeouts": null,
            "vpc_id": "vpc-0d5369c4050a57dea"
          },
          "sensitive_attributes": [],
          "identity_schema_version": 0,
          "private": "eyJlMmJmYjczMC1lY2FhLTExZTYtOGY4OC0zNDM2M2JjN2M0YzAiOnsiY3JlYXRlIjoxMjAwMDAwMDAwMDAwLCJkZWxldGUiOjEyMDAwMDAwMDAwMDAsInVwZGF0ZSI6MTIwMDAwMDAwMDAwMH19",
          "dependencies": [
            "data.aws_availability_zones.available",
            "module.vpc.aws_vpc.this",
            "module.vpc.aws_vpc_ipv4_cidr_block_association.this"
          ]
        }
      ]
    },
    {
      "module": "module.vpc",
      "mode": "managed",
      "type": "aws_nat_gateway",
      "name": "this",
      "provider": "provider[\"registry.terraform.io/hashicorp/aws\"]",
      "instances": [
        {
          "index_key": 0,
          "schema_version": 0,
          "attributes": {
            "allocation_id": "eipalloc-0d311e349f98c5a70",
            "association_id": "eipassoc-03c5f9c1b38774b8c",
            "connectivity_type": "public",
            "id": "nat-097375c3806f4a9b8",
            "network_interface_id": "eni-04ddd7f953dc9502f",
            "private_ip": "10.20.4.62",
            "public_ip": "47.130.125.108",
            "secondary_allocation_ids": [],
            "secondary_private_ip_address_count": 0,
            "secondary_private_ip_addresses": [],
            "subnet_id": "subnet-038cd4d89ddd8e81f",
            "tags": {
              "Env": "dev",
              "Name": "uit-go-dev-vpc-ap-southeast-1a",
              "Owner": "se360-uit-go",
              "Project": "uit-go"
            },
            "tags_all": {
              "Env": "dev",
              "Name": "uit-go-dev-vpc-ap-southeast-1a",
              "Owner": "se360-uit-go",
              "Project": "uit-go"
            },
            "timeouts": null
          },
          "sensitive_attributes": [],
          "identity_schema_version": 0,
          "private": "eyJlMmJmYjczMC1lY2FhLTExZTYtOGY4OC0zNDM2M2JjN2M0YzAiOnsiY3JlYXRlIjo2MDAwMDAwMDAwMDAsImRlbGV0ZSI6MTgwMDAwMDAwMDAwMCwidXBkYXRlIjo2MDAwMDAwMDAwMDB9fQ==",
          "dependencies": [
            "data.aws_availability_zones.available",
            "module.vpc.aws_eip.nat",
            "module.vpc.aws_internet_gateway.this",
            "module.vpc.aws_subnet.public",
            "module.vpc.aws_vpc.this",
            "module.vpc.aws_vpc_ipv4_cidr_block_association.this"
          ]
        }
      ]
    },
    {
      "module": "module.vpc",
      "mode": "managed",
      "type": "aws_route",
      "name": "private_nat_gateway",
      "provider": "provider[\"registry.terraform.io/hashicorp/aws\"]",
      "instances": [
        {
          "index_key": 0,
          "schema_version": 0,
          "attributes": {
            "carrier_gateway_id": "",
            "core_network_arn": "",
            "destination_cidr_block": "0.0.0.0/0",
            "destination_ipv6_cidr_block": "",
            "destination_prefix_list_id": "",
            "egress_only_gateway_id": "",
            "gateway_id": "",
            "id": "r-rtb-0ac232093d3a168c21080289494",
            "instance_id": "",
            "instance_owner_id": "",
            "local_gateway_id": "",
            "nat_gateway_id": "nat-097375c3806f4a9b8",
            "network_interface_id": "",
            "origin": "CreateRoute",
            "route_table_id": "rtb-0ac232093d3a168c2",
            "state": "active",
            "timeouts": {
              "create": "5m",
              "delete": null,
              "update": null
            },
            "transit_gateway_id": "",
            "vpc_endpoint_id": "",
            "vpc_peering_connection_id": ""
          },
          "sensitive_attributes": [],
          "identity_schema_version": 0,
          "private": "eyJlMmJmYjczMC1lY2FhLTExZTYtOGY4OC0zNDM2M2JjN2M0YzAiOnsiY3JlYXRlIjozMDAwMDAwMDAwMDAsImRlbGV0ZSI6MzAwMDAwMDAwMDAwLCJ1cGRhdGUiOjEyMDAwMDAwMDAwMH19",
          "dependencies": [
            "data.aws_availability_zones.available",
            "module.vpc.aws_eip.nat",
            "module.vpc.aws_internet_gateway.this",
            "module.vpc.aws_nat_gateway.this",
            "module.vpc.aws_route_table.private",
            "module.vpc.aws_subnet.public",
            "module.vpc.aws_vpc.this",
            "module.vpc.aws_vpc_ipv4_cidr_block_association.this"
          ]
        }
      ]
    },
    {
      "module": "module.vpc",
      "mode": "managed",
      "type": "aws_route",
      "name": "public_internet_gateway",
      "provider": "provider[\"registry.terraform.io/hashicorp/aws\"]",
      "instances": [
        {
          "index_key": 0,
          "schema_version": 0,
          "attributes": {
            "carrier_gateway_id": "",
            "core_network_arn": "",
            "destination_cidr_block": "0.0.0.0/0",
            "destination_ipv6_cidr_block": "",
            "destination_prefix_list_id": "",
            "egress_only_gateway_id": "",
            "gateway_id": "igw-0e4735341170f3e9a",
            "id": "r-rtb-013cb5290e293b5001080289494",
            "instance_id": "",
            "instance_owner_id": "",
            "local_gateway_id": "",
            "nat_gateway_id": "",
            "network_interface_id": "",
            "origin": "CreateRoute",
            "route_table_id": "rtb-013cb5290e293b500",
            "state": "active",
            "timeouts": {
              "create": "5m",
              "delete": null,
              "update": null
            },
            "transit_gateway_id": "",
            "vpc_endpoint_id": "",
            "vpc_peering_connection_id": ""
          },
          "sensitive_attributes": [],
          "identity_schema_version": 0,
          "private": "eyJlMmJmYjczMC1lY2FhLTExZTYtOGY4OC0zNDM2M2JjN2M0YzAiOnsiY3JlYXRlIjozMDAwMDAwMDAwMDAsImRlbGV0ZSI6MzAwMDAwMDAwMDAwLCJ1cGRhdGUiOjEyMDAwMDAwMDAwMH19",
          "dependencies": [
            "data.aws_availability_zones.available",
            "module.vpc.aws_internet_gateway.this",
            "module.vpc.aws_route_table.public",
            "module.vpc.aws_vpc.this",
            "module.vpc.aws_vpc_ipv4_cidr_block_association.this"
          ]
        }
      ]
    },
    {
      "module": "module.vpc",
      "mode": "managed",
      "type": "aws_route_table",
      "name": "private",
      "provider": "provider[\"registry.terraform.io/hashicorp/aws\"]",
      "instances": [
        {
          "index_key": 0,
          "schema_version": 0,
          "attributes": {
            "arn": "arn:aws:ec2:ap-southeast-1:851725589148:route-table/rtb-0ac232093d3a168c2",
            "id": "rtb-0ac232093d3a168c2",
            "owner_id": "851725589148",
            "propagating_vgws": [],
            "route": [
              {
                "carrier_gateway_id": "",
                "cidr_block": "0.0.0.0/0",
                "core_network_arn": "",
                "destination_prefix_list_id": "",
                "egress_only_gateway_id": "",
                "gateway_id": "",
                "ipv6_cidr_block": "",
                "local_gateway_id": "",
                "nat_gateway_id": "nat-097375c3806f4a9b8",
                "network_interface_id": "",
                "transit_gateway_id": "",
                "vpc_endpoint_id": "",
                "vpc_peering_connection_id": ""
              }
            ],
            "tags": {
              "Env": "dev",
              "Name": "uit-go-dev-vpc-private",
              "Owner": "se360-uit-go",
              "Project": "uit-go"
            },
            "tags_all": {
              "Env": "dev",
              "Name": "uit-go-dev-vpc-private",
              "Owner": "se360-uit-go",
              "Project": "uit-go"
            },
            "timeouts": null,
            "vpc_id": "vpc-0d5369c4050a57dea"
          },
          "sensitive_attributes": [],
          "identity_schema_version": 0,
          "private": "eyJlMmJmYjczMC1lY2FhLTExZTYtOGY4OC0zNDM2M2JjN2M0YzAiOnsiY3JlYXRlIjozMDAwMDAwMDAwMDAsImRlbGV0ZSI6MzAwMDAwMDAwMDAwLCJ1cGRhdGUiOjEyMDAwMDAwMDAwMH19",
          "dependencies": [
            "data.aws_availability_zones.available",
            "module.vpc.aws_vpc.this",
            "module.vpc.aws_vpc_ipv4_cidr_block_association.this"
          ]
        }
      ]
    },
    {
      "module": "module.vpc",
      "mode": "managed",
      "type": "aws_route_table",
      "name": "public",
      "provider": "provider[\"registry.terraform.io/hashicorp/aws\"]",
      "instances": [
        {
          "index_key": 0,
          "schema_version": 0,
          "attributes": {
            "arn": "arn:aws:ec2:ap-southeast-1:851725589148:route-table/rtb-013cb5290e293b500",
            "id": "rtb-013cb5290e293b500",
            "owner_id": "851725589148",
            "propagating_vgws": [],
            "route": [
              {
                "carrier_gateway_id": "",
                "cidr_block": "0.0.0.0/0",
                "core_network_arn": "",
                "destination_prefix_list_id": "",
                "egress_only_gateway_id": "",
                "gateway_id": "igw-0e4735341170f3e9a",
                "ipv6_cidr_block": "",
                "local_gateway_id": "",
                "nat_gateway_id": "",
                "network_interface_id": "",
                "transit_gateway_id": "",
                "vpc_endpoint_id": "",
                "vpc_peering_connection_id": ""
              }
            ],
            "tags": {
              "Env": "dev",
              "Name": "uit-go-dev-vpc-public",
              "Owner": "se360-uit-go",
              "Project": "uit-go"
            },
            "tags_all": {
              "Env": "dev",
              "Name": "uit-go-dev-vpc-public",
              "Owner": "se360-uit-go",
              "Project": "uit-go"
            },
            "timeouts": null,
            "vpc_id": "vpc-0d5369c4050a57dea"
          },
          "sensitive_attributes": [],
          "identity_schema_version": 0,
          "private": "eyJlMmJmYjczMC1lY2FhLTExZTYtOGY4OC0zNDM2M2JjN2M0YzAiOnsiY3JlYXRlIjozMDAwMDAwMDAwMDAsImRlbGV0ZSI6MzAwMDAwMDAwMDAwLCJ1cGRhdGUiOjEyMDAwMDAwMDAwMH19",
          "dependencies": [
            "data.aws_availability_zones.available",
            "module.vpc.aws_vpc.this",
            "module.vpc.aws_vpc_ipv4_cidr_block_association.this"
          ]
        }
      ]
    },
    {
      "module": "module.vpc",
      "mode": "managed",
      "type": "aws_route_table_association",
      "name": "private",
      "provider": "provider[\"registry.terraform.io/hashicorp/aws\"]",
      "instances": [
        {
          "index_key": 0,
          "schema_version": 0,
          "attributes": {
            "gateway_id": "",
            "id": "rtbassoc-0cb02864f8993f5fd",
            "route_table_id": "rtb-0ac232093d3a168c2",
            "subnet_id": "subnet-0b51e2af10937ad3d",
            "timeouts": null
          },
          "sensitive_attributes": [],
          "identity_schema_version": 0,
          "private": "eyJlMmJmYjczMC1lY2FhLTExZTYtOGY4OC0zNDM2M2JjN2M0YzAiOnsiY3JlYXRlIjozMDAwMDAwMDAwMDAsImRlbGV0ZSI6MzAwMDAwMDAwMDAwLCJ1cGRhdGUiOjEyMDAwMDAwMDAwMH19",
          "dependencies": [
            "data.aws_availability_zones.available",
            "module.vpc.aws_route_table.private",
            "module.vpc.aws_subnet.private",
            "module.vpc.aws_vpc.this",
            "module.vpc.aws_vpc_ipv4_cidr_block_association.this"
          ]
        },
        {
          "index_key": 1,
          "schema_version": 0,
          "attributes": {
            "gateway_id": "",
            "id": "rtbassoc-04bf6e56f608e8690",
            "route_table_id": "rtb-0ac232093d3a168c2",
            "subnet_id": "subnet-04ec9412a3d18a774",
            "timeouts": null
          },
          "sensitive_attributes": [],
          "identity_schema_version": 0,
          "private": "eyJlMmJmYjczMC1lY2FhLTExZTYtOGY4OC0zNDM2M2JjN2M0YzAiOnsiY3JlYXRlIjozMDAwMDAwMDAwMDAsImRlbGV0ZSI6MzAwMDAwMDAwMDAwLCJ1cGRhdGUiOjEyMDAwMDAwMDAwMH19",
          "dependencies": [
            "data.aws_availability_zones.available",
            "module.vpc.aws_route_table.private",
            "module.vpc.aws_subnet.private",
            "module.vpc.aws_vpc.this",
            "module.vpc.aws_vpc_ipv4_cidr_block_association.this"
          ]
        }
      ]
    },
    {
      "module": "module.vpc",
      "mode": "managed",
      "type": "aws_route_table_association",
      "name": "public",
      "provider": "provider[\"registry.terraform.io/hashicorp/aws\"]",
      "instances": [
        {
          "index_key": 0,
          "schema_version": 0,
          "attributes": {
            "gateway_id": "",
            "id": "rtbassoc-0dd40c2b91de4c1d9",
            "route_table_id": "rtb-013cb5290e293b500",
            "subnet_id": "subnet-038cd4d89ddd8e81f",
            "timeouts": null
          },
          "sensitive_attributes": [],
          "identity_schema_version": 0,
          "private": "eyJlMmJmYjczMC1lY2FhLTExZTYtOGY4OC0zNDM2M2JjN2M0YzAiOnsiY3JlYXRlIjozMDAwMDAwMDAwMDAsImRlbGV0ZSI6MzAwMDAwMDAwMDAwLCJ1cGRhdGUiOjEyMDAwMDAwMDAwMH19",
          "dependencies": [
            "data.aws_availability_zones.available",
            "module.vpc.aws_route_table.public",
            "module.vpc.aws_subnet.public",
            "module.vpc.aws_vpc.this",
            "module.vpc.aws_vpc_ipv4_cidr_block_association.this"
          ]
        },
        {
          "index_key": 1,
          "schema_version": 0,
          "attributes": {
            "gateway_id": "",
            "id": "rtbassoc-0b5ef58893edee103",
            "route_table_id": "rtb-013cb5290e293b500",
            "subnet_id": "subnet-028a731185b9bb9ae",
            "timeouts": null
          },
          "sensitive_attributes": [],
          "identity_schema_version": 0,
          "private": "eyJlMmJmYjczMC1lY2FhLTExZTYtOGY4OC0zNDM2M2JjN2M0YzAiOnsiY3JlYXRlIjozMDAwMDAwMDAwMDAsImRlbGV0ZSI6MzAwMDAwMDAwMDAwLCJ1cGRhdGUiOjEyMDAwMDAwMDAwMH19",
          "dependencies": [
            "data.aws_availability_zones.available",
            "module.vpc.aws_route_table.public",
            "module.vpc.aws_subnet.public",
            "module.vpc.aws_vpc.this",
            "module.vpc.aws_vpc_ipv4_cidr_block_association.this"
          ]
        }
      ]
    },
    {
      "module": "module.vpc",
      "mode": "managed",
      "type": "aws_subnet",
      "name": "private",
      "provider": "provider[\"registry.terraform.io/hashicorp/aws\"]",
      "instances": [
        {
          "index_key": 0,
          "schema_version": 1,
          "attributes": {
            "arn": "arn:aws:ec2:ap-southeast-1:851725589148:subnet/subnet-0b51e2af10937ad3d",
            "assign_ipv6_address_on_creation": false,
            "availability_zone": "ap-southeast-1a",
            "availability_zone_id": "apse1-az2",
            "cidr_block": "10.20.128.0/20",
            "customer_owned_ipv4_pool": "",
            "enable_dns64": false,
            "enable_lni_at_device_index": 0,
            "enable_resource_name_dns_a_record_on_launch": false,
            "enable_resource_name_dns_aaaa_record_on_launch": false,
            "id": "subnet-0b51e2af10937ad3d",
            "ipv6_cidr_block": "",
            "ipv6_cidr_block_association_id": "",
            "ipv6_native": false,
            "map_customer_owned_ip_on_launch": false,
            "map_public_ip_on_launch": false,
            "outpost_arn": "",
            "owner_id": "851725589148",
            "private_dns_hostname_type_on_launch": "ip-name",
            "tags": {
              "Env": "dev",
              "Name": "uit-go-dev-vpc-private-ap-southeast-1a",
              "Owner": "se360-uit-go",
              "Project": "uit-go"
            },
            "tags_all": {
              "Env": "dev",
              "Name": "uit-go-dev-vpc-private-ap-southeast-1a",
              "Owner": "se360-uit-go",
              "Project": "uit-go"
            },
            "timeouts": null,
            "vpc_id": "vpc-0d5369c4050a57dea"
          },
          "sensitive_attributes": [],
          "identity_schema_version": 0,
          "private": "eyJlMmJmYjczMC1lY2FhLTExZTYtOGY4OC0zNDM2M2JjN2M0YzAiOnsiY3JlYXRlIjo2MDAwMDAwMDAwMDAsImRlbGV0ZSI6MTIwMDAwMDAwMDAwMH0sInNjaGVtYV92ZXJzaW9uIjoiMSJ9",
          "dependencies": [
            "data.aws_availability_zones.available",
            "module.vpc.aws_vpc.this",
            "module.vpc.aws_vpc_ipv4_cidr_block_association.this"
          ]
        },
        {
          "index_key": 1,
          "schema_version": 1,
          "attributes": {
            "arn": "arn:aws:ec2:ap-southeast-1:851725589148:subnet/subnet-04ec9412a3d18a774",
            "assign_ipv6_address_on_creation": false,
            "availability_zone": "ap-southeast-1b",
            "availability_zone_id": "apse1-az1",
            "cidr_block": "10.20.144.0/20",
            "customer_owned_ipv4_pool": "",
            "enable_dns64": false,
            "enable_lni_at_device_index": 0,
            "enable_resource_name_dns_a_record_on_launch": false,
            "enable_resource_name_dns_aaaa_record_on_launch": false,
            "id": "subnet-04ec9412a3d18a774",
            "ipv6_cidr_block": "",
            "ipv6_cidr_block_association_id": "",
            "ipv6_native": false,
            "map_customer_owned_ip_on_launch": false,
            "map_public_ip_on_launch": false,
            "outpost_arn": "",
            "owner_id": "851725589148",
            "private_dns_hostname_type_on_launch": "ip-name",
            "tags": {
              "Env": "dev",
              "Name": "uit-go-dev-vpc-private-ap-southeast-1b",
              "Owner": "se360-uit-go",
              "Project": "uit-go"
            },
            "tags_all": {
              "Env": "dev",
              "Name": "uit-go-dev-vpc-private-ap-southeast-1b",
              "Owner": "se360-uit-go",
              "Project": "uit-go"
            },
            "timeouts": null,
            "vpc_id": "vpc-0d5369c4050a57dea"
          },
          "sensitive_attributes": [],
          "identity_schema_version": 0,
          "private": "eyJlMmJmYjczMC1lY2FhLTExZTYtOGY4OC0zNDM2M2JjN2M0YzAiOnsiY3JlYXRlIjo2MDAwMDAwMDAwMDAsImRlbGV0ZSI6MTIwMDAwMDAwMDAwMH0sInNjaGVtYV92ZXJzaW9uIjoiMSJ9",
          "dependencies": [
            "data.aws_availability_zones.available",
            "module.vpc.aws_vpc.this",
            "module.vpc.aws_vpc_ipv4_cidr_block_association.this"
          ]
        }
      ]
    },
    {
      "module": "module.vpc",
      "mode": "managed",
      "type": "aws_subnet",
      "name": "public",
      "provider": "provider[\"registry.terraform.io/hashicorp/aws\"]",
      "instances": [
        {
          "index_key": 0,
          "schema_version": 1,
          "attributes": {
            "arn": "arn:aws:ec2:ap-southeast-1:851725589148:subnet/subnet-038cd4d89ddd8e81f",
            "assign_ipv6_address_on_creation": false,
            "availability_zone": "ap-southeast-1a",
            "availability_zone_id": "apse1-az2",
            "cidr_block": "10.20.0.0/20",
            "customer_owned_ipv4_pool": "",
            "enable_dns64": false,
            "enable_lni_at_device_index": 0,
            "enable_resource_name_dns_a_record_on_launch": false,
            "enable_resource_name_dns_aaaa_record_on_launch": false,
            "id": "subnet-038cd4d89ddd8e81f",
            "ipv6_cidr_block": "",
            "ipv6_cidr_block_association_id": "",
            "ipv6_native": false,
            "map_customer_owned_ip_on_launch": false,
            "map_public_ip_on_launch": false,
            "outpost_arn": "",
            "owner_id": "851725589148",
            "private_dns_hostname_type_on_launch": "ip-name",
            "tags": {
              "Env": "dev",
              "Name": "uit-go-dev-vpc-public-ap-southeast-1a",
              "Owner": "se360-uit-go",
              "Project": "uit-go"
            },
            "tags_all": {
              "Env": "dev",
              "Name": "uit-go-dev-vpc-public-ap-southeast-1a",
              "Owner": "se360-uit-go",
              "Project": "uit-go"
            },
            "timeouts": null,
            "vpc_id": "vpc-0d5369c4050a57dea"
          },
          "sensitive_attributes": [],
          "identity_schema_version": 0,
          "private": "eyJlMmJmYjczMC1lY2FhLTExZTYtOGY4OC0zNDM2M2JjN2M0YzAiOnsiY3JlYXRlIjo2MDAwMDAwMDAwMDAsImRlbGV0ZSI6MTIwMDAwMDAwMDAwMH0sInNjaGVtYV92ZXJzaW9uIjoiMSJ9",
          "dependencies": [
            "data.aws_availability_zones.available",
            "module.vpc.aws_vpc.this",
            "module.vpc.aws_vpc_ipv4_cidr_block_association.this"
          ]
        },
        {
          "index_key": 1,
          "schema_version": 1,
          "attributes": {
            "arn": "arn:aws:ec2:ap-southeast-1:851725589148:subnet/subnet-028a731185b9bb9ae",
            "assign_ipv6_address_on_creation": false,
            "availability_zone": "ap-southeast-1b",
            "availability_zone_id": "apse1-az1",
            "cidr_block": "10.20.16.0/20",
            "customer_owned_ipv4_pool": "",
            "enable_dns64": false,
            "enable_lni_at_device_index": 0,
            "enable_resource_name_dns_a_record_on_launch": false,
            "enable_resource_name_dns_aaaa_record_on_launch": false,
            "id": "subnet-028a731185b9bb9ae",
            "ipv6_cidr_block": "",
            "ipv6_cidr_block_association_id": "",
            "ipv6_native": false,
            "map_customer_owned_ip_on_launch": false,
            "map_public_ip_on_launch": false,
            "outpost_arn": "",
            "owner_id": "851725589148",
            "private_dns_hostname_type_on_launch": "ip-name",
            "tags": {
              "Env": "dev",
              "Name": "uit-go-dev-vpc-public-ap-southeast-1b",
              "Owner": "se360-uit-go",
              "Project": "uit-go"
            },
            "tags_all": {
              "Env": "dev",
              "Name": "uit-go-dev-vpc-public-ap-southeast-1b",
              "Owner": "se360-uit-go",
              "Project": "uit-go"
            },
            "timeouts": null,
            "vpc_id": "vpc-0d5369c4050a57dea"
          },
          "sensitive_attributes": [],
          "identity_schema_version": 0,
          "private": "eyJlMmJmYjczMC1lY2FhLTExZTYtOGY4OC0zNDM2M2JjN2M0YzAiOnsiY3JlYXRlIjo2MDAwMDAwMDAwMDAsImRlbGV0ZSI6MTIwMDAwMDAwMDAwMH0sInNjaGVtYV92ZXJzaW9uIjoiMSJ9",
          "dependencies": [
            "data.aws_availability_zones.available",
            "module.vpc.aws_vpc.this",
            "module.vpc.aws_vpc_ipv4_cidr_block_association.this"
          ]
        }
      ]
    },
    {
      "module": "module.vpc",
      "mode": "managed",
      "type": "aws_vpc",
      "name": "this",
      "provider": "provider[\"registry.terraform.io/hashicorp/aws\"]",
      "instances": [
        {
          "index_key": 0,
          "schema_version": 1,
          "attributes": {
            "arn": "arn:aws:ec2:ap-southeast-1:851725589148:vpc/vpc-0d5369c4050a57dea",
            "assign_generated_ipv6_cidr_block": false,
            "cidr_block": "10.20.0.0/16",
            "default_network_acl_id": "acl-0b26545a94aa78dad",
            "default_route_table_id": "rtb-073300a3787940f58",
            "default_security_group_id": "sg-0dafaccd759476b76",
            "dhcp_options_id": "dopt-01808d4b7f4128f1b",
            "enable_dns_hostnames": true,
            "enable_dns_support": true,
            "enable_network_address_usage_metrics": false,
            "id": "vpc-0d5369c4050a57dea",
            "instance_tenancy": "default",
            "ipv4_ipam_pool_id": null,
            "ipv4_netmask_length": null,
            "ipv6_association_id": "",
            "ipv6_cidr_block": "",
            "ipv6_cidr_block_network_border_group": "",
            "ipv6_ipam_pool_id": "",
            "ipv6_netmask_length": 0,
            "main_route_table_id": "rtb-073300a3787940f58",
            "owner_id": "851725589148",
            "tags": {
              "Env": "dev",
              "Name": "uit-go-dev-vpc",
              "Owner": "se360-uit-go",
              "Project": "uit-go"
            },
            "tags_all": {
              "Env": "dev",
              "Name": "uit-go-dev-vpc",
              "Owner": "se360-uit-go",
              "Project": "uit-go"
            }
          },
          "sensitive_attributes": [],
          "identity_schema_version": 0,
          "private": "eyJzY2hlbWFfdmVyc2lvbiI6IjEifQ==",
          "create_before_destroy": true
        }
      ]
    }
  ],
  "check_results": null
}
